
Microsoft Visual Studio Solution File, Format Version 12.00
# Visual Studio 15
VisualStudioVersion = 15.0.28307.102
MinimumVisualStudioVersion = 10.0.40219.1
Project("{FAE04EC0-301F-11D3-BF4B-00C04F79EFBC}") = "HalloXForms.Android", "HalloXForms\HalloXForms.Android\HalloXForms.Android.csproj", "{6B6A090F-28E4-40EE-836C-24B5D7ADEEFC}"
EndProject
Project("{FAE04EC0-301F-11D3-BF4B-00C04F79EFBC}") = "HalloXForms.iOS", "HalloXForms\HalloXForms.iOS\HalloXForms.iOS.csproj", "{75325E67-3F84-4B65-B504-023DFEE2CBC9}"
EndProject
Project("{FAE04EC0-301F-11D3-BF4B-00C04F79EFBC}") = "HalloXForms.UWP", "HalloXForms\HalloXForms.UWP\HalloXForms.UWP.csproj", "{64F94AA4-505F-4228-A23C-ECA6B7C7D120}"
EndProject
Project("{9A19103F-16F7-4668-BE54-9A1E7A4F7556}") = "HalloXForms", "HalloXForms\HalloXForms\HalloXForms.csproj", "{D0112AF3-7BEF-400D-8E8B-C3A7758EAD63}"
EndProject
Project("{FAE04EC0-301F-11D3-BF4B-00C04F79EFBC}") = "AsynchronesProgrammierenMitDerTPL", "AsynchronesProgrammierenMitDerTPL\AsynchronesProgrammierenMitDerTPL.csproj", "{D3A2E145-2185-4FD8-8819-9713B79AF516}"
EndProject
Global
	GlobalSection(SolutionConfigurationPlatforms) = preSolution
		Ad-Hoc|Any CPU = Ad-Hoc|Any CPU
		Ad-Hoc|ARM = Ad-Hoc|ARM
		Ad-Hoc|iPhone = Ad-Hoc|iPhone
		Ad-Hoc|iPhoneSimulator = Ad-Hoc|iPhoneSimulator
		Ad-Hoc|x64 = Ad-Hoc|x64
		Ad-Hoc|x86 = Ad-Hoc|x86
		AppStore|Any CPU = AppStore|Any CPU
		AppStore|ARM = AppStore|ARM
		AppStore|iPhone = AppStore|iPhone
		AppStore|iPhoneSimulator = AppStore|iPhoneSimulator
		AppStore|x64 = AppStore|x64
		AppStore|x86 = AppStore|x86
		Debug|Any CPU = Debug|Any CPU
		Debug|ARM = Debug|ARM
		Debug|iPhone = Debug|iPhone
		Debug|iPhoneSimulator = Debug|iPhoneSimulator
		Debug|x64 = Debug|x64
		Debug|x86 = Debug|x86
		Release|Any CPU = Release|Any CPU
		Release|ARM = Release|ARM
		Release|iPhone = Release|iPhone
		Release|iPhoneSimulator = Release|iPhoneSimulator
		Release|x64 = Release|x64
		Release|x86 = Release|x86
	EndGlobalSection
	GlobalSection(ProjectConfigurationPlatforms) = postSolution
		{6B6A090F-28E4-40EE-836C-24B5D7ADEEFC}.Ad-Hoc|Any CPU.ActiveCfg = Release|Any CPU
		{6B6A090F-28E4-40EE-836C-24B5D7ADEEFC}.Ad-Hoc|Any CPU.Build.0 = Release|Any CPU
		{6B6A090F-28E4-40EE-836C-24B5D7ADEEFC}.Ad-Hoc|Any CPU.Deploy.0 = Release|Any CPU
		{6B6A090F-28E4-40EE-836C-24B5D7ADEEFC}.Ad-Hoc|ARM.ActiveCfg = Release|Any CPU
		{6B6A090F-28E4-40EE-836C-24B5D7ADEEFC}.Ad-Hoc|ARM.Build.0 = Release|Any CPU
		{6B6A090F-28E4-40EE-836C-24B5D7ADEEFC}.Ad-Hoc|ARM.Deploy.0 = Release|Any CPU
		{6B6A090F-28E4-40EE-836C-24B5D7ADEEFC}.Ad-Hoc|iPhone.ActiveCfg = Release|Any CPU
		{6B6A090F-28E4-40EE-836C-24B5D7ADEEFC}.Ad-Hoc|iPhone.Build.0 = Release|Any CPU
		{6B6A090F-28E4-40EE-836C-24B5D7ADEEFC}.Ad-Hoc|iPhone.Deploy.0 = Release|Any CPU
		{6B6A090F-28E4-40EE-836C-24B5D7ADEEFC}.Ad-Hoc|iPhoneSimulator.ActiveCfg = Release|Any CPU
		{6B6A090F-28E4-40EE-836C-24B5D7ADEEFC}.Ad-Hoc|iPhoneSimulator.Build.0 = Release|Any CPU
		{6B6A090F-28E4-40EE-836C-24B5D7ADEEFC}.Ad-Hoc|iPhoneSimulator.Deploy.0 = Release|Any CPU
		{6B6A090F-28E4-40EE-836C-24B5D7ADEEFC}.Ad-Hoc|x64.ActiveCfg = Release|Any CPU
		{6B6A090F-28E4-40EE-836C-24B5D7ADEEFC}.Ad-Hoc|x64.Build.0 = Release|Any CPU
		{6B6A090F-28E4-40EE-836C-24B5D7ADEEFC}.Ad-Hoc|x64.Deploy.0 = Release|Any CPU
		{6B6A090F-28E4-40EE-836C-24B5D7ADEEFC}.Ad-Hoc|x86.ActiveCfg = Release|Any CPU
		{6B6A090F-28E4-40EE-836C-24B5D7ADEEFC}.Ad-Hoc|x86.Build.0 = Release|Any CPU
		{6B6A090F-28E4-40EE-836C-24B5D7ADEEFC}.Ad-Hoc|x86.Deploy.0 = Release|Any CPU
		{6B6A090F-28E4-40EE-836C-24B5D7ADEEFC}.AppStore|Any CPU.ActiveCfg = Release|Any CPU
		{6B6A090F-28E4-40EE-836C-24B5D7ADEEFC}.AppStore|Any CPU.Build.0 = Release|Any CPU
		{6B6A090F-28E4-40EE-836C-24B5D7ADEEFC}.AppStore|Any CPU.Deploy.0 = Release|Any CPU
		{6B6A090F-28E4-40EE-836C-24B5D7ADEEFC}.AppStore|ARM.ActiveCfg = Release|Any CPU
		{6B6A090F-28E4-40EE-836C-24B5D7ADEEFC}.AppStore|ARM.Build.0 = Release|Any CPU
		{6B6A090F-28E4-40EE-836C-24B5D7ADEEFC}.AppStore|ARM.Deploy.0 = Release|Any CPU
		{6B6A090F-28E4-40EE-836C-24B5D7ADEEFC}.AppStore|iPhone.ActiveCfg = Release|Any CPU
		{6B6A090F-28E4-40EE-836C-24B5D7ADEEFC}.AppStore|iPhone.Build.0 = Release|Any CPU
		{6B6A090F-28E4-40EE-836C-24B5D7ADEEFC}.AppStore|iPhone.Deploy.0 = Release|Any CPU
		{6B6A090F-28E4-40EE-836C-24B5D7ADEEFC}.AppStore|iPhoneSimulator.ActiveCfg = Release|Any CPU
		{6B6A090F-28E4-40EE-836C-24B5D7ADEEFC}.AppStore|iPhoneSimulator.Build.0 = Release|Any CPU
		{6B6A090F-28E4-40EE-836C-24B5D7ADEEFC}.AppStore|iPhoneSimulator.Deploy.0 = Release|Any CPU
		{6B6A090F-28E4-40EE-836C-24B5D7ADEEFC}.AppStore|x64.ActiveCfg = Release|Any CPU
		{6B6A090F-28E4-40EE-836C-24B5D7ADEEFC}.AppStore|x64.Build.0 = Release|Any CPU
		{6B6A090F-28E4-40EE-836C-24B5D7ADEEFC}.AppStore|x64.Deploy.0 = Release|Any CPU
		{6B6A090F-28E4-40EE-836C-24B5D7ADEEFC}.AppStore|x86.ActiveCfg = Release|Any CPU
		{6B6A090F-28E4-40EE-836C-24B5D7ADEEFC}.AppStore|x86.Build.0 = Release|Any CPU
		{6B6A090F-28E4-40EE-836C-24B5D7ADEEFC}.AppStore|x86.Deploy.0 = Release|Any CPU
		{6B6A090F-28E4-40EE-836C-24B5D7ADEEFC}.Debug|Any CPU.ActiveCfg = Debug|Any CPU
		{6B6A090F-28E4-40EE-836C-24B5D7ADEEFC}.Debug|Any CPU.Build.0 = Debug|Any CPU
		{6B6A090F-28E4-40EE-836C-24B5D7ADEEFC}.Debug|Any CPU.Deploy.0 = Debug|Any CPU
		{6B6A090F-28E4-40EE-836C-24B5D7ADEEFC}.Debug|ARM.ActiveCfg = Debug|Any CPU
		{6B6A090F-28E4-40EE-836C-24B5D7ADEEFC}.Debug|ARM.Build.0 = Debug|Any CPU
		{6B6A090F-28E4-40EE-836C-24B5D7ADEEFC}.Debug|ARM.Deploy.0 = Debug|Any CPU
		{6B6A090F-28E4-40EE-836C-24B5D7ADEEFC}.Debug|iPhone.ActiveCfg = Debug|Any CPU
		{6B6A090F-28E4-40EE-836C-24B5D7ADEEFC}.Debug|iPhone.Build.0 = Debug|Any CPU
		{6B6A090F-28E4-40EE-836C-24B5D7ADEEFC}.Debug|iPhone.Deploy.0 = Debug|Any CPU
		{6B6A090F-28E4-40EE-836C-24B5D7ADEEFC}.Debug|iPhoneSimulator.ActiveCfg = Debug|Any CPU
		{6B6A090F-28E4-40EE-836C-24B5D7ADEEFC}.Debug|iPhoneSimulator.Build.0 = Debug|Any CPU
		{6B6A090F-28E4-40EE-836C-24B5D7ADEEFC}.Debug|iPhoneSimulator.Deploy.0 = Debug|Any CPU
		{6B6A090F-28E4-40EE-836C-24B5D7ADEEFC}.Debug|x64.ActiveCfg = Debug|Any CPU
		{6B6A090F-28E4-40EE-836C-24B5D7ADEEFC}.Debug|x64.Build.0 = Debug|Any CPU
		{6B6A090F-28E4-40EE-836C-24B5D7ADEEFC}.Debug|x64.Deploy.0 = Debug|Any CPU
		{6B6A090F-28E4-40EE-836C-24B5D7ADEEFC}.Debug|x86.ActiveCfg = Debug|Any CPU
		{6B6A090F-28E4-40EE-836C-24B5D7ADEEFC}.Debug|x86.Build.0 = Debug|Any CPU
		{6B6A090F-28E4-40EE-836C-24B5D7ADEEFC}.Debug|x86.Deploy.0 = Debug|Any CPU
		{6B6A090F-28E4-40EE-836C-24B5D7ADEEFC}.Release|Any CPU.ActiveCfg = Release|Any CPU
		{6B6A090F-28E4-40EE-836C-24B5D7ADEEFC}.Release|Any CPU.Build.0 = Release|Any CPU
		{6B6A090F-28E4-40EE-836C-24B5D7ADEEFC}.Release|Any CPU.Deploy.0 = Release|Any CPU
		{6B6A090F-28E4-40EE-836C-24B5D7ADEEFC}.Release|ARM.ActiveCfg = Release|Any CPU
		{6B6A090F-28E4-40EE-836C-24B5D7ADEEFC}.Release|ARM.Build.0 = Release|Any CPU
		{6B6A090F-28E4-40EE-836C-24B5D7ADEEFC}.Release|ARM.Deploy.0 = Release|Any CPU
		{6B6A090F-28E4-40EE-836C-24B5D7ADEEFC}.Release|iPhone.ActiveCfg = Release|Any CPU
		{6B6A090F-28E4-40EE-836C-24B5D7ADEEFC}.Release|iPhone.Build.0 = Release|Any CPU
		{6B6A090F-28E4-40EE-836C-24B5D7ADEEFC}.Release|iPhone.Deploy.0 = Release|Any CPU
		{6B6A090F-28E4-40EE-836C-24B5D7ADEEFC}.Release|iPhoneSimulator.ActiveCfg = Release|Any CPU
		{6B6A090F-28E4-40EE-836C-24B5D7ADEEFC}.Release|iPhoneSimulator.Build.0 = Release|Any CPU
		{6B6A090F-28E4-40EE-836C-24B5D7ADEEFC}.Release|iPhoneSimulator.Deploy.0 = Release|Any CPU
		{6B6A090F-28E4-40EE-836C-24B5D7ADEEFC}.Release|x64.ActiveCfg = Release|Any CPU
		{6B6A090F-28E4-40EE-836C-24B5D7ADEEFC}.Release|x64.Build.0 = Release|Any CPU
		{6B6A090F-28E4-40EE-836C-24B5D7ADEEFC}.Release|x64.Deploy.0 = Release|Any CPU
		{6B6A090F-28E4-40EE-836C-24B5D7ADEEFC}.Release|x86.ActiveCfg = Release|Any CPU
		{6B6A090F-28E4-40EE-836C-24B5D7ADEEFC}.Release|x86.Build.0 = Release|Any CPU
		{6B6A090F-28E4-40EE-836C-24B5D7ADEEFC}.Release|x86.Deploy.0 = Release|Any CPU
		{75325E67-3F84-4B65-B504-023DFEE2CBC9}.Ad-Hoc|Any CPU.ActiveCfg = Ad-Hoc|iPhone
		{75325E67-3F84-4B65-B504-023DFEE2CBC9}.Ad-Hoc|ARM.ActiveCfg = Ad-Hoc|iPhone
		{75325E67-3F84-4B65-B504-023DFEE2CBC9}.Ad-Hoc|iPhone.ActiveCfg = Ad-Hoc|iPhone
		{75325E67-3F84-4B65-B504-023DFEE2CBC9}.Ad-Hoc|iPhone.Build.0 = Ad-Hoc|iPhone
		{75325E67-3F84-4B65-B504-023DFEE2CBC9}.Ad-Hoc|iPhoneSimulator.ActiveCfg = Ad-Hoc|iPhoneSimulator
		{75325E67-3F84-4B65-B504-023DFEE2CBC9}.Ad-Hoc|iPhoneSimulator.Build.0 = Ad-Hoc|iPhoneSimulator
		{75325E67-3F84-4B65-B504-023DFEE2CBC9}.Ad-Hoc|x64.ActiveCfg = Ad-Hoc|iPhone
		{75325E67-3F84-4B65-B504-023DFEE2CBC9}.Ad-Hoc|x86.ActiveCfg = Ad-Hoc|iPhone
		{75325E67-3F84-4B65-B504-023DFEE2CBC9}.AppStore|Any CPU.ActiveCfg = AppStore|iPhone
		{75325E67-3F84-4B65-B504-023DFEE2CBC9}.AppStore|ARM.ActiveCfg = AppStore|iPhone
		{75325E67-3F84-4B65-B504-023DFEE2CBC9}.AppStore|iPhone.ActiveCfg = AppStore|iPhone
		{75325E67-3F84-4B65-B504-023DFEE2CBC9}.AppStore|iPhone.Build.0 = AppStore|iPhone
		{75325E67-3F84-4B65-B504-023DFEE2CBC9}.AppStore|iPhoneSimulator.ActiveCfg = AppStore|iPhoneSimulator
		{75325E67-3F84-4B65-B504-023DFEE2CBC9}.AppStore|iPhoneSimulator.Build.0 = AppStore|iPhoneSimulator
		{75325E67-3F84-4B65-B504-023DFEE2CBC9}.AppStore|x64.ActiveCfg = AppStore|iPhone
		{75325E67-3F84-4B65-B504-023DFEE2CBC9}.AppStore|x86.ActiveCfg = AppStore|iPhone
		{75325E67-3F84-4B65-B504-023DFEE2CBC9}.Debug|Any CPU.ActiveCfg = Debug|iPhone
		{75325E67-3F84-4B65-B504-023DFEE2CBC9}.Debug|ARM.ActiveCfg = Debug|iPhone
		{75325E67-3F84-4B65-B504-023DFEE2CBC9}.Debug|iPhone.ActiveCfg = Debug|iPhone
		{75325E67-3F84-4B65-B504-023DFEE2CBC9}.Debug|iPhone.Build.0 = Debug|iPhone
		{75325E67-3F84-4B65-B504-023DFEE2CBC9}.Debug|iPhoneSimulator.ActiveCfg = Debug|iPhoneSimulator
		{75325E67-3F84-4B65-B504-023DFEE2CBC9}.Debug|iPhoneSimulator.Build.0 = Debug|iPhoneSimulator
		{75325E67-3F84-4B65-B504-023DFEE2CBC9}.Debug|x64.ActiveCfg = Debug|iPhone
		{75325E67-3F84-4B65-B504-023DFEE2CBC9}.Debug|x86.ActiveCfg = Debug|iPhone
		{75325E67-3F84-4B65-B504-023DFEE2CBC9}.Release|Any CPU.ActiveCfg = Release|iPhone
		{75325E67-3F84-4B65-B504-023DFEE2CBC9}.Release|ARM.ActiveCfg = Release|iPhone
		{75325E67-3F84-4B65-B504-023DFEE2CBC9}.Release|iPhone.ActiveCfg = Release|iPhone
		{75325E67-3F84-4B65-B504-023DFEE2CBC9}.Release|iPhone.Build.0 = Release|iPhone
		{75325E67-3F84-4B65-B504-023DFEE2CBC9}.Release|iPhoneSimulator.ActiveCfg = Release|iPhoneSimulator
		{75325E67-3F84-4B65-B504-023DFEE2CBC9}.Release|iPhoneSimulator.Build.0 = Release|iPhoneSimulator
		{75325E67-3F84-4B65-B504-023DFEE2CBC9}.Release|x64.ActiveCfg = Release|iPhone
		{75325E67-3F84-4B65-B504-023DFEE2CBC9}.Release|x86.ActiveCfg = Release|iPhone
		{64F94AA4-505F-4228-A23C-ECA6B7C7D120}.Ad-Hoc|Any CPU.ActiveCfg = Release|x86
		{64F94AA4-505F-4228-A23C-ECA6B7C7D120}.Ad-Hoc|Any CPU.Build.0 = Release|x86
		{64F94AA4-505F-4228-A23C-ECA6B7C7D120}.Ad-Hoc|Any CPU.Deploy.0 = Release|x86
		{64F94AA4-505F-4228-A23C-ECA6B7C7D120}.Ad-Hoc|ARM.ActiveCfg = Release|ARM
		{64F94AA4-505F-4228-A23C-ECA6B7C7D120}.Ad-Hoc|ARM.Build.0 = Release|ARM
		{64F94AA4-505F-4228-A23C-ECA6B7C7D120}.Ad-Hoc|ARM.Deploy.0 = Release|ARM
		{64F94AA4-505F-4228-A23C-ECA6B7C7D120}.Ad-Hoc|iPhone.ActiveCfg = Release|x86
		{64F94AA4-505F-4228-A23C-ECA6B7C7D120}.Ad-Hoc|iPhone.Build.0 = Release|x86
		{64F94AA4-505F-4228-A23C-ECA6B7C7D120}.Ad-Hoc|iPhone.Deploy.0 = Release|x86
		{64F94AA4-505F-4228-A23C-ECA6B7C7D120}.Ad-Hoc|iPhoneSimulator.ActiveCfg = Release|x86
		{64F94AA4-505F-4228-A23C-ECA6B7C7D120}.Ad-Hoc|iPhoneSimulator.Build.0 = Release|x86
		{64F94AA4-505F-4228-A23C-ECA6B7C7D120}.Ad-Hoc|iPhoneSimulator.Deploy.0 = Release|x86
		{64F94AA4-505F-4228-A23C-ECA6B7C7D120}.Ad-Hoc|x64.ActiveCfg = Release|x64
		{64F94AA4-505F-4228-A23C-ECA6B7C7D120}.Ad-Hoc|x64.Build.0 = Release|x64
		{64F94AA4-505F-4228-A23C-ECA6B7C7D120}.Ad-Hoc|x64.Deploy.0 = Release|x64
		{64F94AA4-505F-4228-A23C-ECA6B7C7D120}.Ad-Hoc|x86.ActiveCfg = Release|x86
		{64F94AA4-505F-4228-A23C-ECA6B7C7D120}.Ad-Hoc|x86.Build.0 = Release|x86
		{64F94AA4-505F-4228-A23C-ECA6B7C7D120}.Ad-Hoc|x86.Deploy.0 = Release|x86
		{64F94AA4-505F-4228-A23C-ECA6B7C7D120}.AppStore|Any CPU.ActiveCfg = Release|x86
		{64F94AA4-505F-4228-A23C-ECA6B7C7D120}.AppStore|Any CPU.Build.0 = Release|x86
		{64F94AA4-505F-4228-A23C-ECA6B7C7D120}.AppStore|Any CPU.Deploy.0 = Release|x86
		{64F94AA4-505F-4228-A23C-ECA6B7C7D120}.AppStore|ARM.ActiveCfg = Release|ARM
		{64F94AA4-505F-4228-A23C-ECA6B7C7D120}.AppStore|ARM.Build.0 = Release|ARM
		{64F94AA4-505F-4228-A23C-ECA6B7C7D120}.AppStore|ARM.Deploy.0 = Release|ARM
		{64F94AA4-505F-4228-A23C-ECA6B7C7D120}.AppStore|iPhone.ActiveCfg = Release|x86
		{64F94AA4-505F-4228-A23C-ECA6B7C7D120}.AppStore|iPhone.Build.0 = Release|x86
		{64F94AA4-505F-4228-A23C-ECA6B7C7D120}.AppStore|iPhone.Deploy.0 = Release|x86
		{64F94AA4-505F-4228-A23C-ECA6B7C7D120}.AppStore|iPhoneSimulator.ActiveCfg = Release|x86
		{64F94AA4-505F-4228-A23C-ECA6B7C7D120}.AppStore|iPhoneSimulator.Build.0 = Release|x86
		{64F94AA4-505F-4228-A23C-ECA6B7C7D120}.AppStore|iPhoneSimulator.Deploy.0 = Release|x86
		{64F94AA4-505F-4228-A23C-ECA6B7C7D120}.AppStore|x64.ActiveCfg = Release|x64
		{64F94AA4-505F-4228-A23C-ECA6B7C7D120}.AppStore|x64.Build.0 = Release|x64
		{64F94AA4-505F-4228-A23C-ECA6B7C7D120}.AppStore|x64.Deploy.0 = Release|x64
		{64F94AA4-505F-4228-A23C-ECA6B7C7D120}.AppStore|x86.ActiveCfg = Release|x86
		{64F94AA4-505F-4228-A23C-ECA6B7C7D120}.AppStore|x86.Build.0 = Release|x86
		{64F94AA4-505F-4228-A23C-ECA6B7C7D120}.AppStore|x86.Deploy.0 = Release|x86
		{64F94AA4-505F-4228-A23C-ECA6B7C7D120}.Debug|Any CPU.ActiveCfg = Debug|x86
		{64F94AA4-505F-4228-A23C-ECA6B7C7D120}.Debug|ARM.ActiveCfg = Debug|ARM
		{64F94AA4-505F-4228-A23C-ECA6B7C7D120}.Debug|ARM.Build.0 = Debug|ARM
		{64F94AA4-505F-4228-A23C-ECA6B7C7D120}.Debug|ARM.Deploy.0 = Debug|ARM
		{64F94AA4-505F-4228-A23C-ECA6B7C7D120}.Debug|iPhone.ActiveCfg = Debug|x86
		{64F94AA4-505F-4228-A23C-ECA6B7C7D120}.Debug|iPhoneSimulator.ActiveCfg = Debug|x86
		{64F94AA4-505F-4228-A23C-ECA6B7C7D120}.Debug|x64.ActiveCfg = Debug|x64
		{64F94AA4-505F-4228-A23C-ECA6B7C7D120}.Debug|x64.Build.0 = Debug|x64
		{64F94AA4-505F-4228-A23C-ECA6B7C7D120}.Debug|x64.Deploy.0 = Debug|x64
		{64F94AA4-505F-4228-A23C-ECA6B7C7D120}.Debug|x86.ActiveCfg = Debug|x86
		{64F94AA4-505F-4228-A23C-ECA6B7C7D120}.Debug|x86.Build.0 = Debug|x86
		{64F94AA4-505F-4228-A23C-ECA6B7C7D120}.Debug|x86.Deploy.0 = Debug|x86
		{64F94AA4-505F-4228-A23C-ECA6B7C7D120}.Release|Any CPU.ActiveCfg = Release|x86
		{64F94AA4-505F-4228-A23C-ECA6B7C7D120}.Release|ARM.ActiveCfg = Release|ARM
		{64F94AA4-505F-4228-A23C-ECA6B7C7D120}.Release|ARM.Build.0 = Release|ARM
		{64F94AA4-505F-4228-A23C-ECA6B7C7D120}.Release|ARM.Deploy.0 = Release|ARM
		{64F94AA4-505F-4228-A23C-ECA6B7C7D120}.Release|iPhone.ActiveCfg = Release|x86
		{64F94AA4-505F-4228-A23C-ECA6B7C7D120}.Release|iPhoneSimulator.ActiveCfg = Release|x86
		{64F94AA4-505F-4228-A23C-ECA6B7C7D120}.Release|x64.ActiveCfg = Release|x64
		{64F94AA4-505F-4228-A23C-ECA6B7C7D120}.Release|x64.Build.0 = Release|x64
		{64F94AA4-505F-4228-A23C-ECA6B7C7D120}.Release|x64.Deploy.0 = Release|x64
		{64F94AA4-505F-4228-A23C-ECA6B7C7D120}.Release|x86.ActiveCfg = Release|x86
		{64F94AA4-505F-4228-A23C-ECA6B7C7D120}.Release|x86.Build.0 = Release|x86
		{64F94AA4-505F-4228-A23C-ECA6B7C7D120}.Release|x86.Deploy.0 = Release|x86
		{D0112AF3-7BEF-400D-8E8B-C3A7758EAD63}.Ad-Hoc|Any CPU.ActiveCfg = Debug|Any CPU
		{D0112AF3-7BEF-400D-8E8B-C3A7758EAD63}.Ad-Hoc|Any CPU.Build.0 = Debug|Any CPU
		{D0112AF3-7BEF-400D-8E8B-C3A7758EAD63}.Ad-Hoc|ARM.ActiveCfg = Debug|Any CPU
		{D0112AF3-7BEF-400D-8E8B-C3A7758EAD63}.Ad-Hoc|ARM.Build.0 = Debug|Any CPU
		{D0112AF3-7BEF-400D-8E8B-C3A7758EAD63}.Ad-Hoc|iPhone.ActiveCfg = Debug|Any CPU
		{D0112AF3-7BEF-400D-8E8B-C3A7758EAD63}.Ad-Hoc|iPhone.Build.0 = Debug|Any CPU
		{D0112AF3-7BEF-400D-8E8B-C3A7758EAD63}.Ad-Hoc|iPhoneSimulator.ActiveCfg = Debug|Any CPU
		{D0112AF3-7BEF-400D-8E8B-C3A7758EAD63}.Ad-Hoc|iPhoneSimulator.Build.0 = Debug|Any CPU
		{D0112AF3-7BEF-400D-8E8B-C3A7758EAD63}.Ad-Hoc|x64.ActiveCfg = Debug|Any CPU
		{D0112AF3-7BEF-400D-8E8B-C3A7758EAD63}.Ad-Hoc|x64.Build.0 = Debug|Any CPU
		{D0112AF3-7BEF-400D-8E8B-C3A7758EAD63}.Ad-Hoc|x86.ActiveCfg = Debug|Any CPU
		{D0112AF3-7BEF-400D-8E8B-C3A7758EAD63}.Ad-Hoc|x86.Build.0 = Debug|Any CPU
		{D0112AF3-7BEF-400D-8E8B-C3A7758EAD63}.AppStore|Any CPU.ActiveCfg = Debug|Any CPU
		{D0112AF3-7BEF-400D-8E8B-C3A7758EAD63}.AppStore|Any CPU.Build.0 = Debug|Any CPU
		{D0112AF3-7BEF-400D-8E8B-C3A7758EAD63}.AppStore|ARM.ActiveCfg = Debug|Any CPU
		{D0112AF3-7BEF-400D-8E8B-C3A7758EAD63}.AppStore|ARM.Build.0 = Debug|Any CPU
		{D0112AF3-7BEF-400D-8E8B-C3A7758EAD63}.AppStore|iPhone.ActiveCfg = Debug|Any CPU
		{D0112AF3-7BEF-400D-8E8B-C3A7758EAD63}.AppStore|iPhone.Build.0 = Debug|Any CPU
		{D0112AF3-7BEF-400D-8E8B-C3A7758EAD63}.AppStore|iPhoneSimulator.ActiveCfg = Debug|Any CPU
		{D0112AF3-7BEF-400D-8E8B-C3A7758EAD63}.AppStore|iPhoneSimulator.Build.0 = Debug|Any CPU
		{D0112AF3-7BEF-400D-8E8B-C3A7758EAD63}.AppStore|x64.ActiveCfg = Debug|Any CPU
		{D0112AF3-7BEF-400D-8E8B-C3A7758EAD63}.AppStore|x64.Build.0 = Debug|Any CPU
		{D0112AF3-7BEF-400D-8E8B-C3A7758EAD63}.AppStore|x86.ActiveCfg = Debug|Any CPU
		{D0112AF3-7BEF-400D-8E8B-C3A7758EAD63}.AppStore|x86.Build.0 = Debug|Any CPU
		{D0112AF3-7BEF-400D-8E8B-C3A7758EAD63}.Debug|Any CPU.ActiveCfg = Debug|Any CPU
		{D0112AF3-7BEF-400D-8E8B-C3A7758EAD63}.Debug|Any CPU.Build.0 = Debug|Any CPU
		{D0112AF3-7BEF-400D-8E8B-C3A7758EAD63}.Debug|ARM.ActiveCfg = Debug|Any CPU
		{D0112AF3-7BEF-400D-8E8B-C3A7758EAD63}.Debug|ARM.Build.0 = Debug|Any CPU
		{D0112AF3-7BEF-400D-8E8B-C3A7758EAD63}.Debug|iPhone.ActiveCfg = Debug|Any CPU
		{D0112AF3-7BEF-400D-8E8B-C3A7758EAD63}.Debug|iPhone.Build.0 = Debug|Any CPU
		{D0112AF3-7BEF-400D-8E8B-C3A7758EAD63}.Debug|iPhoneSimulator.ActiveCfg = Debug|Any CPU
		{D0112AF3-7BEF-400D-8E8B-C3A7758EAD63}.Debug|iPhoneSimulator.Build.0 = Debug|Any CPU
		{D0112AF3-7BEF-400D-8E8B-C3A7758EAD63}.Debug|x64.ActiveCfg = Debug|Any CPU
		{D0112AF3-7BEF-400D-8E8B-C3A7758EAD63}.Debug|x64.Build.0 = Debug|Any CPU
		{D0112AF3-7BEF-400D-8E8B-C3A7758EAD63}.Debug|x86.ActiveCfg = Debug|Any CPU
		{D0112AF3-7BEF-400D-8E8B-C3A7758EAD63}.Debug|x86.Build.0 = Debug|Any CPU
		{D0112AF3-7BEF-400D-8E8B-C3A7758EAD63}.Release|Any CPU.ActiveCfg = Release|Any CPU
		{D0112AF3-7BEF-400D-8E8B-C3A7758EAD63}.Release|Any CPU.Build.0 = Release|Any CPU
		{D0112AF3-7BEF-400D-8E8B-C3A7758EAD63}.Release|ARM.ActiveCfg = Release|Any CPU
		{D0112AF3-7BEF-400D-8E8B-C3A7758EAD63}.Release|ARM.Build.0 = Release|Any CPU
		{D0112AF3-7BEF-400D-8E8B-C3A7758EAD63}.Release|iPhone.ActiveCfg = Release|Any CPU
		{D0112AF3-7BEF-400D-8E8B-C3A7758EAD63}.Release|iPhone.Build.0 = Release|Any CPU
		{D0112AF3-7BEF-400D-8E8B-C3A7758EAD63}.Release|iPhoneSimulator.ActiveCfg = Release|Any CPU
		{D0112AF3-7BEF-400D-8E8B-C3A7758EAD63}.Release|iPhoneSimulator.Build.0 = Release|Any CPU
		{D0112AF3-7BEF-400D-8E8B-C3A7758EAD63}.Release|x64.ActiveCfg = Release|Any CPU
		{D0112AF3-7BEF-400D-8E8B-C3A7758EAD63}.Release|x64.Build.0 = Release|Any CPU
		{D0112AF3-7BEF-400D-8E8B-C3A7758EAD63}.Release|x86.ActiveCfg = Release|Any CPU
		{D0112AF3-7BEF-400D-8E8B-C3A7758EAD63}.Release|x86.Build.0 = Release|Any CPU
		{D3A2E145-2185-4FD8-8819-9713B79AF516}.Ad-Hoc|Any CPU.ActiveCfg = Release|Any CPU
		{D3A2E145-2185-4FD8-8819-9713B79AF516}.Ad-Hoc|Any CPU.Build.0 = Release|Any CPU
		{D3A2E145-2185-4FD8-8819-9713B79AF516}.Ad-Hoc|ARM.ActiveCfg = Release|Any CPU
		{D3A2E145-2185-4FD8-8819-9713B79AF516}.Ad-Hoc|ARM.Build.0 = Release|Any CPU
		{D3A2E145-2185-4FD8-8819-9713B79AF516}.Ad-Hoc|iPhone.ActiveCfg = Release|Any CPU
		{D3A2E145-2185-4FD8-8819-9713B79AF516}.Ad-Hoc|iPhone.Build.0 = Release|Any CPU
		{D3A2E145-2185-4FD8-8819-9713B79AF516}.Ad-Hoc|iPhoneSimulator.ActiveCfg = Release|Any CPU
		{D3A2E145-2185-4FD8-8819-9713B79AF516}.Ad-Hoc|iPhoneSimulator.Build.0 = Release|Any CPU
		{D3A2E145-2185-4FD8-8819-9713B79AF516}.Ad-Hoc|x64.ActiveCfg = Release|Any CPU
		{D3A2E145-2185-4FD8-8819-9713B79AF516}.Ad-Hoc|x64.Build.0 = Release|Any CPU
		{D3A2E145-2185-4FD8-8819-9713B79AF516}.Ad-Hoc|x86.ActiveCfg = Release|Any CPU
		{D3A2E145-2185-4FD8-8819-9713B79AF516}.Ad-Hoc|x86.Build.0 = Release|Any CPU
		{D3A2E145-2185-4FD8-8819-9713B79AF516}.AppStore|Any CPU.ActiveCfg = Release|Any CPU
		{D3A2E145-2185-4FD8-8819-9713B79AF516}.AppStore|Any CPU.Build.0 = Release|Any CPU
		{D3A2E145-2185-4FD8-8819-9713B79AF516}.AppStore|ARM.ActiveCfg = Release|Any CPU
		{D3A2E145-2185-4FD8-8819-9713B79AF516}.AppStore|ARM.Build.0 = Release|Any CPU
		{D3A2E145-2185-4FD8-8819-9713B79AF516}.AppStore|iPhone.ActiveCfg = Release|Any CPU
		{D3A2E145-2185-4FD8-8819-9713B79AF516}.AppStore|iPhone.Build.0 = Release|Any CPU
		{D3A2E145-2185-4FD8-8819-9713B79AF516}.AppStore|iPhoneSimulator.ActiveCfg = Release|Any CPU
		{D3A2E145-2185-4FD8-8819-9713B79AF516}.AppStore|iPhoneSimulator.Build.0 = Release|Any CPU
		{D3A2E145-2185-4FD8-8819-9713B79AF516}.AppStore|x64.ActiveCfg = Release|Any CPU
		{D3A2E145-2185-4FD8-8819-9713B79AF516}.AppStore|x64.Build.0 = Release|Any CPU
		{D3A2E145-2185-4FD8-8819-9713B79AF516}.AppStore|x86.ActiveCfg = Release|Any CPU
		{D3A2E145-2185-4FD8-8819-9713B79AF516}.AppStore|x86.Build.0 = Release|Any CPU
		{D3A2E145-2185-4FD8-8819-9713B79AF516}.Debug|Any CPU.ActiveCfg = Debug|Any CPU
		{D3A2E145-2185-4FD8-8819-9713B79AF516}.Debug|Any CPU.Build.0 = Debug|Any CPU
		{D3A2E145-2185-4FD8-8819-9713B79AF516}.Debug|ARM.ActiveCfg = Debug|Any CPU
		{D3A2E145-2185-4FD8-8819-9713B79AF516}.Debug|ARM.Build.0 = Debug|Any CPU
		{D3A2E145-2185-4FD8-8819-9713B79AF516}.Debug|iPhone.ActiveCfg = Debug|Any CPU
		{D3A2E145-2185-4FD8-8819-9713B79AF516}.Debug|iPhone.Build.0 = Debug|Any CPU
		{D3A2E145-2185-4FD8-8819-9713B79AF516}.Debug|iPhoneSimulator.ActiveCfg = Debug|Any CPU
		{D3A2E145-2185-4FD8-8819-9713B79AF516}.Debug|iPhoneSimulator.Build.0 = Debug|Any CPU
		{D3A2E145-2185-4FD8-8819-9713B79AF516}.Debug|x64.ActiveCfg = Debug|Any CPU
		{D3A2E145-2185-4FD8-8819-9713B79AF516}.Debug|x64.Build.0 = Debug|Any CPU
		{D3A2E145-2185-4FD8-8819-9713B79AF516}.Debug|x86.ActiveCfg = Debug|Any CPU
		{D3A2E145-2185-4FD8-8819-9713B79AF516}.Debug|x86.Build.0 = Debug|Any CPU
		{D3A2E145-2185-4FD8-8819-9713B79AF516}.Release|Any CPU.ActiveCfg = Release|Any CPU
		{D3A2E145-2185-4FD8-8819-9713B79AF516}.Release|Any CPU.Build.0 = Release|Any CPU
		{D3A2E145-2185-4FD8-8819-9713B79AF516}.Release|ARM.ActiveCfg = Release|Any CPU
		{D3A2E145-2185-4FD8-8819-9713B79AF516}.Release|ARM.Build.0 = Release|Any CPU
		{D3A2E145-2185-4FD8-8819-9713B79AF516}.Release|iPhone.ActiveCfg = Release|Any CPU
		{D3A2E145-2185-4FD8-8819-9713B79AF516}.Release|iPhone.Build.0 = Release|Any CPU
		{D3A2E145-2185-4FD8-8819-9713B79AF516}.Release|iPhoneSimulator.ActiveCfg = Release|Any CPU
		{D3A2E145-2185-4FD8-8819-9713B79AF516}.Release|iPhoneSimulator.Build.0 = Release|Any CPU
		{D3A2E145-2185-4FD8-8819-9713B79AF516}.Release|x64.ActiveCfg = Release|Any CPU
		{D3A2E145-2185-4FD8-8819-9713B79AF516}.Release|x64.Build.0 = Release|Any CPU
		{D3A2E145-2185-4FD8-8819-9713B79AF516}.Release|x86.ActiveCfg = Release|Any CPU
		{D3A2E145-2185-4FD8-8819-9713B79AF516}.Release|x86.Build.0 = Release|Any CPU
	EndGlobalSection
	GlobalSection(SolutionProperties) = preSolution
		HideSolutionNode = FALSE
	EndGlobalSection
	GlobalSection(ExtensibilityGlobals) = postSolution
		SolutionGuid = {09DE6A41-0A3B-45FA-8D84-8246C988C1D4}
	EndGlobalSection
EndGlobal
