
Microsoft Visual Studio Solution File, Format Version 12.00
# Visual Studio 15
VisualStudioVersion = 15.0.28307.102
MinimumVisualStudioVersion = 10.0.40219.1
Project("{FAE04EC0-301F-11D3-BF4B-00C04F79EFBC}") = "HalloXForms.Android", "HalloXForms\HalloXForms.Android\HalloXForms.Android.csproj", "{6B6A090F-28E4-40EE-836C-24B5D7ADEEFC}"
EndProject
Project("{FAE04EC0-301F-11D3-BF4B-00C04F79EFBC}") = "HalloXForms.iOS", "HalloXForms\HalloXForms.iOS\HalloXForms.iOS.csproj", "{75325E67-3F84-4B65-B504-023DFEE2CBC9}"
EndProject
Project("{FAE04EC0-301F-11D3-BF4B-00C04F79EFBC}") = "HalloXForms.UWP", "HalloXForms\HalloXForms.UWP\HalloXForms.UWP.csproj", "{64F94AA4-505F-4228-A23C-ECA6B7C7D120}"
EndProject
Project("{9A19103F-16F7-4668-BE54-9A1E7A4F7556}") = "HalloXForms", "HalloXForms\HalloXForms\HalloXForms.csproj", "{D0112AF3-7BEF-400D-8E8B-C3A7758EAD63}"
EndProject
Project("{FAE04EC0-301F-11D3-BF4B-00C04F79EFBC}") = "TPL_Demo", "TPL_Demo\TPL_Demo.csproj", "{1C4FA9C9-8455-468C-A288-EB085ED2E1A5}"
EndProject
Project("{2150E333-8FDC-42A3-9474-1A3956D46DE8}") = "HalloXamarinForms", "HalloXamarinForms", "{EC26F103-EBB8-4FA5-8B57-072181DE7AED}"
EndProject
Project("{FAE04EC0-301F-11D3-BF4B-00C04F79EFBC}") = "HelloKitten.Android", "HelloKitten\HelloKitten.Android\HelloKitten.Android.csproj", "{CA042245-5A64-4CE8-B5E5-858C24BEA2CF}"
EndProject
Project("{FAE04EC0-301F-11D3-BF4B-00C04F79EFBC}") = "HelloKitten.iOS", "HelloKitten\HelloKitten.iOS\HelloKitten.iOS.csproj", "{B4115537-9DBA-4BBA-A8EA-059903C60F90}"
EndProject
Project("{FAE04EC0-301F-11D3-BF4B-00C04F79EFBC}") = "HelloKitten.UWP", "HelloKitten\HelloKitten.UWP\HelloKitten.UWP.csproj", "{E15F5D11-D26F-4965-B5A4-808119F1B98B}"
EndProject
Project("{9A19103F-16F7-4668-BE54-9A1E7A4F7556}") = "HelloKitten", "HelloKitten\HelloKitten\HelloKitten.csproj", "{1ADAF0C9-E228-40C5-99F8-5BC31EEE3F37}"
EndProject
Project("{2150E333-8FDC-42A3-9474-1A3956D46DE8}") = "HelloKittenXforms", "HelloKittenXforms", "{AACA45E6-BECC-42C4-95D9-8AAB032B97B8}"
EndProject
Project("{2150E333-8FDC-42A3-9474-1A3956D46DE8}") = "Misc", "Misc", "{AF34A885-F722-4778-A884-6229CB935BF1}"
EndProject
Project("{FAE04EC0-301F-11D3-BF4B-00C04F79EFBC}") = "Layoutcontainer.Android", "Layoutcontainer\Layoutcontainer.Android\Layoutcontainer.Android.csproj", "{5A05ECEB-0487-4DF0-8A75-A66C841763ED}"
EndProject
Project("{FAE04EC0-301F-11D3-BF4B-00C04F79EFBC}") = "Layoutcontainer.iOS", "Layoutcontainer\Layoutcontainer.iOS\Layoutcontainer.iOS.csproj", "{62D47910-BCC0-461D-98EE-921938EDA4B8}"
EndProject
Project("{FAE04EC0-301F-11D3-BF4B-00C04F79EFBC}") = "Layoutcontainer.UWP", "Layoutcontainer\Layoutcontainer.UWP\Layoutcontainer.UWP.csproj", "{970698AE-4EC7-40C9-B5CB-DE3E40DB5857}"
EndProject
Project("{9A19103F-16F7-4668-BE54-9A1E7A4F7556}") = "Layoutcontainer", "Layoutcontainer\Layoutcontainer\Layoutcontainer.csproj", "{DF6EA9D8-C0B9-408E-A5B5-F7E97576FDA1}"
EndProject
Project("{2150E333-8FDC-42A3-9474-1A3956D46DE8}") = "LayoutcontainerXForms", "LayoutcontainerXForms", "{23957335-5A6A-4F90-813B-73339525F98F}"
EndProject
Project("{FAE04EC0-301F-11D3-BF4B-00C04F79EFBC}") = "NavigationDemo.Android", "NavigationDemo\NavigationDemo.Android\NavigationDemo.Android.csproj", "{C49BFB4A-1A12-4A77-BB39-4D856E1D85F6}"
EndProject
Project("{FAE04EC0-301F-11D3-BF4B-00C04F79EFBC}") = "NavigationDemo.iOS", "NavigationDemo\NavigationDemo.iOS\NavigationDemo.iOS.csproj", "{0B54684D-721C-42B4-AF28-FB966086582E}"
EndProject
Project("{FAE04EC0-301F-11D3-BF4B-00C04F79EFBC}") = "NavigationDemo.UWP", "NavigationDemo\NavigationDemo.UWP\NavigationDemo.UWP.csproj", "{616EDD65-337D-40A0-9DAC-CC955073F0D5}"
EndProject
Project("{9A19103F-16F7-4668-BE54-9A1E7A4F7556}") = "NavigationDemo", "NavigationDemo\NavigationDemo\NavigationDemo.csproj", "{B57BB106-979E-4D89-86CE-050308B7AE6C}"
EndProject
Project("{2150E333-8FDC-42A3-9474-1A3956D46DE8}") = "NavigationDemoXForms", "NavigationDemoXForms", "{27B14786-8758-4410-A307-649348049FF6}"
EndProject
Project("{FAE04EC0-301F-11D3-BF4B-00C04F79EFBC}") = "DataBindingDemo.Android", "DataBindingDemo\DataBindingDemo.Android\DataBindingDemo.Android.csproj", "{1747695C-6F7E-4693-A399-AA2037D9CF96}"
EndProject
Project("{FAE04EC0-301F-11D3-BF4B-00C04F79EFBC}") = "DataBindingDemo.iOS", "DataBindingDemo\DataBindingDemo.iOS\DataBindingDemo.iOS.csproj", "{2CDD45EA-A995-419D-9607-D18DFBDAEF6D}"
EndProject
Project("{FAE04EC0-301F-11D3-BF4B-00C04F79EFBC}") = "DataBindingDemo.UWP", "DataBindingDemo\DataBindingDemo.UWP\DataBindingDemo.UWP.csproj", "{8F0106D4-8618-48CA-865B-E8D35D95ED81}"
EndProject
Project("{FAE04EC0-301F-11D3-BF4B-00C04F79EFBC}") = "DataBindingDemo", "DataBindingDemo\DataBindingDemo\DataBindingDemo.csproj", "{37D98DE8-520A-426A-993E-FD083075222B}"
EndProject
Project("{2150E333-8FDC-42A3-9474-1A3956D46DE8}") = "DataBindingXForms", "DataBindingXForms", "{74A281C7-4612-4E7E-8C3B-F0DEB254C481}"
EndProject
Global
	GlobalSection(SolutionConfigurationPlatforms) = preSolution
		Ad-Hoc|Any CPU = Ad-Hoc|Any CPU
		Ad-Hoc|ARM = Ad-Hoc|ARM
		Ad-Hoc|iPhone = Ad-Hoc|iPhone
		Ad-Hoc|iPhoneSimulator = Ad-Hoc|iPhoneSimulator
		Ad-Hoc|x64 = Ad-Hoc|x64
		Ad-Hoc|x86 = Ad-Hoc|x86
		AppStore|Any CPU = AppStore|Any CPU
		AppStore|ARM = AppStore|ARM
		AppStore|iPhone = AppStore|iPhone
		AppStore|iPhoneSimulator = AppStore|iPhoneSimulator
		AppStore|x64 = AppStore|x64
		AppStore|x86 = AppStore|x86
		Debug|Any CPU = Debug|Any CPU
		Debug|ARM = Debug|ARM
		Debug|iPhone = Debug|iPhone
		Debug|iPhoneSimulator = Debug|iPhoneSimulator
		Debug|x64 = Debug|x64
		Debug|x86 = Debug|x86
		Release|Any CPU = Release|Any CPU
		Release|ARM = Release|ARM
		Release|iPhone = Release|iPhone
		Release|iPhoneSimulator = Release|iPhoneSimulator
		Release|x64 = Release|x64
		Release|x86 = Release|x86
	EndGlobalSection
	GlobalSection(ProjectConfigurationPlatforms) = postSolution
		{6B6A090F-28E4-40EE-836C-24B5D7ADEEFC}.Ad-Hoc|Any CPU.ActiveCfg = Release|Any CPU
		{6B6A090F-28E4-40EE-836C-24B5D7ADEEFC}.Ad-Hoc|Any CPU.Build.0 = Release|Any CPU
		{6B6A090F-28E4-40EE-836C-24B5D7ADEEFC}.Ad-Hoc|Any CPU.Deploy.0 = Release|Any CPU
		{6B6A090F-28E4-40EE-836C-24B5D7ADEEFC}.Ad-Hoc|ARM.ActiveCfg = Release|Any CPU
		{6B6A090F-28E4-40EE-836C-24B5D7ADEEFC}.Ad-Hoc|ARM.Build.0 = Release|Any CPU
		{6B6A090F-28E4-40EE-836C-24B5D7ADEEFC}.Ad-Hoc|ARM.Deploy.0 = Release|Any CPU
		{6B6A090F-28E4-40EE-836C-24B5D7ADEEFC}.Ad-Hoc|iPhone.ActiveCfg = Release|Any CPU
		{6B6A090F-28E4-40EE-836C-24B5D7ADEEFC}.Ad-Hoc|iPhone.Build.0 = Release|Any CPU
		{6B6A090F-28E4-40EE-836C-24B5D7ADEEFC}.Ad-Hoc|iPhone.Deploy.0 = Release|Any CPU
		{6B6A090F-28E4-40EE-836C-24B5D7ADEEFC}.Ad-Hoc|iPhoneSimulator.ActiveCfg = Release|Any CPU
		{6B6A090F-28E4-40EE-836C-24B5D7ADEEFC}.Ad-Hoc|iPhoneSimulator.Build.0 = Release|Any CPU
		{6B6A090F-28E4-40EE-836C-24B5D7ADEEFC}.Ad-Hoc|iPhoneSimulator.Deploy.0 = Release|Any CPU
		{6B6A090F-28E4-40EE-836C-24B5D7ADEEFC}.Ad-Hoc|x64.ActiveCfg = Release|Any CPU
		{6B6A090F-28E4-40EE-836C-24B5D7ADEEFC}.Ad-Hoc|x64.Build.0 = Release|Any CPU
		{6B6A090F-28E4-40EE-836C-24B5D7ADEEFC}.Ad-Hoc|x64.Deploy.0 = Release|Any CPU
		{6B6A090F-28E4-40EE-836C-24B5D7ADEEFC}.Ad-Hoc|x86.ActiveCfg = Release|Any CPU
		{6B6A090F-28E4-40EE-836C-24B5D7ADEEFC}.Ad-Hoc|x86.Build.0 = Release|Any CPU
		{6B6A090F-28E4-40EE-836C-24B5D7ADEEFC}.Ad-Hoc|x86.Deploy.0 = Release|Any CPU
		{6B6A090F-28E4-40EE-836C-24B5D7ADEEFC}.AppStore|Any CPU.ActiveCfg = Release|Any CPU
		{6B6A090F-28E4-40EE-836C-24B5D7ADEEFC}.AppStore|Any CPU.Build.0 = Release|Any CPU
		{6B6A090F-28E4-40EE-836C-24B5D7ADEEFC}.AppStore|Any CPU.Deploy.0 = Release|Any CPU
		{6B6A090F-28E4-40EE-836C-24B5D7ADEEFC}.AppStore|ARM.ActiveCfg = Release|Any CPU
		{6B6A090F-28E4-40EE-836C-24B5D7ADEEFC}.AppStore|ARM.Build.0 = Release|Any CPU
		{6B6A090F-28E4-40EE-836C-24B5D7ADEEFC}.AppStore|ARM.Deploy.0 = Release|Any CPU
		{6B6A090F-28E4-40EE-836C-24B5D7ADEEFC}.AppStore|iPhone.ActiveCfg = Release|Any CPU
		{6B6A090F-28E4-40EE-836C-24B5D7ADEEFC}.AppStore|iPhone.Build.0 = Release|Any CPU
		{6B6A090F-28E4-40EE-836C-24B5D7ADEEFC}.AppStore|iPhone.Deploy.0 = Release|Any CPU
		{6B6A090F-28E4-40EE-836C-24B5D7ADEEFC}.AppStore|iPhoneSimulator.ActiveCfg = Release|Any CPU
		{6B6A090F-28E4-40EE-836C-24B5D7ADEEFC}.AppStore|iPhoneSimulator.Build.0 = Release|Any CPU
		{6B6A090F-28E4-40EE-836C-24B5D7ADEEFC}.AppStore|iPhoneSimulator.Deploy.0 = Release|Any CPU
		{6B6A090F-28E4-40EE-836C-24B5D7ADEEFC}.AppStore|x64.ActiveCfg = Release|Any CPU
		{6B6A090F-28E4-40EE-836C-24B5D7ADEEFC}.AppStore|x64.Build.0 = Release|Any CPU
		{6B6A090F-28E4-40EE-836C-24B5D7ADEEFC}.AppStore|x64.Deploy.0 = Release|Any CPU
		{6B6A090F-28E4-40EE-836C-24B5D7ADEEFC}.AppStore|x86.ActiveCfg = Release|Any CPU
		{6B6A090F-28E4-40EE-836C-24B5D7ADEEFC}.AppStore|x86.Build.0 = Release|Any CPU
		{6B6A090F-28E4-40EE-836C-24B5D7ADEEFC}.AppStore|x86.Deploy.0 = Release|Any CPU
		{6B6A090F-28E4-40EE-836C-24B5D7ADEEFC}.Debug|Any CPU.ActiveCfg = Debug|Any CPU
		{6B6A090F-28E4-40EE-836C-24B5D7ADEEFC}.Debug|Any CPU.Build.0 = Debug|Any CPU
		{6B6A090F-28E4-40EE-836C-24B5D7ADEEFC}.Debug|Any CPU.Deploy.0 = Debug|Any CPU
		{6B6A090F-28E4-40EE-836C-24B5D7ADEEFC}.Debug|ARM.ActiveCfg = Debug|Any CPU
		{6B6A090F-28E4-40EE-836C-24B5D7ADEEFC}.Debug|ARM.Build.0 = Debug|Any CPU
		{6B6A090F-28E4-40EE-836C-24B5D7ADEEFC}.Debug|ARM.Deploy.0 = Debug|Any CPU
		{6B6A090F-28E4-40EE-836C-24B5D7ADEEFC}.Debug|iPhone.ActiveCfg = Debug|Any CPU
		{6B6A090F-28E4-40EE-836C-24B5D7ADEEFC}.Debug|iPhone.Build.0 = Debug|Any CPU
		{6B6A090F-28E4-40EE-836C-24B5D7ADEEFC}.Debug|iPhone.Deploy.0 = Debug|Any CPU
		{6B6A090F-28E4-40EE-836C-24B5D7ADEEFC}.Debug|iPhoneSimulator.ActiveCfg = Debug|Any CPU
		{6B6A090F-28E4-40EE-836C-24B5D7ADEEFC}.Debug|iPhoneSimulator.Build.0 = Debug|Any CPU
		{6B6A090F-28E4-40EE-836C-24B5D7ADEEFC}.Debug|iPhoneSimulator.Deploy.0 = Debug|Any CPU
		{6B6A090F-28E4-40EE-836C-24B5D7ADEEFC}.Debug|x64.ActiveCfg = Debug|Any CPU
		{6B6A090F-28E4-40EE-836C-24B5D7ADEEFC}.Debug|x64.Build.0 = Debug|Any CPU
		{6B6A090F-28E4-40EE-836C-24B5D7ADEEFC}.Debug|x64.Deploy.0 = Debug|Any CPU
		{6B6A090F-28E4-40EE-836C-24B5D7ADEEFC}.Debug|x86.ActiveCfg = Debug|Any CPU
		{6B6A090F-28E4-40EE-836C-24B5D7ADEEFC}.Debug|x86.Build.0 = Debug|Any CPU
		{6B6A090F-28E4-40EE-836C-24B5D7ADEEFC}.Debug|x86.Deploy.0 = Debug|Any CPU
		{6B6A090F-28E4-40EE-836C-24B5D7ADEEFC}.Release|Any CPU.ActiveCfg = Release|Any CPU
		{6B6A090F-28E4-40EE-836C-24B5D7ADEEFC}.Release|Any CPU.Build.0 = Release|Any CPU
		{6B6A090F-28E4-40EE-836C-24B5D7ADEEFC}.Release|Any CPU.Deploy.0 = Release|Any CPU
		{6B6A090F-28E4-40EE-836C-24B5D7ADEEFC}.Release|ARM.ActiveCfg = Release|Any CPU
		{6B6A090F-28E4-40EE-836C-24B5D7ADEEFC}.Release|ARM.Build.0 = Release|Any CPU
		{6B6A090F-28E4-40EE-836C-24B5D7ADEEFC}.Release|ARM.Deploy.0 = Release|Any CPU
		{6B6A090F-28E4-40EE-836C-24B5D7ADEEFC}.Release|iPhone.ActiveCfg = Release|Any CPU
		{6B6A090F-28E4-40EE-836C-24B5D7ADEEFC}.Release|iPhone.Build.0 = Release|Any CPU
		{6B6A090F-28E4-40EE-836C-24B5D7ADEEFC}.Release|iPhone.Deploy.0 = Release|Any CPU
		{6B6A090F-28E4-40EE-836C-24B5D7ADEEFC}.Release|iPhoneSimulator.ActiveCfg = Release|Any CPU
		{6B6A090F-28E4-40EE-836C-24B5D7ADEEFC}.Release|iPhoneSimulator.Build.0 = Release|Any CPU
		{6B6A090F-28E4-40EE-836C-24B5D7ADEEFC}.Release|iPhoneSimulator.Deploy.0 = Release|Any CPU
		{6B6A090F-28E4-40EE-836C-24B5D7ADEEFC}.Release|x64.ActiveCfg = Release|Any CPU
		{6B6A090F-28E4-40EE-836C-24B5D7ADEEFC}.Release|x64.Build.0 = Release|Any CPU
		{6B6A090F-28E4-40EE-836C-24B5D7ADEEFC}.Release|x64.Deploy.0 = Release|Any CPU
		{6B6A090F-28E4-40EE-836C-24B5D7ADEEFC}.Release|x86.ActiveCfg = Release|Any CPU
		{6B6A090F-28E4-40EE-836C-24B5D7ADEEFC}.Release|x86.Build.0 = Release|Any CPU
		{6B6A090F-28E4-40EE-836C-24B5D7ADEEFC}.Release|x86.Deploy.0 = Release|Any CPU
		{75325E67-3F84-4B65-B504-023DFEE2CBC9}.Ad-Hoc|Any CPU.ActiveCfg = Ad-Hoc|iPhone
		{75325E67-3F84-4B65-B504-023DFEE2CBC9}.Ad-Hoc|ARM.ActiveCfg = Ad-Hoc|iPhone
		{75325E67-3F84-4B65-B504-023DFEE2CBC9}.Ad-Hoc|iPhone.ActiveCfg = Ad-Hoc|iPhone
		{75325E67-3F84-4B65-B504-023DFEE2CBC9}.Ad-Hoc|iPhone.Build.0 = Ad-Hoc|iPhone
		{75325E67-3F84-4B65-B504-023DFEE2CBC9}.Ad-Hoc|iPhoneSimulator.ActiveCfg = Ad-Hoc|iPhoneSimulator
		{75325E67-3F84-4B65-B504-023DFEE2CBC9}.Ad-Hoc|iPhoneSimulator.Build.0 = Ad-Hoc|iPhoneSimulator
		{75325E67-3F84-4B65-B504-023DFEE2CBC9}.Ad-Hoc|x64.ActiveCfg = Ad-Hoc|iPhone
		{75325E67-3F84-4B65-B504-023DFEE2CBC9}.Ad-Hoc|x86.ActiveCfg = Ad-Hoc|iPhone
		{75325E67-3F84-4B65-B504-023DFEE2CBC9}.AppStore|Any CPU.ActiveCfg = AppStore|iPhone
		{75325E67-3F84-4B65-B504-023DFEE2CBC9}.AppStore|ARM.ActiveCfg = AppStore|iPhone
		{75325E67-3F84-4B65-B504-023DFEE2CBC9}.AppStore|iPhone.ActiveCfg = AppStore|iPhone
		{75325E67-3F84-4B65-B504-023DFEE2CBC9}.AppStore|iPhone.Build.0 = AppStore|iPhone
		{75325E67-3F84-4B65-B504-023DFEE2CBC9}.AppStore|iPhoneSimulator.ActiveCfg = AppStore|iPhoneSimulator
		{75325E67-3F84-4B65-B504-023DFEE2CBC9}.AppStore|iPhoneSimulator.Build.0 = AppStore|iPhoneSimulator
		{75325E67-3F84-4B65-B504-023DFEE2CBC9}.AppStore|x64.ActiveCfg = AppStore|iPhone
		{75325E67-3F84-4B65-B504-023DFEE2CBC9}.AppStore|x86.ActiveCfg = AppStore|iPhone
		{75325E67-3F84-4B65-B504-023DFEE2CBC9}.Debug|Any CPU.ActiveCfg = Debug|iPhone
		{75325E67-3F84-4B65-B504-023DFEE2CBC9}.Debug|ARM.ActiveCfg = Debug|iPhone
		{75325E67-3F84-4B65-B504-023DFEE2CBC9}.Debug|iPhone.ActiveCfg = Debug|iPhone
		{75325E67-3F84-4B65-B504-023DFEE2CBC9}.Debug|iPhone.Build.0 = Debug|iPhone
		{75325E67-3F84-4B65-B504-023DFEE2CBC9}.Debug|iPhoneSimulator.ActiveCfg = Debug|iPhoneSimulator
		{75325E67-3F84-4B65-B504-023DFEE2CBC9}.Debug|iPhoneSimulator.Build.0 = Debug|iPhoneSimulator
		{75325E67-3F84-4B65-B504-023DFEE2CBC9}.Debug|x64.ActiveCfg = Debug|iPhone
		{75325E67-3F84-4B65-B504-023DFEE2CBC9}.Debug|x86.ActiveCfg = Debug|iPhone
		{75325E67-3F84-4B65-B504-023DFEE2CBC9}.Release|Any CPU.ActiveCfg = Release|iPhone
		{75325E67-3F84-4B65-B504-023DFEE2CBC9}.Release|ARM.ActiveCfg = Release|iPhone
		{75325E67-3F84-4B65-B504-023DFEE2CBC9}.Release|iPhone.ActiveCfg = Release|iPhone
		{75325E67-3F84-4B65-B504-023DFEE2CBC9}.Release|iPhone.Build.0 = Release|iPhone
		{75325E67-3F84-4B65-B504-023DFEE2CBC9}.Release|iPhoneSimulator.ActiveCfg = Release|iPhoneSimulator
		{75325E67-3F84-4B65-B504-023DFEE2CBC9}.Release|iPhoneSimulator.Build.0 = Release|iPhoneSimulator
		{75325E67-3F84-4B65-B504-023DFEE2CBC9}.Release|x64.ActiveCfg = Release|iPhone
		{75325E67-3F84-4B65-B504-023DFEE2CBC9}.Release|x86.ActiveCfg = Release|iPhone
		{64F94AA4-505F-4228-A23C-ECA6B7C7D120}.Ad-Hoc|Any CPU.ActiveCfg = Release|x86
		{64F94AA4-505F-4228-A23C-ECA6B7C7D120}.Ad-Hoc|Any CPU.Build.0 = Release|x86
		{64F94AA4-505F-4228-A23C-ECA6B7C7D120}.Ad-Hoc|Any CPU.Deploy.0 = Release|x86
		{64F94AA4-505F-4228-A23C-ECA6B7C7D120}.Ad-Hoc|ARM.ActiveCfg = Release|ARM
		{64F94AA4-505F-4228-A23C-ECA6B7C7D120}.Ad-Hoc|ARM.Build.0 = Release|ARM
		{64F94AA4-505F-4228-A23C-ECA6B7C7D120}.Ad-Hoc|ARM.Deploy.0 = Release|ARM
		{64F94AA4-505F-4228-A23C-ECA6B7C7D120}.Ad-Hoc|iPhone.ActiveCfg = Release|x86
		{64F94AA4-505F-4228-A23C-ECA6B7C7D120}.Ad-Hoc|iPhone.Build.0 = Release|x86
		{64F94AA4-505F-4228-A23C-ECA6B7C7D120}.Ad-Hoc|iPhone.Deploy.0 = Release|x86
		{64F94AA4-505F-4228-A23C-ECA6B7C7D120}.Ad-Hoc|iPhoneSimulator.ActiveCfg = Release|x86
		{64F94AA4-505F-4228-A23C-ECA6B7C7D120}.Ad-Hoc|iPhoneSimulator.Build.0 = Release|x86
		{64F94AA4-505F-4228-A23C-ECA6B7C7D120}.Ad-Hoc|iPhoneSimulator.Deploy.0 = Release|x86
		{64F94AA4-505F-4228-A23C-ECA6B7C7D120}.Ad-Hoc|x64.ActiveCfg = Release|x64
		{64F94AA4-505F-4228-A23C-ECA6B7C7D120}.Ad-Hoc|x64.Build.0 = Release|x64
		{64F94AA4-505F-4228-A23C-ECA6B7C7D120}.Ad-Hoc|x64.Deploy.0 = Release|x64
		{64F94AA4-505F-4228-A23C-ECA6B7C7D120}.Ad-Hoc|x86.ActiveCfg = Release|x86
		{64F94AA4-505F-4228-A23C-ECA6B7C7D120}.Ad-Hoc|x86.Build.0 = Release|x86
		{64F94AA4-505F-4228-A23C-ECA6B7C7D120}.Ad-Hoc|x86.Deploy.0 = Release|x86
		{64F94AA4-505F-4228-A23C-ECA6B7C7D120}.AppStore|Any CPU.ActiveCfg = Release|x86
		{64F94AA4-505F-4228-A23C-ECA6B7C7D120}.AppStore|Any CPU.Build.0 = Release|x86
		{64F94AA4-505F-4228-A23C-ECA6B7C7D120}.AppStore|Any CPU.Deploy.0 = Release|x86
		{64F94AA4-505F-4228-A23C-ECA6B7C7D120}.AppStore|ARM.ActiveCfg = Release|ARM
		{64F94AA4-505F-4228-A23C-ECA6B7C7D120}.AppStore|ARM.Build.0 = Release|ARM
		{64F94AA4-505F-4228-A23C-ECA6B7C7D120}.AppStore|ARM.Deploy.0 = Release|ARM
		{64F94AA4-505F-4228-A23C-ECA6B7C7D120}.AppStore|iPhone.ActiveCfg = Release|x86
		{64F94AA4-505F-4228-A23C-ECA6B7C7D120}.AppStore|iPhone.Build.0 = Release|x86
		{64F94AA4-505F-4228-A23C-ECA6B7C7D120}.AppStore|iPhone.Deploy.0 = Release|x86
		{64F94AA4-505F-4228-A23C-ECA6B7C7D120}.AppStore|iPhoneSimulator.ActiveCfg = Release|x86
		{64F94AA4-505F-4228-A23C-ECA6B7C7D120}.AppStore|iPhoneSimulator.Build.0 = Release|x86
		{64F94AA4-505F-4228-A23C-ECA6B7C7D120}.AppStore|iPhoneSimulator.Deploy.0 = Release|x86
		{64F94AA4-505F-4228-A23C-ECA6B7C7D120}.AppStore|x64.ActiveCfg = Release|x64
		{64F94AA4-505F-4228-A23C-ECA6B7C7D120}.AppStore|x64.Build.0 = Release|x64
		{64F94AA4-505F-4228-A23C-ECA6B7C7D120}.AppStore|x64.Deploy.0 = Release|x64
		{64F94AA4-505F-4228-A23C-ECA6B7C7D120}.AppStore|x86.ActiveCfg = Release|x86
		{64F94AA4-505F-4228-A23C-ECA6B7C7D120}.AppStore|x86.Build.0 = Release|x86
		{64F94AA4-505F-4228-A23C-ECA6B7C7D120}.AppStore|x86.Deploy.0 = Release|x86
		{64F94AA4-505F-4228-A23C-ECA6B7C7D120}.Debug|Any CPU.ActiveCfg = Debug|x86
		{64F94AA4-505F-4228-A23C-ECA6B7C7D120}.Debug|ARM.ActiveCfg = Debug|ARM
		{64F94AA4-505F-4228-A23C-ECA6B7C7D120}.Debug|ARM.Build.0 = Debug|ARM
		{64F94AA4-505F-4228-A23C-ECA6B7C7D120}.Debug|ARM.Deploy.0 = Debug|ARM
		{64F94AA4-505F-4228-A23C-ECA6B7C7D120}.Debug|iPhone.ActiveCfg = Debug|x86
		{64F94AA4-505F-4228-A23C-ECA6B7C7D120}.Debug|iPhoneSimulator.ActiveCfg = Debug|x86
		{64F94AA4-505F-4228-A23C-ECA6B7C7D120}.Debug|x64.ActiveCfg = Debug|x64
		{64F94AA4-505F-4228-A23C-ECA6B7C7D120}.Debug|x64.Build.0 = Debug|x64
		{64F94AA4-505F-4228-A23C-ECA6B7C7D120}.Debug|x64.Deploy.0 = Debug|x64
		{64F94AA4-505F-4228-A23C-ECA6B7C7D120}.Debug|x86.ActiveCfg = Debug|x86
		{64F94AA4-505F-4228-A23C-ECA6B7C7D120}.Debug|x86.Build.0 = Debug|x86
		{64F94AA4-505F-4228-A23C-ECA6B7C7D120}.Debug|x86.Deploy.0 = Debug|x86
		{64F94AA4-505F-4228-A23C-ECA6B7C7D120}.Release|Any CPU.ActiveCfg = Release|x86
		{64F94AA4-505F-4228-A23C-ECA6B7C7D120}.Release|ARM.ActiveCfg = Release|ARM
		{64F94AA4-505F-4228-A23C-ECA6B7C7D120}.Release|ARM.Build.0 = Release|ARM
		{64F94AA4-505F-4228-A23C-ECA6B7C7D120}.Release|ARM.Deploy.0 = Release|ARM
		{64F94AA4-505F-4228-A23C-ECA6B7C7D120}.Release|iPhone.ActiveCfg = Release|x86
		{64F94AA4-505F-4228-A23C-ECA6B7C7D120}.Release|iPhoneSimulator.ActiveCfg = Release|x86
		{64F94AA4-505F-4228-A23C-ECA6B7C7D120}.Release|x64.ActiveCfg = Release|x64
		{64F94AA4-505F-4228-A23C-ECA6B7C7D120}.Release|x64.Build.0 = Release|x64
		{64F94AA4-505F-4228-A23C-ECA6B7C7D120}.Release|x64.Deploy.0 = Release|x64
		{64F94AA4-505F-4228-A23C-ECA6B7C7D120}.Release|x86.ActiveCfg = Release|x86
		{64F94AA4-505F-4228-A23C-ECA6B7C7D120}.Release|x86.Build.0 = Release|x86
		{64F94AA4-505F-4228-A23C-ECA6B7C7D120}.Release|x86.Deploy.0 = Release|x86
		{D0112AF3-7BEF-400D-8E8B-C3A7758EAD63}.Ad-Hoc|Any CPU.ActiveCfg = Debug|Any CPU
		{D0112AF3-7BEF-400D-8E8B-C3A7758EAD63}.Ad-Hoc|Any CPU.Build.0 = Debug|Any CPU
		{D0112AF3-7BEF-400D-8E8B-C3A7758EAD63}.Ad-Hoc|ARM.ActiveCfg = Debug|Any CPU
		{D0112AF3-7BEF-400D-8E8B-C3A7758EAD63}.Ad-Hoc|ARM.Build.0 = Debug|Any CPU
		{D0112AF3-7BEF-400D-8E8B-C3A7758EAD63}.Ad-Hoc|iPhone.ActiveCfg = Debug|Any CPU
		{D0112AF3-7BEF-400D-8E8B-C3A7758EAD63}.Ad-Hoc|iPhone.Build.0 = Debug|Any CPU
		{D0112AF3-7BEF-400D-8E8B-C3A7758EAD63}.Ad-Hoc|iPhoneSimulator.ActiveCfg = Debug|Any CPU
		{D0112AF3-7BEF-400D-8E8B-C3A7758EAD63}.Ad-Hoc|iPhoneSimulator.Build.0 = Debug|Any CPU
		{D0112AF3-7BEF-400D-8E8B-C3A7758EAD63}.Ad-Hoc|x64.ActiveCfg = Debug|Any CPU
		{D0112AF3-7BEF-400D-8E8B-C3A7758EAD63}.Ad-Hoc|x64.Build.0 = Debug|Any CPU
		{D0112AF3-7BEF-400D-8E8B-C3A7758EAD63}.Ad-Hoc|x86.ActiveCfg = Debug|Any CPU
		{D0112AF3-7BEF-400D-8E8B-C3A7758EAD63}.Ad-Hoc|x86.Build.0 = Debug|Any CPU
		{D0112AF3-7BEF-400D-8E8B-C3A7758EAD63}.AppStore|Any CPU.ActiveCfg = Debug|Any CPU
		{D0112AF3-7BEF-400D-8E8B-C3A7758EAD63}.AppStore|Any CPU.Build.0 = Debug|Any CPU
		{D0112AF3-7BEF-400D-8E8B-C3A7758EAD63}.AppStore|ARM.ActiveCfg = Debug|Any CPU
		{D0112AF3-7BEF-400D-8E8B-C3A7758EAD63}.AppStore|ARM.Build.0 = Debug|Any CPU
		{D0112AF3-7BEF-400D-8E8B-C3A7758EAD63}.AppStore|iPhone.ActiveCfg = Debug|Any CPU
		{D0112AF3-7BEF-400D-8E8B-C3A7758EAD63}.AppStore|iPhone.Build.0 = Debug|Any CPU
		{D0112AF3-7BEF-400D-8E8B-C3A7758EAD63}.AppStore|iPhoneSimulator.ActiveCfg = Debug|Any CPU
		{D0112AF3-7BEF-400D-8E8B-C3A7758EAD63}.AppStore|iPhoneSimulator.Build.0 = Debug|Any CPU
		{D0112AF3-7BEF-400D-8E8B-C3A7758EAD63}.AppStore|x64.ActiveCfg = Debug|Any CPU
		{D0112AF3-7BEF-400D-8E8B-C3A7758EAD63}.AppStore|x64.Build.0 = Debug|Any CPU
		{D0112AF3-7BEF-400D-8E8B-C3A7758EAD63}.AppStore|x86.ActiveCfg = Debug|Any CPU
		{D0112AF3-7BEF-400D-8E8B-C3A7758EAD63}.AppStore|x86.Build.0 = Debug|Any CPU
		{D0112AF3-7BEF-400D-8E8B-C3A7758EAD63}.Debug|Any CPU.ActiveCfg = Debug|Any CPU
		{D0112AF3-7BEF-400D-8E8B-C3A7758EAD63}.Debug|Any CPU.Build.0 = Debug|Any CPU
		{D0112AF3-7BEF-400D-8E8B-C3A7758EAD63}.Debug|ARM.ActiveCfg = Debug|Any CPU
		{D0112AF3-7BEF-400D-8E8B-C3A7758EAD63}.Debug|ARM.Build.0 = Debug|Any CPU
		{D0112AF3-7BEF-400D-8E8B-C3A7758EAD63}.Debug|iPhone.ActiveCfg = Debug|Any CPU
		{D0112AF3-7BEF-400D-8E8B-C3A7758EAD63}.Debug|iPhone.Build.0 = Debug|Any CPU
		{D0112AF3-7BEF-400D-8E8B-C3A7758EAD63}.Debug|iPhoneSimulator.ActiveCfg = Debug|Any CPU
		{D0112AF3-7BEF-400D-8E8B-C3A7758EAD63}.Debug|iPhoneSimulator.Build.0 = Debug|Any CPU
		{D0112AF3-7BEF-400D-8E8B-C3A7758EAD63}.Debug|x64.ActiveCfg = Debug|Any CPU
		{D0112AF3-7BEF-400D-8E8B-C3A7758EAD63}.Debug|x64.Build.0 = Debug|Any CPU
		{D0112AF3-7BEF-400D-8E8B-C3A7758EAD63}.Debug|x86.ActiveCfg = Debug|Any CPU
		{D0112AF3-7BEF-400D-8E8B-C3A7758EAD63}.Debug|x86.Build.0 = Debug|Any CPU
		{D0112AF3-7BEF-400D-8E8B-C3A7758EAD63}.Release|Any CPU.ActiveCfg = Release|Any CPU
		{D0112AF3-7BEF-400D-8E8B-C3A7758EAD63}.Release|Any CPU.Build.0 = Release|Any CPU
		{D0112AF3-7BEF-400D-8E8B-C3A7758EAD63}.Release|ARM.ActiveCfg = Release|Any CPU
		{D0112AF3-7BEF-400D-8E8B-C3A7758EAD63}.Release|ARM.Build.0 = Release|Any CPU
		{D0112AF3-7BEF-400D-8E8B-C3A7758EAD63}.Release|iPhone.ActiveCfg = Release|Any CPU
		{D0112AF3-7BEF-400D-8E8B-C3A7758EAD63}.Release|iPhone.Build.0 = Release|Any CPU
		{D0112AF3-7BEF-400D-8E8B-C3A7758EAD63}.Release|iPhoneSimulator.ActiveCfg = Release|Any CPU
		{D0112AF3-7BEF-400D-8E8B-C3A7758EAD63}.Release|iPhoneSimulator.Build.0 = Release|Any CPU
		{D0112AF3-7BEF-400D-8E8B-C3A7758EAD63}.Release|x64.ActiveCfg = Release|Any CPU
		{D0112AF3-7BEF-400D-8E8B-C3A7758EAD63}.Release|x64.Build.0 = Release|Any CPU
		{D0112AF3-7BEF-400D-8E8B-C3A7758EAD63}.Release|x86.ActiveCfg = Release|Any CPU
		{D0112AF3-7BEF-400D-8E8B-C3A7758EAD63}.Release|x86.Build.0 = Release|Any CPU
		{1C4FA9C9-8455-468C-A288-EB085ED2E1A5}.Ad-Hoc|Any CPU.ActiveCfg = Release|Any CPU
		{1C4FA9C9-8455-468C-A288-EB085ED2E1A5}.Ad-Hoc|Any CPU.Build.0 = Release|Any CPU
		{1C4FA9C9-8455-468C-A288-EB085ED2E1A5}.Ad-Hoc|ARM.ActiveCfg = Release|Any CPU
		{1C4FA9C9-8455-468C-A288-EB085ED2E1A5}.Ad-Hoc|ARM.Build.0 = Release|Any CPU
		{1C4FA9C9-8455-468C-A288-EB085ED2E1A5}.Ad-Hoc|iPhone.ActiveCfg = Release|Any CPU
		{1C4FA9C9-8455-468C-A288-EB085ED2E1A5}.Ad-Hoc|iPhone.Build.0 = Release|Any CPU
		{1C4FA9C9-8455-468C-A288-EB085ED2E1A5}.Ad-Hoc|iPhoneSimulator.ActiveCfg = Release|Any CPU
		{1C4FA9C9-8455-468C-A288-EB085ED2E1A5}.Ad-Hoc|iPhoneSimulator.Build.0 = Release|Any CPU
		{1C4FA9C9-8455-468C-A288-EB085ED2E1A5}.Ad-Hoc|x64.ActiveCfg = Release|Any CPU
		{1C4FA9C9-8455-468C-A288-EB085ED2E1A5}.Ad-Hoc|x64.Build.0 = Release|Any CPU
		{1C4FA9C9-8455-468C-A288-EB085ED2E1A5}.Ad-Hoc|x86.ActiveCfg = Release|Any CPU
		{1C4FA9C9-8455-468C-A288-EB085ED2E1A5}.Ad-Hoc|x86.Build.0 = Release|Any CPU
		{1C4FA9C9-8455-468C-A288-EB085ED2E1A5}.AppStore|Any CPU.ActiveCfg = Release|Any CPU
		{1C4FA9C9-8455-468C-A288-EB085ED2E1A5}.AppStore|Any CPU.Build.0 = Release|Any CPU
		{1C4FA9C9-8455-468C-A288-EB085ED2E1A5}.AppStore|ARM.ActiveCfg = Release|Any CPU
		{1C4FA9C9-8455-468C-A288-EB085ED2E1A5}.AppStore|ARM.Build.0 = Release|Any CPU
		{1C4FA9C9-8455-468C-A288-EB085ED2E1A5}.AppStore|iPhone.ActiveCfg = Release|Any CPU
		{1C4FA9C9-8455-468C-A288-EB085ED2E1A5}.AppStore|iPhone.Build.0 = Release|Any CPU
		{1C4FA9C9-8455-468C-A288-EB085ED2E1A5}.AppStore|iPhoneSimulator.ActiveCfg = Release|Any CPU
		{1C4FA9C9-8455-468C-A288-EB085ED2E1A5}.AppStore|iPhoneSimulator.Build.0 = Release|Any CPU
		{1C4FA9C9-8455-468C-A288-EB085ED2E1A5}.AppStore|x64.ActiveCfg = Release|Any CPU
		{1C4FA9C9-8455-468C-A288-EB085ED2E1A5}.AppStore|x64.Build.0 = Release|Any CPU
		{1C4FA9C9-8455-468C-A288-EB085ED2E1A5}.AppStore|x86.ActiveCfg = Release|Any CPU
		{1C4FA9C9-8455-468C-A288-EB085ED2E1A5}.AppStore|x86.Build.0 = Release|Any CPU
		{1C4FA9C9-8455-468C-A288-EB085ED2E1A5}.Debug|Any CPU.ActiveCfg = Debug|Any CPU
		{1C4FA9C9-8455-468C-A288-EB085ED2E1A5}.Debug|Any CPU.Build.0 = Debug|Any CPU
		{1C4FA9C9-8455-468C-A288-EB085ED2E1A5}.Debug|ARM.ActiveCfg = Debug|Any CPU
		{1C4FA9C9-8455-468C-A288-EB085ED2E1A5}.Debug|ARM.Build.0 = Debug|Any CPU
		{1C4FA9C9-8455-468C-A288-EB085ED2E1A5}.Debug|iPhone.ActiveCfg = Debug|Any CPU
		{1C4FA9C9-8455-468C-A288-EB085ED2E1A5}.Debug|iPhone.Build.0 = Debug|Any CPU
		{1C4FA9C9-8455-468C-A288-EB085ED2E1A5}.Debug|iPhoneSimulator.ActiveCfg = Debug|Any CPU
		{1C4FA9C9-8455-468C-A288-EB085ED2E1A5}.Debug|iPhoneSimulator.Build.0 = Debug|Any CPU
		{1C4FA9C9-8455-468C-A288-EB085ED2E1A5}.Debug|x64.ActiveCfg = Debug|Any CPU
		{1C4FA9C9-8455-468C-A288-EB085ED2E1A5}.Debug|x64.Build.0 = Debug|Any CPU
		{1C4FA9C9-8455-468C-A288-EB085ED2E1A5}.Debug|x86.ActiveCfg = Debug|Any CPU
		{1C4FA9C9-8455-468C-A288-EB085ED2E1A5}.Debug|x86.Build.0 = Debug|Any CPU
		{1C4FA9C9-8455-468C-A288-EB085ED2E1A5}.Release|Any CPU.ActiveCfg = Release|Any CPU
		{1C4FA9C9-8455-468C-A288-EB085ED2E1A5}.Release|Any CPU.Build.0 = Release|Any CPU
		{1C4FA9C9-8455-468C-A288-EB085ED2E1A5}.Release|ARM.ActiveCfg = Release|Any CPU
		{1C4FA9C9-8455-468C-A288-EB085ED2E1A5}.Release|ARM.Build.0 = Release|Any CPU
		{1C4FA9C9-8455-468C-A288-EB085ED2E1A5}.Release|iPhone.ActiveCfg = Release|Any CPU
		{1C4FA9C9-8455-468C-A288-EB085ED2E1A5}.Release|iPhone.Build.0 = Release|Any CPU
		{1C4FA9C9-8455-468C-A288-EB085ED2E1A5}.Release|iPhoneSimulator.ActiveCfg = Release|Any CPU
		{1C4FA9C9-8455-468C-A288-EB085ED2E1A5}.Release|iPhoneSimulator.Build.0 = Release|Any CPU
		{1C4FA9C9-8455-468C-A288-EB085ED2E1A5}.Release|x64.ActiveCfg = Release|Any CPU
		{1C4FA9C9-8455-468C-A288-EB085ED2E1A5}.Release|x64.Build.0 = Release|Any CPU
		{1C4FA9C9-8455-468C-A288-EB085ED2E1A5}.Release|x86.ActiveCfg = Release|Any CPU
		{1C4FA9C9-8455-468C-A288-EB085ED2E1A5}.Release|x86.Build.0 = Release|Any CPU
		{CA042245-5A64-4CE8-B5E5-858C24BEA2CF}.Ad-Hoc|Any CPU.ActiveCfg = Release|Any CPU
		{CA042245-5A64-4CE8-B5E5-858C24BEA2CF}.Ad-Hoc|Any CPU.Build.0 = Release|Any CPU
		{CA042245-5A64-4CE8-B5E5-858C24BEA2CF}.Ad-Hoc|Any CPU.Deploy.0 = Release|Any CPU
		{CA042245-5A64-4CE8-B5E5-858C24BEA2CF}.Ad-Hoc|ARM.ActiveCfg = Release|Any CPU
		{CA042245-5A64-4CE8-B5E5-858C24BEA2CF}.Ad-Hoc|ARM.Build.0 = Release|Any CPU
		{CA042245-5A64-4CE8-B5E5-858C24BEA2CF}.Ad-Hoc|ARM.Deploy.0 = Release|Any CPU
		{CA042245-5A64-4CE8-B5E5-858C24BEA2CF}.Ad-Hoc|iPhone.ActiveCfg = Release|Any CPU
		{CA042245-5A64-4CE8-B5E5-858C24BEA2CF}.Ad-Hoc|iPhone.Build.0 = Release|Any CPU
		{CA042245-5A64-4CE8-B5E5-858C24BEA2CF}.Ad-Hoc|iPhone.Deploy.0 = Release|Any CPU
		{CA042245-5A64-4CE8-B5E5-858C24BEA2CF}.Ad-Hoc|iPhoneSimulator.ActiveCfg = Release|Any CPU
		{CA042245-5A64-4CE8-B5E5-858C24BEA2CF}.Ad-Hoc|iPhoneSimulator.Build.0 = Release|Any CPU
		{CA042245-5A64-4CE8-B5E5-858C24BEA2CF}.Ad-Hoc|iPhoneSimulator.Deploy.0 = Release|Any CPU
		{CA042245-5A64-4CE8-B5E5-858C24BEA2CF}.Ad-Hoc|x64.ActiveCfg = Release|Any CPU
		{CA042245-5A64-4CE8-B5E5-858C24BEA2CF}.Ad-Hoc|x64.Build.0 = Release|Any CPU
		{CA042245-5A64-4CE8-B5E5-858C24BEA2CF}.Ad-Hoc|x64.Deploy.0 = Release|Any CPU
		{CA042245-5A64-4CE8-B5E5-858C24BEA2CF}.Ad-Hoc|x86.ActiveCfg = Release|Any CPU
		{CA042245-5A64-4CE8-B5E5-858C24BEA2CF}.Ad-Hoc|x86.Build.0 = Release|Any CPU
		{CA042245-5A64-4CE8-B5E5-858C24BEA2CF}.Ad-Hoc|x86.Deploy.0 = Release|Any CPU
		{CA042245-5A64-4CE8-B5E5-858C24BEA2CF}.AppStore|Any CPU.ActiveCfg = Release|Any CPU
		{CA042245-5A64-4CE8-B5E5-858C24BEA2CF}.AppStore|Any CPU.Build.0 = Release|Any CPU
		{CA042245-5A64-4CE8-B5E5-858C24BEA2CF}.AppStore|Any CPU.Deploy.0 = Release|Any CPU
		{CA042245-5A64-4CE8-B5E5-858C24BEA2CF}.AppStore|ARM.ActiveCfg = Release|Any CPU
		{CA042245-5A64-4CE8-B5E5-858C24BEA2CF}.AppStore|ARM.Build.0 = Release|Any CPU
		{CA042245-5A64-4CE8-B5E5-858C24BEA2CF}.AppStore|ARM.Deploy.0 = Release|Any CPU
		{CA042245-5A64-4CE8-B5E5-858C24BEA2CF}.AppStore|iPhone.ActiveCfg = Release|Any CPU
		{CA042245-5A64-4CE8-B5E5-858C24BEA2CF}.AppStore|iPhone.Build.0 = Release|Any CPU
		{CA042245-5A64-4CE8-B5E5-858C24BEA2CF}.AppStore|iPhone.Deploy.0 = Release|Any CPU
		{CA042245-5A64-4CE8-B5E5-858C24BEA2CF}.AppStore|iPhoneSimulator.ActiveCfg = Release|Any CPU
		{CA042245-5A64-4CE8-B5E5-858C24BEA2CF}.AppStore|iPhoneSimulator.Build.0 = Release|Any CPU
		{CA042245-5A64-4CE8-B5E5-858C24BEA2CF}.AppStore|iPhoneSimulator.Deploy.0 = Release|Any CPU
		{CA042245-5A64-4CE8-B5E5-858C24BEA2CF}.AppStore|x64.ActiveCfg = Release|Any CPU
		{CA042245-5A64-4CE8-B5E5-858C24BEA2CF}.AppStore|x64.Build.0 = Release|Any CPU
		{CA042245-5A64-4CE8-B5E5-858C24BEA2CF}.AppStore|x64.Deploy.0 = Release|Any CPU
		{CA042245-5A64-4CE8-B5E5-858C24BEA2CF}.AppStore|x86.ActiveCfg = Release|Any CPU
		{CA042245-5A64-4CE8-B5E5-858C24BEA2CF}.AppStore|x86.Build.0 = Release|Any CPU
		{CA042245-5A64-4CE8-B5E5-858C24BEA2CF}.AppStore|x86.Deploy.0 = Release|Any CPU
		{CA042245-5A64-4CE8-B5E5-858C24BEA2CF}.Debug|Any CPU.ActiveCfg = Debug|Any CPU
		{CA042245-5A64-4CE8-B5E5-858C24BEA2CF}.Debug|Any CPU.Build.0 = Debug|Any CPU
		{CA042245-5A64-4CE8-B5E5-858C24BEA2CF}.Debug|Any CPU.Deploy.0 = Debug|Any CPU
		{CA042245-5A64-4CE8-B5E5-858C24BEA2CF}.Debug|ARM.ActiveCfg = Debug|Any CPU
		{CA042245-5A64-4CE8-B5E5-858C24BEA2CF}.Debug|ARM.Build.0 = Debug|Any CPU
		{CA042245-5A64-4CE8-B5E5-858C24BEA2CF}.Debug|ARM.Deploy.0 = Debug|Any CPU
		{CA042245-5A64-4CE8-B5E5-858C24BEA2CF}.Debug|iPhone.ActiveCfg = Debug|Any CPU
		{CA042245-5A64-4CE8-B5E5-858C24BEA2CF}.Debug|iPhone.Build.0 = Debug|Any CPU
		{CA042245-5A64-4CE8-B5E5-858C24BEA2CF}.Debug|iPhone.Deploy.0 = Debug|Any CPU
		{CA042245-5A64-4CE8-B5E5-858C24BEA2CF}.Debug|iPhoneSimulator.ActiveCfg = Debug|Any CPU
		{CA042245-5A64-4CE8-B5E5-858C24BEA2CF}.Debug|iPhoneSimulator.Build.0 = Debug|Any CPU
		{CA042245-5A64-4CE8-B5E5-858C24BEA2CF}.Debug|iPhoneSimulator.Deploy.0 = Debug|Any CPU
		{CA042245-5A64-4CE8-B5E5-858C24BEA2CF}.Debug|x64.ActiveCfg = Debug|Any CPU
		{CA042245-5A64-4CE8-B5E5-858C24BEA2CF}.Debug|x64.Build.0 = Debug|Any CPU
		{CA042245-5A64-4CE8-B5E5-858C24BEA2CF}.Debug|x64.Deploy.0 = Debug|Any CPU
		{CA042245-5A64-4CE8-B5E5-858C24BEA2CF}.Debug|x86.ActiveCfg = Debug|Any CPU
		{CA042245-5A64-4CE8-B5E5-858C24BEA2CF}.Debug|x86.Build.0 = Debug|Any CPU
		{CA042245-5A64-4CE8-B5E5-858C24BEA2CF}.Debug|x86.Deploy.0 = Debug|Any CPU
		{CA042245-5A64-4CE8-B5E5-858C24BEA2CF}.Release|Any CPU.ActiveCfg = Release|Any CPU
		{CA042245-5A64-4CE8-B5E5-858C24BEA2CF}.Release|Any CPU.Build.0 = Release|Any CPU
		{CA042245-5A64-4CE8-B5E5-858C24BEA2CF}.Release|Any CPU.Deploy.0 = Release|Any CPU
		{CA042245-5A64-4CE8-B5E5-858C24BEA2CF}.Release|ARM.ActiveCfg = Release|Any CPU
		{CA042245-5A64-4CE8-B5E5-858C24BEA2CF}.Release|ARM.Build.0 = Release|Any CPU
		{CA042245-5A64-4CE8-B5E5-858C24BEA2CF}.Release|ARM.Deploy.0 = Release|Any CPU
		{CA042245-5A64-4CE8-B5E5-858C24BEA2CF}.Release|iPhone.ActiveCfg = Release|Any CPU
		{CA042245-5A64-4CE8-B5E5-858C24BEA2CF}.Release|iPhone.Build.0 = Release|Any CPU
		{CA042245-5A64-4CE8-B5E5-858C24BEA2CF}.Release|iPhone.Deploy.0 = Release|Any CPU
		{CA042245-5A64-4CE8-B5E5-858C24BEA2CF}.Release|iPhoneSimulator.ActiveCfg = Release|Any CPU
		{CA042245-5A64-4CE8-B5E5-858C24BEA2CF}.Release|iPhoneSimulator.Build.0 = Release|Any CPU
		{CA042245-5A64-4CE8-B5E5-858C24BEA2CF}.Release|iPhoneSimulator.Deploy.0 = Release|Any CPU
		{CA042245-5A64-4CE8-B5E5-858C24BEA2CF}.Release|x64.ActiveCfg = Release|Any CPU
		{CA042245-5A64-4CE8-B5E5-858C24BEA2CF}.Release|x64.Build.0 = Release|Any CPU
		{CA042245-5A64-4CE8-B5E5-858C24BEA2CF}.Release|x64.Deploy.0 = Release|Any CPU
		{CA042245-5A64-4CE8-B5E5-858C24BEA2CF}.Release|x86.ActiveCfg = Release|Any CPU
		{CA042245-5A64-4CE8-B5E5-858C24BEA2CF}.Release|x86.Build.0 = Release|Any CPU
		{CA042245-5A64-4CE8-B5E5-858C24BEA2CF}.Release|x86.Deploy.0 = Release|Any CPU
		{B4115537-9DBA-4BBA-A8EA-059903C60F90}.Ad-Hoc|Any CPU.ActiveCfg = Ad-Hoc|iPhone
		{B4115537-9DBA-4BBA-A8EA-059903C60F90}.Ad-Hoc|ARM.ActiveCfg = Ad-Hoc|iPhone
		{B4115537-9DBA-4BBA-A8EA-059903C60F90}.Ad-Hoc|iPhone.ActiveCfg = Ad-Hoc|iPhone
		{B4115537-9DBA-4BBA-A8EA-059903C60F90}.Ad-Hoc|iPhone.Build.0 = Ad-Hoc|iPhone
		{B4115537-9DBA-4BBA-A8EA-059903C60F90}.Ad-Hoc|iPhoneSimulator.ActiveCfg = Ad-Hoc|iPhoneSimulator
		{B4115537-9DBA-4BBA-A8EA-059903C60F90}.Ad-Hoc|iPhoneSimulator.Build.0 = Ad-Hoc|iPhoneSimulator
		{B4115537-9DBA-4BBA-A8EA-059903C60F90}.Ad-Hoc|x64.ActiveCfg = Ad-Hoc|iPhone
		{B4115537-9DBA-4BBA-A8EA-059903C60F90}.Ad-Hoc|x86.ActiveCfg = Ad-Hoc|iPhone
		{B4115537-9DBA-4BBA-A8EA-059903C60F90}.AppStore|Any CPU.ActiveCfg = AppStore|iPhone
		{B4115537-9DBA-4BBA-A8EA-059903C60F90}.AppStore|ARM.ActiveCfg = AppStore|iPhone
		{B4115537-9DBA-4BBA-A8EA-059903C60F90}.AppStore|iPhone.ActiveCfg = AppStore|iPhone
		{B4115537-9DBA-4BBA-A8EA-059903C60F90}.AppStore|iPhone.Build.0 = AppStore|iPhone
		{B4115537-9DBA-4BBA-A8EA-059903C60F90}.AppStore|iPhoneSimulator.ActiveCfg = AppStore|iPhoneSimulator
		{B4115537-9DBA-4BBA-A8EA-059903C60F90}.AppStore|iPhoneSimulator.Build.0 = AppStore|iPhoneSimulator
		{B4115537-9DBA-4BBA-A8EA-059903C60F90}.AppStore|x64.ActiveCfg = AppStore|iPhone
		{B4115537-9DBA-4BBA-A8EA-059903C60F90}.AppStore|x86.ActiveCfg = AppStore|iPhone
		{B4115537-9DBA-4BBA-A8EA-059903C60F90}.Debug|Any CPU.ActiveCfg = Debug|iPhone
		{B4115537-9DBA-4BBA-A8EA-059903C60F90}.Debug|ARM.ActiveCfg = Debug|iPhone
		{B4115537-9DBA-4BBA-A8EA-059903C60F90}.Debug|iPhone.ActiveCfg = Debug|iPhone
		{B4115537-9DBA-4BBA-A8EA-059903C60F90}.Debug|iPhone.Build.0 = Debug|iPhone
		{B4115537-9DBA-4BBA-A8EA-059903C60F90}.Debug|iPhoneSimulator.ActiveCfg = Debug|iPhoneSimulator
		{B4115537-9DBA-4BBA-A8EA-059903C60F90}.Debug|iPhoneSimulator.Build.0 = Debug|iPhoneSimulator
		{B4115537-9DBA-4BBA-A8EA-059903C60F90}.Debug|x64.ActiveCfg = Debug|iPhone
		{B4115537-9DBA-4BBA-A8EA-059903C60F90}.Debug|x86.ActiveCfg = Debug|iPhone
		{B4115537-9DBA-4BBA-A8EA-059903C60F90}.Release|Any CPU.ActiveCfg = Release|iPhone
		{B4115537-9DBA-4BBA-A8EA-059903C60F90}.Release|ARM.ActiveCfg = Release|iPhone
		{B4115537-9DBA-4BBA-A8EA-059903C60F90}.Release|iPhone.ActiveCfg = Release|iPhone
		{B4115537-9DBA-4BBA-A8EA-059903C60F90}.Release|iPhone.Build.0 = Release|iPhone
		{B4115537-9DBA-4BBA-A8EA-059903C60F90}.Release|iPhoneSimulator.ActiveCfg = Release|iPhoneSimulator
		{B4115537-9DBA-4BBA-A8EA-059903C60F90}.Release|iPhoneSimulator.Build.0 = Release|iPhoneSimulator
		{B4115537-9DBA-4BBA-A8EA-059903C60F90}.Release|x64.ActiveCfg = Release|iPhone
		{B4115537-9DBA-4BBA-A8EA-059903C60F90}.Release|x86.ActiveCfg = Release|iPhone
		{E15F5D11-D26F-4965-B5A4-808119F1B98B}.Ad-Hoc|Any CPU.ActiveCfg = Release|x86
		{E15F5D11-D26F-4965-B5A4-808119F1B98B}.Ad-Hoc|Any CPU.Build.0 = Release|x86
		{E15F5D11-D26F-4965-B5A4-808119F1B98B}.Ad-Hoc|Any CPU.Deploy.0 = Release|x86
		{E15F5D11-D26F-4965-B5A4-808119F1B98B}.Ad-Hoc|ARM.ActiveCfg = Release|ARM
		{E15F5D11-D26F-4965-B5A4-808119F1B98B}.Ad-Hoc|ARM.Build.0 = Release|ARM
		{E15F5D11-D26F-4965-B5A4-808119F1B98B}.Ad-Hoc|ARM.Deploy.0 = Release|ARM
		{E15F5D11-D26F-4965-B5A4-808119F1B98B}.Ad-Hoc|iPhone.ActiveCfg = Release|x86
		{E15F5D11-D26F-4965-B5A4-808119F1B98B}.Ad-Hoc|iPhone.Build.0 = Release|x86
		{E15F5D11-D26F-4965-B5A4-808119F1B98B}.Ad-Hoc|iPhone.Deploy.0 = Release|x86
		{E15F5D11-D26F-4965-B5A4-808119F1B98B}.Ad-Hoc|iPhoneSimulator.ActiveCfg = Release|x86
		{E15F5D11-D26F-4965-B5A4-808119F1B98B}.Ad-Hoc|iPhoneSimulator.Build.0 = Release|x86
		{E15F5D11-D26F-4965-B5A4-808119F1B98B}.Ad-Hoc|iPhoneSimulator.Deploy.0 = Release|x86
		{E15F5D11-D26F-4965-B5A4-808119F1B98B}.Ad-Hoc|x64.ActiveCfg = Release|x64
		{E15F5D11-D26F-4965-B5A4-808119F1B98B}.Ad-Hoc|x64.Build.0 = Release|x64
		{E15F5D11-D26F-4965-B5A4-808119F1B98B}.Ad-Hoc|x64.Deploy.0 = Release|x64
		{E15F5D11-D26F-4965-B5A4-808119F1B98B}.Ad-Hoc|x86.ActiveCfg = Release|x86
		{E15F5D11-D26F-4965-B5A4-808119F1B98B}.Ad-Hoc|x86.Build.0 = Release|x86
		{E15F5D11-D26F-4965-B5A4-808119F1B98B}.Ad-Hoc|x86.Deploy.0 = Release|x86
		{E15F5D11-D26F-4965-B5A4-808119F1B98B}.AppStore|Any CPU.ActiveCfg = Release|x86
		{E15F5D11-D26F-4965-B5A4-808119F1B98B}.AppStore|Any CPU.Build.0 = Release|x86
		{E15F5D11-D26F-4965-B5A4-808119F1B98B}.AppStore|Any CPU.Deploy.0 = Release|x86
		{E15F5D11-D26F-4965-B5A4-808119F1B98B}.AppStore|ARM.ActiveCfg = Release|ARM
		{E15F5D11-D26F-4965-B5A4-808119F1B98B}.AppStore|ARM.Build.0 = Release|ARM
		{E15F5D11-D26F-4965-B5A4-808119F1B98B}.AppStore|ARM.Deploy.0 = Release|ARM
		{E15F5D11-D26F-4965-B5A4-808119F1B98B}.AppStore|iPhone.ActiveCfg = Release|x86
		{E15F5D11-D26F-4965-B5A4-808119F1B98B}.AppStore|iPhone.Build.0 = Release|x86
		{E15F5D11-D26F-4965-B5A4-808119F1B98B}.AppStore|iPhone.Deploy.0 = Release|x86
		{E15F5D11-D26F-4965-B5A4-808119F1B98B}.AppStore|iPhoneSimulator.ActiveCfg = Release|x86
		{E15F5D11-D26F-4965-B5A4-808119F1B98B}.AppStore|iPhoneSimulator.Build.0 = Release|x86
		{E15F5D11-D26F-4965-B5A4-808119F1B98B}.AppStore|iPhoneSimulator.Deploy.0 = Release|x86
		{E15F5D11-D26F-4965-B5A4-808119F1B98B}.AppStore|x64.ActiveCfg = Release|x64
		{E15F5D11-D26F-4965-B5A4-808119F1B98B}.AppStore|x64.Build.0 = Release|x64
		{E15F5D11-D26F-4965-B5A4-808119F1B98B}.AppStore|x64.Deploy.0 = Release|x64
		{E15F5D11-D26F-4965-B5A4-808119F1B98B}.AppStore|x86.ActiveCfg = Release|x86
		{E15F5D11-D26F-4965-B5A4-808119F1B98B}.AppStore|x86.Build.0 = Release|x86
		{E15F5D11-D26F-4965-B5A4-808119F1B98B}.AppStore|x86.Deploy.0 = Release|x86
		{E15F5D11-D26F-4965-B5A4-808119F1B98B}.Debug|Any CPU.ActiveCfg = Debug|x86
		{E15F5D11-D26F-4965-B5A4-808119F1B98B}.Debug|ARM.ActiveCfg = Debug|ARM
		{E15F5D11-D26F-4965-B5A4-808119F1B98B}.Debug|ARM.Build.0 = Debug|ARM
		{E15F5D11-D26F-4965-B5A4-808119F1B98B}.Debug|ARM.Deploy.0 = Debug|ARM
		{E15F5D11-D26F-4965-B5A4-808119F1B98B}.Debug|iPhone.ActiveCfg = Debug|x86
		{E15F5D11-D26F-4965-B5A4-808119F1B98B}.Debug|iPhoneSimulator.ActiveCfg = Debug|x86
		{E15F5D11-D26F-4965-B5A4-808119F1B98B}.Debug|x64.ActiveCfg = Debug|x64
		{E15F5D11-D26F-4965-B5A4-808119F1B98B}.Debug|x64.Build.0 = Debug|x64
		{E15F5D11-D26F-4965-B5A4-808119F1B98B}.Debug|x64.Deploy.0 = Debug|x64
		{E15F5D11-D26F-4965-B5A4-808119F1B98B}.Debug|x86.ActiveCfg = Debug|x86
		{E15F5D11-D26F-4965-B5A4-808119F1B98B}.Debug|x86.Build.0 = Debug|x86
		{E15F5D11-D26F-4965-B5A4-808119F1B98B}.Debug|x86.Deploy.0 = Debug|x86
		{E15F5D11-D26F-4965-B5A4-808119F1B98B}.Release|Any CPU.ActiveCfg = Release|x86
		{E15F5D11-D26F-4965-B5A4-808119F1B98B}.Release|ARM.ActiveCfg = Release|ARM
		{E15F5D11-D26F-4965-B5A4-808119F1B98B}.Release|ARM.Build.0 = Release|ARM
		{E15F5D11-D26F-4965-B5A4-808119F1B98B}.Release|ARM.Deploy.0 = Release|ARM
		{E15F5D11-D26F-4965-B5A4-808119F1B98B}.Release|iPhone.ActiveCfg = Release|x86
		{E15F5D11-D26F-4965-B5A4-808119F1B98B}.Release|iPhoneSimulator.ActiveCfg = Release|x86
		{E15F5D11-D26F-4965-B5A4-808119F1B98B}.Release|x64.ActiveCfg = Release|x64
		{E15F5D11-D26F-4965-B5A4-808119F1B98B}.Release|x64.Build.0 = Release|x64
		{E15F5D11-D26F-4965-B5A4-808119F1B98B}.Release|x64.Deploy.0 = Release|x64
		{E15F5D11-D26F-4965-B5A4-808119F1B98B}.Release|x86.ActiveCfg = Release|x86
		{E15F5D11-D26F-4965-B5A4-808119F1B98B}.Release|x86.Build.0 = Release|x86
		{E15F5D11-D26F-4965-B5A4-808119F1B98B}.Release|x86.Deploy.0 = Release|x86
		{1ADAF0C9-E228-40C5-99F8-5BC31EEE3F37}.Ad-Hoc|Any CPU.ActiveCfg = Debug|Any CPU
		{1ADAF0C9-E228-40C5-99F8-5BC31EEE3F37}.Ad-Hoc|Any CPU.Build.0 = Debug|Any CPU
		{1ADAF0C9-E228-40C5-99F8-5BC31EEE3F37}.Ad-Hoc|ARM.ActiveCfg = Debug|Any CPU
		{1ADAF0C9-E228-40C5-99F8-5BC31EEE3F37}.Ad-Hoc|ARM.Build.0 = Debug|Any CPU
		{1ADAF0C9-E228-40C5-99F8-5BC31EEE3F37}.Ad-Hoc|iPhone.ActiveCfg = Debug|Any CPU
		{1ADAF0C9-E228-40C5-99F8-5BC31EEE3F37}.Ad-Hoc|iPhone.Build.0 = Debug|Any CPU
		{1ADAF0C9-E228-40C5-99F8-5BC31EEE3F37}.Ad-Hoc|iPhoneSimulator.ActiveCfg = Debug|Any CPU
		{1ADAF0C9-E228-40C5-99F8-5BC31EEE3F37}.Ad-Hoc|iPhoneSimulator.Build.0 = Debug|Any CPU
		{1ADAF0C9-E228-40C5-99F8-5BC31EEE3F37}.Ad-Hoc|x64.ActiveCfg = Debug|Any CPU
		{1ADAF0C9-E228-40C5-99F8-5BC31EEE3F37}.Ad-Hoc|x64.Build.0 = Debug|Any CPU
		{1ADAF0C9-E228-40C5-99F8-5BC31EEE3F37}.Ad-Hoc|x86.ActiveCfg = Debug|Any CPU
		{1ADAF0C9-E228-40C5-99F8-5BC31EEE3F37}.Ad-Hoc|x86.Build.0 = Debug|Any CPU
		{1ADAF0C9-E228-40C5-99F8-5BC31EEE3F37}.AppStore|Any CPU.ActiveCfg = Debug|Any CPU
		{1ADAF0C9-E228-40C5-99F8-5BC31EEE3F37}.AppStore|Any CPU.Build.0 = Debug|Any CPU
		{1ADAF0C9-E228-40C5-99F8-5BC31EEE3F37}.AppStore|ARM.ActiveCfg = Debug|Any CPU
		{1ADAF0C9-E228-40C5-99F8-5BC31EEE3F37}.AppStore|ARM.Build.0 = Debug|Any CPU
		{1ADAF0C9-E228-40C5-99F8-5BC31EEE3F37}.AppStore|iPhone.ActiveCfg = Debug|Any CPU
		{1ADAF0C9-E228-40C5-99F8-5BC31EEE3F37}.AppStore|iPhone.Build.0 = Debug|Any CPU
		{1ADAF0C9-E228-40C5-99F8-5BC31EEE3F37}.AppStore|iPhoneSimulator.ActiveCfg = Debug|Any CPU
		{1ADAF0C9-E228-40C5-99F8-5BC31EEE3F37}.AppStore|iPhoneSimulator.Build.0 = Debug|Any CPU
		{1ADAF0C9-E228-40C5-99F8-5BC31EEE3F37}.AppStore|x64.ActiveCfg = Debug|Any CPU
		{1ADAF0C9-E228-40C5-99F8-5BC31EEE3F37}.AppStore|x64.Build.0 = Debug|Any CPU
		{1ADAF0C9-E228-40C5-99F8-5BC31EEE3F37}.AppStore|x86.ActiveCfg = Debug|Any CPU
		{1ADAF0C9-E228-40C5-99F8-5BC31EEE3F37}.AppStore|x86.Build.0 = Debug|Any CPU
		{1ADAF0C9-E228-40C5-99F8-5BC31EEE3F37}.Debug|Any CPU.ActiveCfg = Debug|Any CPU
		{1ADAF0C9-E228-40C5-99F8-5BC31EEE3F37}.Debug|Any CPU.Build.0 = Debug|Any CPU
		{1ADAF0C9-E228-40C5-99F8-5BC31EEE3F37}.Debug|ARM.ActiveCfg = Debug|Any CPU
		{1ADAF0C9-E228-40C5-99F8-5BC31EEE3F37}.Debug|ARM.Build.0 = Debug|Any CPU
		{1ADAF0C9-E228-40C5-99F8-5BC31EEE3F37}.Debug|iPhone.ActiveCfg = Debug|Any CPU
		{1ADAF0C9-E228-40C5-99F8-5BC31EEE3F37}.Debug|iPhone.Build.0 = Debug|Any CPU
		{1ADAF0C9-E228-40C5-99F8-5BC31EEE3F37}.Debug|iPhoneSimulator.ActiveCfg = Debug|Any CPU
		{1ADAF0C9-E228-40C5-99F8-5BC31EEE3F37}.Debug|iPhoneSimulator.Build.0 = Debug|Any CPU
		{1ADAF0C9-E228-40C5-99F8-5BC31EEE3F37}.Debug|x64.ActiveCfg = Debug|Any CPU
		{1ADAF0C9-E228-40C5-99F8-5BC31EEE3F37}.Debug|x64.Build.0 = Debug|Any CPU
		{1ADAF0C9-E228-40C5-99F8-5BC31EEE3F37}.Debug|x86.ActiveCfg = Debug|Any CPU
		{1ADAF0C9-E228-40C5-99F8-5BC31EEE3F37}.Debug|x86.Build.0 = Debug|Any CPU
		{1ADAF0C9-E228-40C5-99F8-5BC31EEE3F37}.Release|Any CPU.ActiveCfg = Release|Any CPU
		{1ADAF0C9-E228-40C5-99F8-5BC31EEE3F37}.Release|Any CPU.Build.0 = Release|Any CPU
		{1ADAF0C9-E228-40C5-99F8-5BC31EEE3F37}.Release|ARM.ActiveCfg = Release|Any CPU
		{1ADAF0C9-E228-40C5-99F8-5BC31EEE3F37}.Release|ARM.Build.0 = Release|Any CPU
		{1ADAF0C9-E228-40C5-99F8-5BC31EEE3F37}.Release|iPhone.ActiveCfg = Release|Any CPU
		{1ADAF0C9-E228-40C5-99F8-5BC31EEE3F37}.Release|iPhone.Build.0 = Release|Any CPU
		{1ADAF0C9-E228-40C5-99F8-5BC31EEE3F37}.Release|iPhoneSimulator.ActiveCfg = Release|Any CPU
		{1ADAF0C9-E228-40C5-99F8-5BC31EEE3F37}.Release|iPhoneSimulator.Build.0 = Release|Any CPU
		{1ADAF0C9-E228-40C5-99F8-5BC31EEE3F37}.Release|x64.ActiveCfg = Release|Any CPU
		{1ADAF0C9-E228-40C5-99F8-5BC31EEE3F37}.Release|x64.Build.0 = Release|Any CPU
		{1ADAF0C9-E228-40C5-99F8-5BC31EEE3F37}.Release|x86.ActiveCfg = Release|Any CPU
		{1ADAF0C9-E228-40C5-99F8-5BC31EEE3F37}.Release|x86.Build.0 = Release|Any CPU
		{5A05ECEB-0487-4DF0-8A75-A66C841763ED}.Ad-Hoc|Any CPU.ActiveCfg = Release|Any CPU
		{5A05ECEB-0487-4DF0-8A75-A66C841763ED}.Ad-Hoc|Any CPU.Build.0 = Release|Any CPU
		{5A05ECEB-0487-4DF0-8A75-A66C841763ED}.Ad-Hoc|Any CPU.Deploy.0 = Release|Any CPU
		{5A05ECEB-0487-4DF0-8A75-A66C841763ED}.Ad-Hoc|ARM.ActiveCfg = Release|Any CPU
		{5A05ECEB-0487-4DF0-8A75-A66C841763ED}.Ad-Hoc|ARM.Build.0 = Release|Any CPU
		{5A05ECEB-0487-4DF0-8A75-A66C841763ED}.Ad-Hoc|ARM.Deploy.0 = Release|Any CPU
		{5A05ECEB-0487-4DF0-8A75-A66C841763ED}.Ad-Hoc|iPhone.ActiveCfg = Release|Any CPU
		{5A05ECEB-0487-4DF0-8A75-A66C841763ED}.Ad-Hoc|iPhone.Build.0 = Release|Any CPU
		{5A05ECEB-0487-4DF0-8A75-A66C841763ED}.Ad-Hoc|iPhone.Deploy.0 = Release|Any CPU
		{5A05ECEB-0487-4DF0-8A75-A66C841763ED}.Ad-Hoc|iPhoneSimulator.ActiveCfg = Release|Any CPU
		{5A05ECEB-0487-4DF0-8A75-A66C841763ED}.Ad-Hoc|iPhoneSimulator.Build.0 = Release|Any CPU
		{5A05ECEB-0487-4DF0-8A75-A66C841763ED}.Ad-Hoc|iPhoneSimulator.Deploy.0 = Release|Any CPU
		{5A05ECEB-0487-4DF0-8A75-A66C841763ED}.Ad-Hoc|x64.ActiveCfg = Release|Any CPU
		{5A05ECEB-0487-4DF0-8A75-A66C841763ED}.Ad-Hoc|x64.Build.0 = Release|Any CPU
		{5A05ECEB-0487-4DF0-8A75-A66C841763ED}.Ad-Hoc|x64.Deploy.0 = Release|Any CPU
		{5A05ECEB-0487-4DF0-8A75-A66C841763ED}.Ad-Hoc|x86.ActiveCfg = Release|Any CPU
		{5A05ECEB-0487-4DF0-8A75-A66C841763ED}.Ad-Hoc|x86.Build.0 = Release|Any CPU
		{5A05ECEB-0487-4DF0-8A75-A66C841763ED}.Ad-Hoc|x86.Deploy.0 = Release|Any CPU
		{5A05ECEB-0487-4DF0-8A75-A66C841763ED}.AppStore|Any CPU.ActiveCfg = Release|Any CPU
		{5A05ECEB-0487-4DF0-8A75-A66C841763ED}.AppStore|Any CPU.Build.0 = Release|Any CPU
		{5A05ECEB-0487-4DF0-8A75-A66C841763ED}.AppStore|Any CPU.Deploy.0 = Release|Any CPU
		{5A05ECEB-0487-4DF0-8A75-A66C841763ED}.AppStore|ARM.ActiveCfg = Release|Any CPU
		{5A05ECEB-0487-4DF0-8A75-A66C841763ED}.AppStore|ARM.Build.0 = Release|Any CPU
		{5A05ECEB-0487-4DF0-8A75-A66C841763ED}.AppStore|ARM.Deploy.0 = Release|Any CPU
		{5A05ECEB-0487-4DF0-8A75-A66C841763ED}.AppStore|iPhone.ActiveCfg = Release|Any CPU
		{5A05ECEB-0487-4DF0-8A75-A66C841763ED}.AppStore|iPhone.Build.0 = Release|Any CPU
		{5A05ECEB-0487-4DF0-8A75-A66C841763ED}.AppStore|iPhone.Deploy.0 = Release|Any CPU
		{5A05ECEB-0487-4DF0-8A75-A66C841763ED}.AppStore|iPhoneSimulator.ActiveCfg = Release|Any CPU
		{5A05ECEB-0487-4DF0-8A75-A66C841763ED}.AppStore|iPhoneSimulator.Build.0 = Release|Any CPU
		{5A05ECEB-0487-4DF0-8A75-A66C841763ED}.AppStore|iPhoneSimulator.Deploy.0 = Release|Any CPU
		{5A05ECEB-0487-4DF0-8A75-A66C841763ED}.AppStore|x64.ActiveCfg = Release|Any CPU
		{5A05ECEB-0487-4DF0-8A75-A66C841763ED}.AppStore|x64.Build.0 = Release|Any CPU
		{5A05ECEB-0487-4DF0-8A75-A66C841763ED}.AppStore|x64.Deploy.0 = Release|Any CPU
		{5A05ECEB-0487-4DF0-8A75-A66C841763ED}.AppStore|x86.ActiveCfg = Release|Any CPU
		{5A05ECEB-0487-4DF0-8A75-A66C841763ED}.AppStore|x86.Build.0 = Release|Any CPU
		{5A05ECEB-0487-4DF0-8A75-A66C841763ED}.AppStore|x86.Deploy.0 = Release|Any CPU
		{5A05ECEB-0487-4DF0-8A75-A66C841763ED}.Debug|Any CPU.ActiveCfg = Debug|Any CPU
		{5A05ECEB-0487-4DF0-8A75-A66C841763ED}.Debug|Any CPU.Build.0 = Debug|Any CPU
		{5A05ECEB-0487-4DF0-8A75-A66C841763ED}.Debug|Any CPU.Deploy.0 = Debug|Any CPU
		{5A05ECEB-0487-4DF0-8A75-A66C841763ED}.Debug|ARM.ActiveCfg = Debug|Any CPU
		{5A05ECEB-0487-4DF0-8A75-A66C841763ED}.Debug|ARM.Build.0 = Debug|Any CPU
		{5A05ECEB-0487-4DF0-8A75-A66C841763ED}.Debug|ARM.Deploy.0 = Debug|Any CPU
		{5A05ECEB-0487-4DF0-8A75-A66C841763ED}.Debug|iPhone.ActiveCfg = Debug|Any CPU
		{5A05ECEB-0487-4DF0-8A75-A66C841763ED}.Debug|iPhone.Build.0 = Debug|Any CPU
		{5A05ECEB-0487-4DF0-8A75-A66C841763ED}.Debug|iPhone.Deploy.0 = Debug|Any CPU
		{5A05ECEB-0487-4DF0-8A75-A66C841763ED}.Debug|iPhoneSimulator.ActiveCfg = Debug|Any CPU
		{5A05ECEB-0487-4DF0-8A75-A66C841763ED}.Debug|iPhoneSimulator.Build.0 = Debug|Any CPU
		{5A05ECEB-0487-4DF0-8A75-A66C841763ED}.Debug|iPhoneSimulator.Deploy.0 = Debug|Any CPU
		{5A05ECEB-0487-4DF0-8A75-A66C841763ED}.Debug|x64.ActiveCfg = Debug|Any CPU
		{5A05ECEB-0487-4DF0-8A75-A66C841763ED}.Debug|x64.Build.0 = Debug|Any CPU
		{5A05ECEB-0487-4DF0-8A75-A66C841763ED}.Debug|x64.Deploy.0 = Debug|Any CPU
		{5A05ECEB-0487-4DF0-8A75-A66C841763ED}.Debug|x86.ActiveCfg = Debug|Any CPU
		{5A05ECEB-0487-4DF0-8A75-A66C841763ED}.Debug|x86.Build.0 = Debug|Any CPU
		{5A05ECEB-0487-4DF0-8A75-A66C841763ED}.Debug|x86.Deploy.0 = Debug|Any CPU
		{5A05ECEB-0487-4DF0-8A75-A66C841763ED}.Release|Any CPU.ActiveCfg = Release|Any CPU
		{5A05ECEB-0487-4DF0-8A75-A66C841763ED}.Release|Any CPU.Build.0 = Release|Any CPU
		{5A05ECEB-0487-4DF0-8A75-A66C841763ED}.Release|Any CPU.Deploy.0 = Release|Any CPU
		{5A05ECEB-0487-4DF0-8A75-A66C841763ED}.Release|ARM.ActiveCfg = Release|Any CPU
		{5A05ECEB-0487-4DF0-8A75-A66C841763ED}.Release|ARM.Build.0 = Release|Any CPU
		{5A05ECEB-0487-4DF0-8A75-A66C841763ED}.Release|ARM.Deploy.0 = Release|Any CPU
		{5A05ECEB-0487-4DF0-8A75-A66C841763ED}.Release|iPhone.ActiveCfg = Release|Any CPU
		{5A05ECEB-0487-4DF0-8A75-A66C841763ED}.Release|iPhone.Build.0 = Release|Any CPU
		{5A05ECEB-0487-4DF0-8A75-A66C841763ED}.Release|iPhone.Deploy.0 = Release|Any CPU
		{5A05ECEB-0487-4DF0-8A75-A66C841763ED}.Release|iPhoneSimulator.ActiveCfg = Release|Any CPU
		{5A05ECEB-0487-4DF0-8A75-A66C841763ED}.Release|iPhoneSimulator.Build.0 = Release|Any CPU
		{5A05ECEB-0487-4DF0-8A75-A66C841763ED}.Release|iPhoneSimulator.Deploy.0 = Release|Any CPU
		{5A05ECEB-0487-4DF0-8A75-A66C841763ED}.Release|x64.ActiveCfg = Release|Any CPU
		{5A05ECEB-0487-4DF0-8A75-A66C841763ED}.Release|x64.Build.0 = Release|Any CPU
		{5A05ECEB-0487-4DF0-8A75-A66C841763ED}.Release|x64.Deploy.0 = Release|Any CPU
		{5A05ECEB-0487-4DF0-8A75-A66C841763ED}.Release|x86.ActiveCfg = Release|Any CPU
		{5A05ECEB-0487-4DF0-8A75-A66C841763ED}.Release|x86.Build.0 = Release|Any CPU
		{5A05ECEB-0487-4DF0-8A75-A66C841763ED}.Release|x86.Deploy.0 = Release|Any CPU
		{62D47910-BCC0-461D-98EE-921938EDA4B8}.Ad-Hoc|Any CPU.ActiveCfg = Ad-Hoc|iPhone
		{62D47910-BCC0-461D-98EE-921938EDA4B8}.Ad-Hoc|ARM.ActiveCfg = Ad-Hoc|iPhone
		{62D47910-BCC0-461D-98EE-921938EDA4B8}.Ad-Hoc|iPhone.ActiveCfg = Ad-Hoc|iPhone
		{62D47910-BCC0-461D-98EE-921938EDA4B8}.Ad-Hoc|iPhone.Build.0 = Ad-Hoc|iPhone
		{62D47910-BCC0-461D-98EE-921938EDA4B8}.Ad-Hoc|iPhoneSimulator.ActiveCfg = Ad-Hoc|iPhoneSimulator
		{62D47910-BCC0-461D-98EE-921938EDA4B8}.Ad-Hoc|iPhoneSimulator.Build.0 = Ad-Hoc|iPhoneSimulator
		{62D47910-BCC0-461D-98EE-921938EDA4B8}.Ad-Hoc|x64.ActiveCfg = Ad-Hoc|iPhone
		{62D47910-BCC0-461D-98EE-921938EDA4B8}.Ad-Hoc|x86.ActiveCfg = Ad-Hoc|iPhone
		{62D47910-BCC0-461D-98EE-921938EDA4B8}.AppStore|Any CPU.ActiveCfg = AppStore|iPhone
		{62D47910-BCC0-461D-98EE-921938EDA4B8}.AppStore|ARM.ActiveCfg = AppStore|iPhone
		{62D47910-BCC0-461D-98EE-921938EDA4B8}.AppStore|iPhone.ActiveCfg = AppStore|iPhone
		{62D47910-BCC0-461D-98EE-921938EDA4B8}.AppStore|iPhone.Build.0 = AppStore|iPhone
		{62D47910-BCC0-461D-98EE-921938EDA4B8}.AppStore|iPhoneSimulator.ActiveCfg = AppStore|iPhoneSimulator
		{62D47910-BCC0-461D-98EE-921938EDA4B8}.AppStore|iPhoneSimulator.Build.0 = AppStore|iPhoneSimulator
		{62D47910-BCC0-461D-98EE-921938EDA4B8}.AppStore|x64.ActiveCfg = AppStore|iPhone
		{62D47910-BCC0-461D-98EE-921938EDA4B8}.AppStore|x86.ActiveCfg = AppStore|iPhone
		{62D47910-BCC0-461D-98EE-921938EDA4B8}.Debug|Any CPU.ActiveCfg = Debug|iPhone
		{62D47910-BCC0-461D-98EE-921938EDA4B8}.Debug|ARM.ActiveCfg = Debug|iPhone
		{62D47910-BCC0-461D-98EE-921938EDA4B8}.Debug|iPhone.ActiveCfg = Debug|iPhone
		{62D47910-BCC0-461D-98EE-921938EDA4B8}.Debug|iPhone.Build.0 = Debug|iPhone
		{62D47910-BCC0-461D-98EE-921938EDA4B8}.Debug|iPhoneSimulator.ActiveCfg = Debug|iPhoneSimulator
		{62D47910-BCC0-461D-98EE-921938EDA4B8}.Debug|iPhoneSimulator.Build.0 = Debug|iPhoneSimulator
		{62D47910-BCC0-461D-98EE-921938EDA4B8}.Debug|x64.ActiveCfg = Debug|iPhone
		{62D47910-BCC0-461D-98EE-921938EDA4B8}.Debug|x86.ActiveCfg = Debug|iPhone
		{62D47910-BCC0-461D-98EE-921938EDA4B8}.Release|Any CPU.ActiveCfg = Release|iPhone
		{62D47910-BCC0-461D-98EE-921938EDA4B8}.Release|ARM.ActiveCfg = Release|iPhone
		{62D47910-BCC0-461D-98EE-921938EDA4B8}.Release|iPhone.ActiveCfg = Release|iPhone
		{62D47910-BCC0-461D-98EE-921938EDA4B8}.Release|iPhone.Build.0 = Release|iPhone
		{62D47910-BCC0-461D-98EE-921938EDA4B8}.Release|iPhoneSimulator.ActiveCfg = Release|iPhoneSimulator
		{62D47910-BCC0-461D-98EE-921938EDA4B8}.Release|iPhoneSimulator.Build.0 = Release|iPhoneSimulator
		{62D47910-BCC0-461D-98EE-921938EDA4B8}.Release|x64.ActiveCfg = Release|iPhone
		{62D47910-BCC0-461D-98EE-921938EDA4B8}.Release|x86.ActiveCfg = Release|iPhone
		{970698AE-4EC7-40C9-B5CB-DE3E40DB5857}.Ad-Hoc|Any CPU.ActiveCfg = Release|x86
		{970698AE-4EC7-40C9-B5CB-DE3E40DB5857}.Ad-Hoc|Any CPU.Build.0 = Release|x86
		{970698AE-4EC7-40C9-B5CB-DE3E40DB5857}.Ad-Hoc|Any CPU.Deploy.0 = Release|x86
		{970698AE-4EC7-40C9-B5CB-DE3E40DB5857}.Ad-Hoc|ARM.ActiveCfg = Release|ARM
		{970698AE-4EC7-40C9-B5CB-DE3E40DB5857}.Ad-Hoc|ARM.Build.0 = Release|ARM
		{970698AE-4EC7-40C9-B5CB-DE3E40DB5857}.Ad-Hoc|ARM.Deploy.0 = Release|ARM
		{970698AE-4EC7-40C9-B5CB-DE3E40DB5857}.Ad-Hoc|iPhone.ActiveCfg = Release|x86
		{970698AE-4EC7-40C9-B5CB-DE3E40DB5857}.Ad-Hoc|iPhone.Build.0 = Release|x86
		{970698AE-4EC7-40C9-B5CB-DE3E40DB5857}.Ad-Hoc|iPhone.Deploy.0 = Release|x86
		{970698AE-4EC7-40C9-B5CB-DE3E40DB5857}.Ad-Hoc|iPhoneSimulator.ActiveCfg = Release|x86
		{970698AE-4EC7-40C9-B5CB-DE3E40DB5857}.Ad-Hoc|iPhoneSimulator.Build.0 = Release|x86
		{970698AE-4EC7-40C9-B5CB-DE3E40DB5857}.Ad-Hoc|iPhoneSimulator.Deploy.0 = Release|x86
		{970698AE-4EC7-40C9-B5CB-DE3E40DB5857}.Ad-Hoc|x64.ActiveCfg = Release|x64
		{970698AE-4EC7-40C9-B5CB-DE3E40DB5857}.Ad-Hoc|x64.Build.0 = Release|x64
		{970698AE-4EC7-40C9-B5CB-DE3E40DB5857}.Ad-Hoc|x64.Deploy.0 = Release|x64
		{970698AE-4EC7-40C9-B5CB-DE3E40DB5857}.Ad-Hoc|x86.ActiveCfg = Release|x86
		{970698AE-4EC7-40C9-B5CB-DE3E40DB5857}.Ad-Hoc|x86.Build.0 = Release|x86
		{970698AE-4EC7-40C9-B5CB-DE3E40DB5857}.Ad-Hoc|x86.Deploy.0 = Release|x86
		{970698AE-4EC7-40C9-B5CB-DE3E40DB5857}.AppStore|Any CPU.ActiveCfg = Release|x86
		{970698AE-4EC7-40C9-B5CB-DE3E40DB5857}.AppStore|Any CPU.Build.0 = Release|x86
		{970698AE-4EC7-40C9-B5CB-DE3E40DB5857}.AppStore|Any CPU.Deploy.0 = Release|x86
		{970698AE-4EC7-40C9-B5CB-DE3E40DB5857}.AppStore|ARM.ActiveCfg = Release|ARM
		{970698AE-4EC7-40C9-B5CB-DE3E40DB5857}.AppStore|ARM.Build.0 = Release|ARM
		{970698AE-4EC7-40C9-B5CB-DE3E40DB5857}.AppStore|ARM.Deploy.0 = Release|ARM
		{970698AE-4EC7-40C9-B5CB-DE3E40DB5857}.AppStore|iPhone.ActiveCfg = Release|x86
		{970698AE-4EC7-40C9-B5CB-DE3E40DB5857}.AppStore|iPhone.Build.0 = Release|x86
		{970698AE-4EC7-40C9-B5CB-DE3E40DB5857}.AppStore|iPhone.Deploy.0 = Release|x86
		{970698AE-4EC7-40C9-B5CB-DE3E40DB5857}.AppStore|iPhoneSimulator.ActiveCfg = Release|x86
		{970698AE-4EC7-40C9-B5CB-DE3E40DB5857}.AppStore|iPhoneSimulator.Build.0 = Release|x86
		{970698AE-4EC7-40C9-B5CB-DE3E40DB5857}.AppStore|iPhoneSimulator.Deploy.0 = Release|x86
		{970698AE-4EC7-40C9-B5CB-DE3E40DB5857}.AppStore|x64.ActiveCfg = Release|x64
		{970698AE-4EC7-40C9-B5CB-DE3E40DB5857}.AppStore|x64.Build.0 = Release|x64
		{970698AE-4EC7-40C9-B5CB-DE3E40DB5857}.AppStore|x64.Deploy.0 = Release|x64
		{970698AE-4EC7-40C9-B5CB-DE3E40DB5857}.AppStore|x86.ActiveCfg = Release|x86
		{970698AE-4EC7-40C9-B5CB-DE3E40DB5857}.AppStore|x86.Build.0 = Release|x86
		{970698AE-4EC7-40C9-B5CB-DE3E40DB5857}.AppStore|x86.Deploy.0 = Release|x86
		{970698AE-4EC7-40C9-B5CB-DE3E40DB5857}.Debug|Any CPU.ActiveCfg = Debug|x86
		{970698AE-4EC7-40C9-B5CB-DE3E40DB5857}.Debug|ARM.ActiveCfg = Debug|ARM
		{970698AE-4EC7-40C9-B5CB-DE3E40DB5857}.Debug|ARM.Build.0 = Debug|ARM
		{970698AE-4EC7-40C9-B5CB-DE3E40DB5857}.Debug|ARM.Deploy.0 = Debug|ARM
		{970698AE-4EC7-40C9-B5CB-DE3E40DB5857}.Debug|iPhone.ActiveCfg = Debug|x86
		{970698AE-4EC7-40C9-B5CB-DE3E40DB5857}.Debug|iPhoneSimulator.ActiveCfg = Debug|x86
		{970698AE-4EC7-40C9-B5CB-DE3E40DB5857}.Debug|x64.ActiveCfg = Debug|x64
		{970698AE-4EC7-40C9-B5CB-DE3E40DB5857}.Debug|x64.Build.0 = Debug|x64
		{970698AE-4EC7-40C9-B5CB-DE3E40DB5857}.Debug|x64.Deploy.0 = Debug|x64
		{970698AE-4EC7-40C9-B5CB-DE3E40DB5857}.Debug|x86.ActiveCfg = Debug|x86
		{970698AE-4EC7-40C9-B5CB-DE3E40DB5857}.Debug|x86.Build.0 = Debug|x86
		{970698AE-4EC7-40C9-B5CB-DE3E40DB5857}.Debug|x86.Deploy.0 = Debug|x86
		{970698AE-4EC7-40C9-B5CB-DE3E40DB5857}.Release|Any CPU.ActiveCfg = Release|x86
		{970698AE-4EC7-40C9-B5CB-DE3E40DB5857}.Release|ARM.ActiveCfg = Release|ARM
		{970698AE-4EC7-40C9-B5CB-DE3E40DB5857}.Release|ARM.Build.0 = Release|ARM
		{970698AE-4EC7-40C9-B5CB-DE3E40DB5857}.Release|ARM.Deploy.0 = Release|ARM
		{970698AE-4EC7-40C9-B5CB-DE3E40DB5857}.Release|iPhone.ActiveCfg = Release|x86
		{970698AE-4EC7-40C9-B5CB-DE3E40DB5857}.Release|iPhoneSimulator.ActiveCfg = Release|x86
		{970698AE-4EC7-40C9-B5CB-DE3E40DB5857}.Release|x64.ActiveCfg = Release|x64
		{970698AE-4EC7-40C9-B5CB-DE3E40DB5857}.Release|x64.Build.0 = Release|x64
		{970698AE-4EC7-40C9-B5CB-DE3E40DB5857}.Release|x64.Deploy.0 = Release|x64
		{970698AE-4EC7-40C9-B5CB-DE3E40DB5857}.Release|x86.ActiveCfg = Release|x86
		{970698AE-4EC7-40C9-B5CB-DE3E40DB5857}.Release|x86.Build.0 = Release|x86
		{970698AE-4EC7-40C9-B5CB-DE3E40DB5857}.Release|x86.Deploy.0 = Release|x86
		{DF6EA9D8-C0B9-408E-A5B5-F7E97576FDA1}.Ad-Hoc|Any CPU.ActiveCfg = Debug|Any CPU
		{DF6EA9D8-C0B9-408E-A5B5-F7E97576FDA1}.Ad-Hoc|Any CPU.Build.0 = Debug|Any CPU
		{DF6EA9D8-C0B9-408E-A5B5-F7E97576FDA1}.Ad-Hoc|ARM.ActiveCfg = Debug|Any CPU
		{DF6EA9D8-C0B9-408E-A5B5-F7E97576FDA1}.Ad-Hoc|ARM.Build.0 = Debug|Any CPU
		{DF6EA9D8-C0B9-408E-A5B5-F7E97576FDA1}.Ad-Hoc|iPhone.ActiveCfg = Debug|Any CPU
		{DF6EA9D8-C0B9-408E-A5B5-F7E97576FDA1}.Ad-Hoc|iPhone.Build.0 = Debug|Any CPU
		{DF6EA9D8-C0B9-408E-A5B5-F7E97576FDA1}.Ad-Hoc|iPhoneSimulator.ActiveCfg = Debug|Any CPU
		{DF6EA9D8-C0B9-408E-A5B5-F7E97576FDA1}.Ad-Hoc|iPhoneSimulator.Build.0 = Debug|Any CPU
		{DF6EA9D8-C0B9-408E-A5B5-F7E97576FDA1}.Ad-Hoc|x64.ActiveCfg = Debug|Any CPU
		{DF6EA9D8-C0B9-408E-A5B5-F7E97576FDA1}.Ad-Hoc|x64.Build.0 = Debug|Any CPU
		{DF6EA9D8-C0B9-408E-A5B5-F7E97576FDA1}.Ad-Hoc|x86.ActiveCfg = Debug|Any CPU
		{DF6EA9D8-C0B9-408E-A5B5-F7E97576FDA1}.Ad-Hoc|x86.Build.0 = Debug|Any CPU
		{DF6EA9D8-C0B9-408E-A5B5-F7E97576FDA1}.AppStore|Any CPU.ActiveCfg = Debug|Any CPU
		{DF6EA9D8-C0B9-408E-A5B5-F7E97576FDA1}.AppStore|Any CPU.Build.0 = Debug|Any CPU
		{DF6EA9D8-C0B9-408E-A5B5-F7E97576FDA1}.AppStore|ARM.ActiveCfg = Debug|Any CPU
		{DF6EA9D8-C0B9-408E-A5B5-F7E97576FDA1}.AppStore|ARM.Build.0 = Debug|Any CPU
		{DF6EA9D8-C0B9-408E-A5B5-F7E97576FDA1}.AppStore|iPhone.ActiveCfg = Debug|Any CPU
		{DF6EA9D8-C0B9-408E-A5B5-F7E97576FDA1}.AppStore|iPhone.Build.0 = Debug|Any CPU
		{DF6EA9D8-C0B9-408E-A5B5-F7E97576FDA1}.AppStore|iPhoneSimulator.ActiveCfg = Debug|Any CPU
		{DF6EA9D8-C0B9-408E-A5B5-F7E97576FDA1}.AppStore|iPhoneSimulator.Build.0 = Debug|Any CPU
		{DF6EA9D8-C0B9-408E-A5B5-F7E97576FDA1}.AppStore|x64.ActiveCfg = Debug|Any CPU
		{DF6EA9D8-C0B9-408E-A5B5-F7E97576FDA1}.AppStore|x64.Build.0 = Debug|Any CPU
		{DF6EA9D8-C0B9-408E-A5B5-F7E97576FDA1}.AppStore|x86.ActiveCfg = Debug|Any CPU
		{DF6EA9D8-C0B9-408E-A5B5-F7E97576FDA1}.AppStore|x86.Build.0 = Debug|Any CPU
		{DF6EA9D8-C0B9-408E-A5B5-F7E97576FDA1}.Debug|Any CPU.ActiveCfg = Debug|Any CPU
		{DF6EA9D8-C0B9-408E-A5B5-F7E97576FDA1}.Debug|Any CPU.Build.0 = Debug|Any CPU
		{DF6EA9D8-C0B9-408E-A5B5-F7E97576FDA1}.Debug|ARM.ActiveCfg = Debug|Any CPU
		{DF6EA9D8-C0B9-408E-A5B5-F7E97576FDA1}.Debug|ARM.Build.0 = Debug|Any CPU
		{DF6EA9D8-C0B9-408E-A5B5-F7E97576FDA1}.Debug|iPhone.ActiveCfg = Debug|Any CPU
		{DF6EA9D8-C0B9-408E-A5B5-F7E97576FDA1}.Debug|iPhone.Build.0 = Debug|Any CPU
		{DF6EA9D8-C0B9-408E-A5B5-F7E97576FDA1}.Debug|iPhoneSimulator.ActiveCfg = Debug|Any CPU
		{DF6EA9D8-C0B9-408E-A5B5-F7E97576FDA1}.Debug|iPhoneSimulator.Build.0 = Debug|Any CPU
		{DF6EA9D8-C0B9-408E-A5B5-F7E97576FDA1}.Debug|x64.ActiveCfg = Debug|Any CPU
		{DF6EA9D8-C0B9-408E-A5B5-F7E97576FDA1}.Debug|x64.Build.0 = Debug|Any CPU
		{DF6EA9D8-C0B9-408E-A5B5-F7E97576FDA1}.Debug|x86.ActiveCfg = Debug|Any CPU
		{DF6EA9D8-C0B9-408E-A5B5-F7E97576FDA1}.Debug|x86.Build.0 = Debug|Any CPU
		{DF6EA9D8-C0B9-408E-A5B5-F7E97576FDA1}.Release|Any CPU.ActiveCfg = Release|Any CPU
		{DF6EA9D8-C0B9-408E-A5B5-F7E97576FDA1}.Release|Any CPU.Build.0 = Release|Any CPU
		{DF6EA9D8-C0B9-408E-A5B5-F7E97576FDA1}.Release|ARM.ActiveCfg = Release|Any CPU
		{DF6EA9D8-C0B9-408E-A5B5-F7E97576FDA1}.Release|ARM.Build.0 = Release|Any CPU
		{DF6EA9D8-C0B9-408E-A5B5-F7E97576FDA1}.Release|iPhone.ActiveCfg = Release|Any CPU
		{DF6EA9D8-C0B9-408E-A5B5-F7E97576FDA1}.Release|iPhone.Build.0 = Release|Any CPU
		{DF6EA9D8-C0B9-408E-A5B5-F7E97576FDA1}.Release|iPhoneSimulator.ActiveCfg = Release|Any CPU
		{DF6EA9D8-C0B9-408E-A5B5-F7E97576FDA1}.Release|iPhoneSimulator.Build.0 = Release|Any CPU
		{DF6EA9D8-C0B9-408E-A5B5-F7E97576FDA1}.Release|x64.ActiveCfg = Release|Any CPU
		{DF6EA9D8-C0B9-408E-A5B5-F7E97576FDA1}.Release|x64.Build.0 = Release|Any CPU
		{DF6EA9D8-C0B9-408E-A5B5-F7E97576FDA1}.Release|x86.ActiveCfg = Release|Any CPU
		{DF6EA9D8-C0B9-408E-A5B5-F7E97576FDA1}.Release|x86.Build.0 = Release|Any CPU
		{C49BFB4A-1A12-4A77-BB39-4D856E1D85F6}.Ad-Hoc|Any CPU.ActiveCfg = Release|Any CPU
		{C49BFB4A-1A12-4A77-BB39-4D856E1D85F6}.Ad-Hoc|Any CPU.Build.0 = Release|Any CPU
		{C49BFB4A-1A12-4A77-BB39-4D856E1D85F6}.Ad-Hoc|Any CPU.Deploy.0 = Release|Any CPU
		{C49BFB4A-1A12-4A77-BB39-4D856E1D85F6}.Ad-Hoc|ARM.ActiveCfg = Release|Any CPU
		{C49BFB4A-1A12-4A77-BB39-4D856E1D85F6}.Ad-Hoc|ARM.Build.0 = Release|Any CPU
		{C49BFB4A-1A12-4A77-BB39-4D856E1D85F6}.Ad-Hoc|ARM.Deploy.0 = Release|Any CPU
		{C49BFB4A-1A12-4A77-BB39-4D856E1D85F6}.Ad-Hoc|iPhone.ActiveCfg = Release|Any CPU
		{C49BFB4A-1A12-4A77-BB39-4D856E1D85F6}.Ad-Hoc|iPhone.Build.0 = Release|Any CPU
		{C49BFB4A-1A12-4A77-BB39-4D856E1D85F6}.Ad-Hoc|iPhone.Deploy.0 = Release|Any CPU
		{C49BFB4A-1A12-4A77-BB39-4D856E1D85F6}.Ad-Hoc|iPhoneSimulator.ActiveCfg = Release|Any CPU
		{C49BFB4A-1A12-4A77-BB39-4D856E1D85F6}.Ad-Hoc|iPhoneSimulator.Build.0 = Release|Any CPU
		{C49BFB4A-1A12-4A77-BB39-4D856E1D85F6}.Ad-Hoc|iPhoneSimulator.Deploy.0 = Release|Any CPU
		{C49BFB4A-1A12-4A77-BB39-4D856E1D85F6}.Ad-Hoc|x64.ActiveCfg = Release|Any CPU
		{C49BFB4A-1A12-4A77-BB39-4D856E1D85F6}.Ad-Hoc|x64.Build.0 = Release|Any CPU
		{C49BFB4A-1A12-4A77-BB39-4D856E1D85F6}.Ad-Hoc|x64.Deploy.0 = Release|Any CPU
		{C49BFB4A-1A12-4A77-BB39-4D856E1D85F6}.Ad-Hoc|x86.ActiveCfg = Release|Any CPU
		{C49BFB4A-1A12-4A77-BB39-4D856E1D85F6}.Ad-Hoc|x86.Build.0 = Release|Any CPU
		{C49BFB4A-1A12-4A77-BB39-4D856E1D85F6}.Ad-Hoc|x86.Deploy.0 = Release|Any CPU
		{C49BFB4A-1A12-4A77-BB39-4D856E1D85F6}.AppStore|Any CPU.ActiveCfg = Release|Any CPU
		{C49BFB4A-1A12-4A77-BB39-4D856E1D85F6}.AppStore|Any CPU.Build.0 = Release|Any CPU
		{C49BFB4A-1A12-4A77-BB39-4D856E1D85F6}.AppStore|Any CPU.Deploy.0 = Release|Any CPU
		{C49BFB4A-1A12-4A77-BB39-4D856E1D85F6}.AppStore|ARM.ActiveCfg = Release|Any CPU
		{C49BFB4A-1A12-4A77-BB39-4D856E1D85F6}.AppStore|ARM.Build.0 = Release|Any CPU
		{C49BFB4A-1A12-4A77-BB39-4D856E1D85F6}.AppStore|ARM.Deploy.0 = Release|Any CPU
		{C49BFB4A-1A12-4A77-BB39-4D856E1D85F6}.AppStore|iPhone.ActiveCfg = Release|Any CPU
		{C49BFB4A-1A12-4A77-BB39-4D856E1D85F6}.AppStore|iPhone.Build.0 = Release|Any CPU
		{C49BFB4A-1A12-4A77-BB39-4D856E1D85F6}.AppStore|iPhone.Deploy.0 = Release|Any CPU
		{C49BFB4A-1A12-4A77-BB39-4D856E1D85F6}.AppStore|iPhoneSimulator.ActiveCfg = Release|Any CPU
		{C49BFB4A-1A12-4A77-BB39-4D856E1D85F6}.AppStore|iPhoneSimulator.Build.0 = Release|Any CPU
		{C49BFB4A-1A12-4A77-BB39-4D856E1D85F6}.AppStore|iPhoneSimulator.Deploy.0 = Release|Any CPU
		{C49BFB4A-1A12-4A77-BB39-4D856E1D85F6}.AppStore|x64.ActiveCfg = Release|Any CPU
		{C49BFB4A-1A12-4A77-BB39-4D856E1D85F6}.AppStore|x64.Build.0 = Release|Any CPU
		{C49BFB4A-1A12-4A77-BB39-4D856E1D85F6}.AppStore|x64.Deploy.0 = Release|Any CPU
		{C49BFB4A-1A12-4A77-BB39-4D856E1D85F6}.AppStore|x86.ActiveCfg = Release|Any CPU
		{C49BFB4A-1A12-4A77-BB39-4D856E1D85F6}.AppStore|x86.Build.0 = Release|Any CPU
		{C49BFB4A-1A12-4A77-BB39-4D856E1D85F6}.AppStore|x86.Deploy.0 = Release|Any CPU
		{C49BFB4A-1A12-4A77-BB39-4D856E1D85F6}.Debug|Any CPU.ActiveCfg = Debug|Any CPU
		{C49BFB4A-1A12-4A77-BB39-4D856E1D85F6}.Debug|Any CPU.Build.0 = Debug|Any CPU
		{C49BFB4A-1A12-4A77-BB39-4D856E1D85F6}.Debug|Any CPU.Deploy.0 = Debug|Any CPU
		{C49BFB4A-1A12-4A77-BB39-4D856E1D85F6}.Debug|ARM.ActiveCfg = Debug|Any CPU
		{C49BFB4A-1A12-4A77-BB39-4D856E1D85F6}.Debug|ARM.Build.0 = Debug|Any CPU
		{C49BFB4A-1A12-4A77-BB39-4D856E1D85F6}.Debug|ARM.Deploy.0 = Debug|Any CPU
		{C49BFB4A-1A12-4A77-BB39-4D856E1D85F6}.Debug|iPhone.ActiveCfg = Debug|Any CPU
		{C49BFB4A-1A12-4A77-BB39-4D856E1D85F6}.Debug|iPhone.Build.0 = Debug|Any CPU
		{C49BFB4A-1A12-4A77-BB39-4D856E1D85F6}.Debug|iPhone.Deploy.0 = Debug|Any CPU
		{C49BFB4A-1A12-4A77-BB39-4D856E1D85F6}.Debug|iPhoneSimulator.ActiveCfg = Debug|Any CPU
		{C49BFB4A-1A12-4A77-BB39-4D856E1D85F6}.Debug|iPhoneSimulator.Build.0 = Debug|Any CPU
		{C49BFB4A-1A12-4A77-BB39-4D856E1D85F6}.Debug|iPhoneSimulator.Deploy.0 = Debug|Any CPU
		{C49BFB4A-1A12-4A77-BB39-4D856E1D85F6}.Debug|x64.ActiveCfg = Debug|Any CPU
		{C49BFB4A-1A12-4A77-BB39-4D856E1D85F6}.Debug|x64.Build.0 = Debug|Any CPU
		{C49BFB4A-1A12-4A77-BB39-4D856E1D85F6}.Debug|x64.Deploy.0 = Debug|Any CPU
		{C49BFB4A-1A12-4A77-BB39-4D856E1D85F6}.Debug|x86.ActiveCfg = Debug|Any CPU
		{C49BFB4A-1A12-4A77-BB39-4D856E1D85F6}.Debug|x86.Build.0 = Debug|Any CPU
		{C49BFB4A-1A12-4A77-BB39-4D856E1D85F6}.Debug|x86.Deploy.0 = Debug|Any CPU
		{C49BFB4A-1A12-4A77-BB39-4D856E1D85F6}.Release|Any CPU.ActiveCfg = Release|Any CPU
		{C49BFB4A-1A12-4A77-BB39-4D856E1D85F6}.Release|Any CPU.Build.0 = Release|Any CPU
		{C49BFB4A-1A12-4A77-BB39-4D856E1D85F6}.Release|Any CPU.Deploy.0 = Release|Any CPU
		{C49BFB4A-1A12-4A77-BB39-4D856E1D85F6}.Release|ARM.ActiveCfg = Release|Any CPU
		{C49BFB4A-1A12-4A77-BB39-4D856E1D85F6}.Release|ARM.Build.0 = Release|Any CPU
		{C49BFB4A-1A12-4A77-BB39-4D856E1D85F6}.Release|ARM.Deploy.0 = Release|Any CPU
		{C49BFB4A-1A12-4A77-BB39-4D856E1D85F6}.Release|iPhone.ActiveCfg = Release|Any CPU
		{C49BFB4A-1A12-4A77-BB39-4D856E1D85F6}.Release|iPhone.Build.0 = Release|Any CPU
		{C49BFB4A-1A12-4A77-BB39-4D856E1D85F6}.Release|iPhone.Deploy.0 = Release|Any CPU
		{C49BFB4A-1A12-4A77-BB39-4D856E1D85F6}.Release|iPhoneSimulator.ActiveCfg = Release|Any CPU
		{C49BFB4A-1A12-4A77-BB39-4D856E1D85F6}.Release|iPhoneSimulator.Build.0 = Release|Any CPU
		{C49BFB4A-1A12-4A77-BB39-4D856E1D85F6}.Release|iPhoneSimulator.Deploy.0 = Release|Any CPU
		{C49BFB4A-1A12-4A77-BB39-4D856E1D85F6}.Release|x64.ActiveCfg = Release|Any CPU
		{C49BFB4A-1A12-4A77-BB39-4D856E1D85F6}.Release|x64.Build.0 = Release|Any CPU
		{C49BFB4A-1A12-4A77-BB39-4D856E1D85F6}.Release|x64.Deploy.0 = Release|Any CPU
		{C49BFB4A-1A12-4A77-BB39-4D856E1D85F6}.Release|x86.ActiveCfg = Release|Any CPU
		{C49BFB4A-1A12-4A77-BB39-4D856E1D85F6}.Release|x86.Build.0 = Release|Any CPU
		{C49BFB4A-1A12-4A77-BB39-4D856E1D85F6}.Release|x86.Deploy.0 = Release|Any CPU
		{0B54684D-721C-42B4-AF28-FB966086582E}.Ad-Hoc|Any CPU.ActiveCfg = Ad-Hoc|iPhone
		{0B54684D-721C-42B4-AF28-FB966086582E}.Ad-Hoc|ARM.ActiveCfg = Ad-Hoc|iPhone
		{0B54684D-721C-42B4-AF28-FB966086582E}.Ad-Hoc|iPhone.ActiveCfg = Ad-Hoc|iPhone
		{0B54684D-721C-42B4-AF28-FB966086582E}.Ad-Hoc|iPhone.Build.0 = Ad-Hoc|iPhone
		{0B54684D-721C-42B4-AF28-FB966086582E}.Ad-Hoc|iPhoneSimulator.ActiveCfg = Ad-Hoc|iPhoneSimulator
		{0B54684D-721C-42B4-AF28-FB966086582E}.Ad-Hoc|iPhoneSimulator.Build.0 = Ad-Hoc|iPhoneSimulator
		{0B54684D-721C-42B4-AF28-FB966086582E}.Ad-Hoc|x64.ActiveCfg = Ad-Hoc|iPhone
		{0B54684D-721C-42B4-AF28-FB966086582E}.Ad-Hoc|x86.ActiveCfg = Ad-Hoc|iPhone
		{0B54684D-721C-42B4-AF28-FB966086582E}.AppStore|Any CPU.ActiveCfg = AppStore|iPhone
		{0B54684D-721C-42B4-AF28-FB966086582E}.AppStore|ARM.ActiveCfg = AppStore|iPhone
		{0B54684D-721C-42B4-AF28-FB966086582E}.AppStore|iPhone.ActiveCfg = AppStore|iPhone
		{0B54684D-721C-42B4-AF28-FB966086582E}.AppStore|iPhone.Build.0 = AppStore|iPhone
		{0B54684D-721C-42B4-AF28-FB966086582E}.AppStore|iPhoneSimulator.ActiveCfg = AppStore|iPhoneSimulator
		{0B54684D-721C-42B4-AF28-FB966086582E}.AppStore|iPhoneSimulator.Build.0 = AppStore|iPhoneSimulator
		{0B54684D-721C-42B4-AF28-FB966086582E}.AppStore|x64.ActiveCfg = AppStore|iPhone
		{0B54684D-721C-42B4-AF28-FB966086582E}.AppStore|x86.ActiveCfg = AppStore|iPhone
		{0B54684D-721C-42B4-AF28-FB966086582E}.Debug|Any CPU.ActiveCfg = Debug|iPhone
		{0B54684D-721C-42B4-AF28-FB966086582E}.Debug|ARM.ActiveCfg = Debug|iPhone
		{0B54684D-721C-42B4-AF28-FB966086582E}.Debug|iPhone.ActiveCfg = Debug|iPhone
		{0B54684D-721C-42B4-AF28-FB966086582E}.Debug|iPhone.Build.0 = Debug|iPhone
		{0B54684D-721C-42B4-AF28-FB966086582E}.Debug|iPhoneSimulator.ActiveCfg = Debug|iPhoneSimulator
		{0B54684D-721C-42B4-AF28-FB966086582E}.Debug|iPhoneSimulator.Build.0 = Debug|iPhoneSimulator
		{0B54684D-721C-42B4-AF28-FB966086582E}.Debug|x64.ActiveCfg = Debug|iPhone
		{0B54684D-721C-42B4-AF28-FB966086582E}.Debug|x86.ActiveCfg = Debug|iPhone
		{0B54684D-721C-42B4-AF28-FB966086582E}.Release|Any CPU.ActiveCfg = Release|iPhone
		{0B54684D-721C-42B4-AF28-FB966086582E}.Release|ARM.ActiveCfg = Release|iPhone
		{0B54684D-721C-42B4-AF28-FB966086582E}.Release|iPhone.ActiveCfg = Release|iPhone
		{0B54684D-721C-42B4-AF28-FB966086582E}.Release|iPhone.Build.0 = Release|iPhone
		{0B54684D-721C-42B4-AF28-FB966086582E}.Release|iPhoneSimulator.ActiveCfg = Release|iPhoneSimulator
		{0B54684D-721C-42B4-AF28-FB966086582E}.Release|iPhoneSimulator.Build.0 = Release|iPhoneSimulator
		{0B54684D-721C-42B4-AF28-FB966086582E}.Release|x64.ActiveCfg = Release|iPhone
		{0B54684D-721C-42B4-AF28-FB966086582E}.Release|x86.ActiveCfg = Release|iPhone
		{616EDD65-337D-40A0-9DAC-CC955073F0D5}.Ad-Hoc|Any CPU.ActiveCfg = Release|x86
		{616EDD65-337D-40A0-9DAC-CC955073F0D5}.Ad-Hoc|Any CPU.Build.0 = Release|x86
		{616EDD65-337D-40A0-9DAC-CC955073F0D5}.Ad-Hoc|Any CPU.Deploy.0 = Release|x86
		{616EDD65-337D-40A0-9DAC-CC955073F0D5}.Ad-Hoc|ARM.ActiveCfg = Release|ARM
		{616EDD65-337D-40A0-9DAC-CC955073F0D5}.Ad-Hoc|ARM.Build.0 = Release|ARM
		{616EDD65-337D-40A0-9DAC-CC955073F0D5}.Ad-Hoc|ARM.Deploy.0 = Release|ARM
		{616EDD65-337D-40A0-9DAC-CC955073F0D5}.Ad-Hoc|iPhone.ActiveCfg = Release|x86
		{616EDD65-337D-40A0-9DAC-CC955073F0D5}.Ad-Hoc|iPhone.Build.0 = Release|x86
		{616EDD65-337D-40A0-9DAC-CC955073F0D5}.Ad-Hoc|iPhone.Deploy.0 = Release|x86
		{616EDD65-337D-40A0-9DAC-CC955073F0D5}.Ad-Hoc|iPhoneSimulator.ActiveCfg = Release|x86
		{616EDD65-337D-40A0-9DAC-CC955073F0D5}.Ad-Hoc|iPhoneSimulator.Build.0 = Release|x86
		{616EDD65-337D-40A0-9DAC-CC955073F0D5}.Ad-Hoc|iPhoneSimulator.Deploy.0 = Release|x86
		{616EDD65-337D-40A0-9DAC-CC955073F0D5}.Ad-Hoc|x64.ActiveCfg = Release|x64
		{616EDD65-337D-40A0-9DAC-CC955073F0D5}.Ad-Hoc|x64.Build.0 = Release|x64
		{616EDD65-337D-40A0-9DAC-CC955073F0D5}.Ad-Hoc|x64.Deploy.0 = Release|x64
		{616EDD65-337D-40A0-9DAC-CC955073F0D5}.Ad-Hoc|x86.ActiveCfg = Release|x86
		{616EDD65-337D-40A0-9DAC-CC955073F0D5}.Ad-Hoc|x86.Build.0 = Release|x86
		{616EDD65-337D-40A0-9DAC-CC955073F0D5}.Ad-Hoc|x86.Deploy.0 = Release|x86
		{616EDD65-337D-40A0-9DAC-CC955073F0D5}.AppStore|Any CPU.ActiveCfg = Release|x86
		{616EDD65-337D-40A0-9DAC-CC955073F0D5}.AppStore|Any CPU.Build.0 = Release|x86
		{616EDD65-337D-40A0-9DAC-CC955073F0D5}.AppStore|Any CPU.Deploy.0 = Release|x86
		{616EDD65-337D-40A0-9DAC-CC955073F0D5}.AppStore|ARM.ActiveCfg = Release|ARM
		{616EDD65-337D-40A0-9DAC-CC955073F0D5}.AppStore|ARM.Build.0 = Release|ARM
		{616EDD65-337D-40A0-9DAC-CC955073F0D5}.AppStore|ARM.Deploy.0 = Release|ARM
		{616EDD65-337D-40A0-9DAC-CC955073F0D5}.AppStore|iPhone.ActiveCfg = Release|x86
		{616EDD65-337D-40A0-9DAC-CC955073F0D5}.AppStore|iPhone.Build.0 = Release|x86
		{616EDD65-337D-40A0-9DAC-CC955073F0D5}.AppStore|iPhone.Deploy.0 = Release|x86
		{616EDD65-337D-40A0-9DAC-CC955073F0D5}.AppStore|iPhoneSimulator.ActiveCfg = Release|x86
		{616EDD65-337D-40A0-9DAC-CC955073F0D5}.AppStore|iPhoneSimulator.Build.0 = Release|x86
		{616EDD65-337D-40A0-9DAC-CC955073F0D5}.AppStore|iPhoneSimulator.Deploy.0 = Release|x86
		{616EDD65-337D-40A0-9DAC-CC955073F0D5}.AppStore|x64.ActiveCfg = Release|x64
		{616EDD65-337D-40A0-9DAC-CC955073F0D5}.AppStore|x64.Build.0 = Release|x64
		{616EDD65-337D-40A0-9DAC-CC955073F0D5}.AppStore|x64.Deploy.0 = Release|x64
		{616EDD65-337D-40A0-9DAC-CC955073F0D5}.AppStore|x86.ActiveCfg = Release|x86
		{616EDD65-337D-40A0-9DAC-CC955073F0D5}.AppStore|x86.Build.0 = Release|x86
		{616EDD65-337D-40A0-9DAC-CC955073F0D5}.AppStore|x86.Deploy.0 = Release|x86
		{616EDD65-337D-40A0-9DAC-CC955073F0D5}.Debug|Any CPU.ActiveCfg = Debug|x86
		{616EDD65-337D-40A0-9DAC-CC955073F0D5}.Debug|ARM.ActiveCfg = Debug|ARM
		{616EDD65-337D-40A0-9DAC-CC955073F0D5}.Debug|ARM.Build.0 = Debug|ARM
		{616EDD65-337D-40A0-9DAC-CC955073F0D5}.Debug|ARM.Deploy.0 = Debug|ARM
		{616EDD65-337D-40A0-9DAC-CC955073F0D5}.Debug|iPhone.ActiveCfg = Debug|x86
		{616EDD65-337D-40A0-9DAC-CC955073F0D5}.Debug|iPhoneSimulator.ActiveCfg = Debug|x86
		{616EDD65-337D-40A0-9DAC-CC955073F0D5}.Debug|x64.ActiveCfg = Debug|x64
		{616EDD65-337D-40A0-9DAC-CC955073F0D5}.Debug|x64.Build.0 = Debug|x64
		{616EDD65-337D-40A0-9DAC-CC955073F0D5}.Debug|x64.Deploy.0 = Debug|x64
		{616EDD65-337D-40A0-9DAC-CC955073F0D5}.Debug|x86.ActiveCfg = Debug|x86
		{616EDD65-337D-40A0-9DAC-CC955073F0D5}.Debug|x86.Build.0 = Debug|x86
		{616EDD65-337D-40A0-9DAC-CC955073F0D5}.Debug|x86.Deploy.0 = Debug|x86
		{616EDD65-337D-40A0-9DAC-CC955073F0D5}.Release|Any CPU.ActiveCfg = Release|x86
		{616EDD65-337D-40A0-9DAC-CC955073F0D5}.Release|ARM.ActiveCfg = Release|ARM
		{616EDD65-337D-40A0-9DAC-CC955073F0D5}.Release|ARM.Build.0 = Release|ARM
		{616EDD65-337D-40A0-9DAC-CC955073F0D5}.Release|ARM.Deploy.0 = Release|ARM
		{616EDD65-337D-40A0-9DAC-CC955073F0D5}.Release|iPhone.ActiveCfg = Release|x86
		{616EDD65-337D-40A0-9DAC-CC955073F0D5}.Release|iPhoneSimulator.ActiveCfg = Release|x86
		{616EDD65-337D-40A0-9DAC-CC955073F0D5}.Release|x64.ActiveCfg = Release|x64
		{616EDD65-337D-40A0-9DAC-CC955073F0D5}.Release|x64.Build.0 = Release|x64
		{616EDD65-337D-40A0-9DAC-CC955073F0D5}.Release|x64.Deploy.0 = Release|x64
		{616EDD65-337D-40A0-9DAC-CC955073F0D5}.Release|x86.ActiveCfg = Release|x86
		{616EDD65-337D-40A0-9DAC-CC955073F0D5}.Release|x86.Build.0 = Release|x86
		{616EDD65-337D-40A0-9DAC-CC955073F0D5}.Release|x86.Deploy.0 = Release|x86
		{B57BB106-979E-4D89-86CE-050308B7AE6C}.Ad-Hoc|Any CPU.ActiveCfg = Debug|Any CPU
		{B57BB106-979E-4D89-86CE-050308B7AE6C}.Ad-Hoc|Any CPU.Build.0 = Debug|Any CPU
		{B57BB106-979E-4D89-86CE-050308B7AE6C}.Ad-Hoc|ARM.ActiveCfg = Debug|Any CPU
		{B57BB106-979E-4D89-86CE-050308B7AE6C}.Ad-Hoc|ARM.Build.0 = Debug|Any CPU
		{B57BB106-979E-4D89-86CE-050308B7AE6C}.Ad-Hoc|iPhone.ActiveCfg = Debug|Any CPU
		{B57BB106-979E-4D89-86CE-050308B7AE6C}.Ad-Hoc|iPhone.Build.0 = Debug|Any CPU
		{B57BB106-979E-4D89-86CE-050308B7AE6C}.Ad-Hoc|iPhoneSimulator.ActiveCfg = Debug|Any CPU
		{B57BB106-979E-4D89-86CE-050308B7AE6C}.Ad-Hoc|iPhoneSimulator.Build.0 = Debug|Any CPU
		{B57BB106-979E-4D89-86CE-050308B7AE6C}.Ad-Hoc|x64.ActiveCfg = Debug|Any CPU
		{B57BB106-979E-4D89-86CE-050308B7AE6C}.Ad-Hoc|x64.Build.0 = Debug|Any CPU
		{B57BB106-979E-4D89-86CE-050308B7AE6C}.Ad-Hoc|x86.ActiveCfg = Debug|Any CPU
		{B57BB106-979E-4D89-86CE-050308B7AE6C}.Ad-Hoc|x86.Build.0 = Debug|Any CPU
		{B57BB106-979E-4D89-86CE-050308B7AE6C}.AppStore|Any CPU.ActiveCfg = Debug|Any CPU
		{B57BB106-979E-4D89-86CE-050308B7AE6C}.AppStore|Any CPU.Build.0 = Debug|Any CPU
		{B57BB106-979E-4D89-86CE-050308B7AE6C}.AppStore|ARM.ActiveCfg = Debug|Any CPU
		{B57BB106-979E-4D89-86CE-050308B7AE6C}.AppStore|ARM.Build.0 = Debug|Any CPU
		{B57BB106-979E-4D89-86CE-050308B7AE6C}.AppStore|iPhone.ActiveCfg = Debug|Any CPU
		{B57BB106-979E-4D89-86CE-050308B7AE6C}.AppStore|iPhone.Build.0 = Debug|Any CPU
		{B57BB106-979E-4D89-86CE-050308B7AE6C}.AppStore|iPhoneSimulator.ActiveCfg = Debug|Any CPU
		{B57BB106-979E-4D89-86CE-050308B7AE6C}.AppStore|iPhoneSimulator.Build.0 = Debug|Any CPU
		{B57BB106-979E-4D89-86CE-050308B7AE6C}.AppStore|x64.ActiveCfg = Debug|Any CPU
		{B57BB106-979E-4D89-86CE-050308B7AE6C}.AppStore|x64.Build.0 = Debug|Any CPU
		{B57BB106-979E-4D89-86CE-050308B7AE6C}.AppStore|x86.ActiveCfg = Debug|Any CPU
		{B57BB106-979E-4D89-86CE-050308B7AE6C}.AppStore|x86.Build.0 = Debug|Any CPU
		{B57BB106-979E-4D89-86CE-050308B7AE6C}.Debug|Any CPU.ActiveCfg = Debug|Any CPU
		{B57BB106-979E-4D89-86CE-050308B7AE6C}.Debug|Any CPU.Build.0 = Debug|Any CPU
		{B57BB106-979E-4D89-86CE-050308B7AE6C}.Debug|ARM.ActiveCfg = Debug|Any CPU
		{B57BB106-979E-4D89-86CE-050308B7AE6C}.Debug|ARM.Build.0 = Debug|Any CPU
		{B57BB106-979E-4D89-86CE-050308B7AE6C}.Debug|iPhone.ActiveCfg = Debug|Any CPU
		{B57BB106-979E-4D89-86CE-050308B7AE6C}.Debug|iPhone.Build.0 = Debug|Any CPU
		{B57BB106-979E-4D89-86CE-050308B7AE6C}.Debug|iPhoneSimulator.ActiveCfg = Debug|Any CPU
		{B57BB106-979E-4D89-86CE-050308B7AE6C}.Debug|iPhoneSimulator.Build.0 = Debug|Any CPU
		{B57BB106-979E-4D89-86CE-050308B7AE6C}.Debug|x64.ActiveCfg = Debug|Any CPU
		{B57BB106-979E-4D89-86CE-050308B7AE6C}.Debug|x64.Build.0 = Debug|Any CPU
		{B57BB106-979E-4D89-86CE-050308B7AE6C}.Debug|x86.ActiveCfg = Debug|Any CPU
		{B57BB106-979E-4D89-86CE-050308B7AE6C}.Debug|x86.Build.0 = Debug|Any CPU
		{B57BB106-979E-4D89-86CE-050308B7AE6C}.Release|Any CPU.ActiveCfg = Release|Any CPU
		{B57BB106-979E-4D89-86CE-050308B7AE6C}.Release|Any CPU.Build.0 = Release|Any CPU
		{B57BB106-979E-4D89-86CE-050308B7AE6C}.Release|ARM.ActiveCfg = Release|Any CPU
		{B57BB106-979E-4D89-86CE-050308B7AE6C}.Release|ARM.Build.0 = Release|Any CPU
		{B57BB106-979E-4D89-86CE-050308B7AE6C}.Release|iPhone.ActiveCfg = Release|Any CPU
		{B57BB106-979E-4D89-86CE-050308B7AE6C}.Release|iPhone.Build.0 = Release|Any CPU
		{B57BB106-979E-4D89-86CE-050308B7AE6C}.Release|iPhoneSimulator.ActiveCfg = Release|Any CPU
		{B57BB106-979E-4D89-86CE-050308B7AE6C}.Release|iPhoneSimulator.Build.0 = Release|Any CPU
		{B57BB106-979E-4D89-86CE-050308B7AE6C}.Release|x64.ActiveCfg = Release|Any CPU
		{B57BB106-979E-4D89-86CE-050308B7AE6C}.Release|x64.Build.0 = Release|Any CPU
		{B57BB106-979E-4D89-86CE-050308B7AE6C}.Release|x86.ActiveCfg = Release|Any CPU
		{B57BB106-979E-4D89-86CE-050308B7AE6C}.Release|x86.Build.0 = Release|Any CPU
		{1747695C-6F7E-4693-A399-AA2037D9CF96}.Ad-Hoc|Any CPU.ActiveCfg = Release|Any CPU
		{1747695C-6F7E-4693-A399-AA2037D9CF96}.Ad-Hoc|Any CPU.Build.0 = Release|Any CPU
		{1747695C-6F7E-4693-A399-AA2037D9CF96}.Ad-Hoc|Any CPU.Deploy.0 = Release|Any CPU
		{1747695C-6F7E-4693-A399-AA2037D9CF96}.Ad-Hoc|ARM.ActiveCfg = Release|Any CPU
		{1747695C-6F7E-4693-A399-AA2037D9CF96}.Ad-Hoc|ARM.Build.0 = Release|Any CPU
		{1747695C-6F7E-4693-A399-AA2037D9CF96}.Ad-Hoc|ARM.Deploy.0 = Release|Any CPU
		{1747695C-6F7E-4693-A399-AA2037D9CF96}.Ad-Hoc|iPhone.ActiveCfg = Release|Any CPU
		{1747695C-6F7E-4693-A399-AA2037D9CF96}.Ad-Hoc|iPhone.Build.0 = Release|Any CPU
		{1747695C-6F7E-4693-A399-AA2037D9CF96}.Ad-Hoc|iPhone.Deploy.0 = Release|Any CPU
		{1747695C-6F7E-4693-A399-AA2037D9CF96}.Ad-Hoc|iPhoneSimulator.ActiveCfg = Release|Any CPU
		{1747695C-6F7E-4693-A399-AA2037D9CF96}.Ad-Hoc|iPhoneSimulator.Build.0 = Release|Any CPU
		{1747695C-6F7E-4693-A399-AA2037D9CF96}.Ad-Hoc|iPhoneSimulator.Deploy.0 = Release|Any CPU
		{1747695C-6F7E-4693-A399-AA2037D9CF96}.Ad-Hoc|x64.ActiveCfg = Release|Any CPU
		{1747695C-6F7E-4693-A399-AA2037D9CF96}.Ad-Hoc|x64.Build.0 = Release|Any CPU
		{1747695C-6F7E-4693-A399-AA2037D9CF96}.Ad-Hoc|x64.Deploy.0 = Release|Any CPU
		{1747695C-6F7E-4693-A399-AA2037D9CF96}.Ad-Hoc|x86.ActiveCfg = Release|Any CPU
		{1747695C-6F7E-4693-A399-AA2037D9CF96}.Ad-Hoc|x86.Build.0 = Release|Any CPU
		{1747695C-6F7E-4693-A399-AA2037D9CF96}.Ad-Hoc|x86.Deploy.0 = Release|Any CPU
		{1747695C-6F7E-4693-A399-AA2037D9CF96}.AppStore|Any CPU.ActiveCfg = Release|Any CPU
		{1747695C-6F7E-4693-A399-AA2037D9CF96}.AppStore|Any CPU.Build.0 = Release|Any CPU
		{1747695C-6F7E-4693-A399-AA2037D9CF96}.AppStore|Any CPU.Deploy.0 = Release|Any CPU
		{1747695C-6F7E-4693-A399-AA2037D9CF96}.AppStore|ARM.ActiveCfg = Release|Any CPU
		{1747695C-6F7E-4693-A399-AA2037D9CF96}.AppStore|ARM.Build.0 = Release|Any CPU
		{1747695C-6F7E-4693-A399-AA2037D9CF96}.AppStore|ARM.Deploy.0 = Release|Any CPU
		{1747695C-6F7E-4693-A399-AA2037D9CF96}.AppStore|iPhone.ActiveCfg = Release|Any CPU
		{1747695C-6F7E-4693-A399-AA2037D9CF96}.AppStore|iPhone.Build.0 = Release|Any CPU
		{1747695C-6F7E-4693-A399-AA2037D9CF96}.AppStore|iPhone.Deploy.0 = Release|Any CPU
		{1747695C-6F7E-4693-A399-AA2037D9CF96}.AppStore|iPhoneSimulator.ActiveCfg = Release|Any CPU
		{1747695C-6F7E-4693-A399-AA2037D9CF96}.AppStore|iPhoneSimulator.Build.0 = Release|Any CPU
		{1747695C-6F7E-4693-A399-AA2037D9CF96}.AppStore|iPhoneSimulator.Deploy.0 = Release|Any CPU
		{1747695C-6F7E-4693-A399-AA2037D9CF96}.AppStore|x64.ActiveCfg = Release|Any CPU
		{1747695C-6F7E-4693-A399-AA2037D9CF96}.AppStore|x64.Build.0 = Release|Any CPU
		{1747695C-6F7E-4693-A399-AA2037D9CF96}.AppStore|x64.Deploy.0 = Release|Any CPU
		{1747695C-6F7E-4693-A399-AA2037D9CF96}.AppStore|x86.ActiveCfg = Release|Any CPU
		{1747695C-6F7E-4693-A399-AA2037D9CF96}.AppStore|x86.Build.0 = Release|Any CPU
		{1747695C-6F7E-4693-A399-AA2037D9CF96}.AppStore|x86.Deploy.0 = Release|Any CPU
		{1747695C-6F7E-4693-A399-AA2037D9CF96}.Debug|Any CPU.ActiveCfg = Debug|Any CPU
		{1747695C-6F7E-4693-A399-AA2037D9CF96}.Debug|Any CPU.Build.0 = Debug|Any CPU
		{1747695C-6F7E-4693-A399-AA2037D9CF96}.Debug|Any CPU.Deploy.0 = Debug|Any CPU
		{1747695C-6F7E-4693-A399-AA2037D9CF96}.Debug|ARM.ActiveCfg = Debug|Any CPU
		{1747695C-6F7E-4693-A399-AA2037D9CF96}.Debug|ARM.Build.0 = Debug|Any CPU
		{1747695C-6F7E-4693-A399-AA2037D9CF96}.Debug|ARM.Deploy.0 = Debug|Any CPU
		{1747695C-6F7E-4693-A399-AA2037D9CF96}.Debug|iPhone.ActiveCfg = Debug|Any CPU
		{1747695C-6F7E-4693-A399-AA2037D9CF96}.Debug|iPhone.Build.0 = Debug|Any CPU
		{1747695C-6F7E-4693-A399-AA2037D9CF96}.Debug|iPhone.Deploy.0 = Debug|Any CPU
		{1747695C-6F7E-4693-A399-AA2037D9CF96}.Debug|iPhoneSimulator.ActiveCfg = Debug|Any CPU
		{1747695C-6F7E-4693-A399-AA2037D9CF96}.Debug|iPhoneSimulator.Build.0 = Debug|Any CPU
		{1747695C-6F7E-4693-A399-AA2037D9CF96}.Debug|iPhoneSimulator.Deploy.0 = Debug|Any CPU
		{1747695C-6F7E-4693-A399-AA2037D9CF96}.Debug|x64.ActiveCfg = Debug|Any CPU
		{1747695C-6F7E-4693-A399-AA2037D9CF96}.Debug|x64.Build.0 = Debug|Any CPU
		{1747695C-6F7E-4693-A399-AA2037D9CF96}.Debug|x64.Deploy.0 = Debug|Any CPU
		{1747695C-6F7E-4693-A399-AA2037D9CF96}.Debug|x86.ActiveCfg = Debug|Any CPU
		{1747695C-6F7E-4693-A399-AA2037D9CF96}.Debug|x86.Build.0 = Debug|Any CPU
		{1747695C-6F7E-4693-A399-AA2037D9CF96}.Debug|x86.Deploy.0 = Debug|Any CPU
		{1747695C-6F7E-4693-A399-AA2037D9CF96}.Release|Any CPU.ActiveCfg = Release|Any CPU
		{1747695C-6F7E-4693-A399-AA2037D9CF96}.Release|Any CPU.Build.0 = Release|Any CPU
		{1747695C-6F7E-4693-A399-AA2037D9CF96}.Release|Any CPU.Deploy.0 = Release|Any CPU
		{1747695C-6F7E-4693-A399-AA2037D9CF96}.Release|ARM.ActiveCfg = Release|Any CPU
		{1747695C-6F7E-4693-A399-AA2037D9CF96}.Release|ARM.Build.0 = Release|Any CPU
		{1747695C-6F7E-4693-A399-AA2037D9CF96}.Release|ARM.Deploy.0 = Release|Any CPU
		{1747695C-6F7E-4693-A399-AA2037D9CF96}.Release|iPhone.ActiveCfg = Release|Any CPU
		{1747695C-6F7E-4693-A399-AA2037D9CF96}.Release|iPhone.Build.0 = Release|Any CPU
		{1747695C-6F7E-4693-A399-AA2037D9CF96}.Release|iPhone.Deploy.0 = Release|Any CPU
		{1747695C-6F7E-4693-A399-AA2037D9CF96}.Release|iPhoneSimulator.ActiveCfg = Release|Any CPU
		{1747695C-6F7E-4693-A399-AA2037D9CF96}.Release|iPhoneSimulator.Build.0 = Release|Any CPU
		{1747695C-6F7E-4693-A399-AA2037D9CF96}.Release|iPhoneSimulator.Deploy.0 = Release|Any CPU
		{1747695C-6F7E-4693-A399-AA2037D9CF96}.Release|x64.ActiveCfg = Release|Any CPU
		{1747695C-6F7E-4693-A399-AA2037D9CF96}.Release|x64.Build.0 = Release|Any CPU
		{1747695C-6F7E-4693-A399-AA2037D9CF96}.Release|x64.Deploy.0 = Release|Any CPU
		{1747695C-6F7E-4693-A399-AA2037D9CF96}.Release|x86.ActiveCfg = Release|Any CPU
		{1747695C-6F7E-4693-A399-AA2037D9CF96}.Release|x86.Build.0 = Release|Any CPU
		{1747695C-6F7E-4693-A399-AA2037D9CF96}.Release|x86.Deploy.0 = Release|Any CPU
		{2CDD45EA-A995-419D-9607-D18DFBDAEF6D}.Ad-Hoc|Any CPU.ActiveCfg = Ad-Hoc|iPhone
		{2CDD45EA-A995-419D-9607-D18DFBDAEF6D}.Ad-Hoc|ARM.ActiveCfg = Ad-Hoc|iPhone
		{2CDD45EA-A995-419D-9607-D18DFBDAEF6D}.Ad-Hoc|iPhone.ActiveCfg = Ad-Hoc|iPhone
		{2CDD45EA-A995-419D-9607-D18DFBDAEF6D}.Ad-Hoc|iPhone.Build.0 = Ad-Hoc|iPhone
		{2CDD45EA-A995-419D-9607-D18DFBDAEF6D}.Ad-Hoc|iPhoneSimulator.ActiveCfg = Ad-Hoc|iPhoneSimulator
		{2CDD45EA-A995-419D-9607-D18DFBDAEF6D}.Ad-Hoc|iPhoneSimulator.Build.0 = Ad-Hoc|iPhoneSimulator
		{2CDD45EA-A995-419D-9607-D18DFBDAEF6D}.Ad-Hoc|x64.ActiveCfg = Ad-Hoc|iPhone
		{2CDD45EA-A995-419D-9607-D18DFBDAEF6D}.Ad-Hoc|x86.ActiveCfg = Ad-Hoc|iPhone
		{2CDD45EA-A995-419D-9607-D18DFBDAEF6D}.AppStore|Any CPU.ActiveCfg = AppStore|iPhone
		{2CDD45EA-A995-419D-9607-D18DFBDAEF6D}.AppStore|ARM.ActiveCfg = AppStore|iPhone
		{2CDD45EA-A995-419D-9607-D18DFBDAEF6D}.AppStore|iPhone.ActiveCfg = AppStore|iPhone
		{2CDD45EA-A995-419D-9607-D18DFBDAEF6D}.AppStore|iPhone.Build.0 = AppStore|iPhone
		{2CDD45EA-A995-419D-9607-D18DFBDAEF6D}.AppStore|iPhoneSimulator.ActiveCfg = AppStore|iPhoneSimulator
		{2CDD45EA-A995-419D-9607-D18DFBDAEF6D}.AppStore|iPhoneSimulator.Build.0 = AppStore|iPhoneSimulator
		{2CDD45EA-A995-419D-9607-D18DFBDAEF6D}.AppStore|x64.ActiveCfg = AppStore|iPhone
		{2CDD45EA-A995-419D-9607-D18DFBDAEF6D}.AppStore|x86.ActiveCfg = AppStore|iPhone
		{2CDD45EA-A995-419D-9607-D18DFBDAEF6D}.Debug|Any CPU.ActiveCfg = Debug|iPhone
		{2CDD45EA-A995-419D-9607-D18DFBDAEF6D}.Debug|ARM.ActiveCfg = Debug|iPhone
		{2CDD45EA-A995-419D-9607-D18DFBDAEF6D}.Debug|iPhone.ActiveCfg = Debug|iPhone
		{2CDD45EA-A995-419D-9607-D18DFBDAEF6D}.Debug|iPhone.Build.0 = Debug|iPhone
		{2CDD45EA-A995-419D-9607-D18DFBDAEF6D}.Debug|iPhoneSimulator.ActiveCfg = Debug|iPhoneSimulator
		{2CDD45EA-A995-419D-9607-D18DFBDAEF6D}.Debug|iPhoneSimulator.Build.0 = Debug|iPhoneSimulator
		{2CDD45EA-A995-419D-9607-D18DFBDAEF6D}.Debug|x64.ActiveCfg = Debug|iPhone
		{2CDD45EA-A995-419D-9607-D18DFBDAEF6D}.Debug|x86.ActiveCfg = Debug|iPhone
		{2CDD45EA-A995-419D-9607-D18DFBDAEF6D}.Release|Any CPU.ActiveCfg = Release|iPhone
		{2CDD45EA-A995-419D-9607-D18DFBDAEF6D}.Release|ARM.ActiveCfg = Release|iPhone
		{2CDD45EA-A995-419D-9607-D18DFBDAEF6D}.Release|iPhone.ActiveCfg = Release|iPhone
		{2CDD45EA-A995-419D-9607-D18DFBDAEF6D}.Release|iPhone.Build.0 = Release|iPhone
		{2CDD45EA-A995-419D-9607-D18DFBDAEF6D}.Release|iPhoneSimulator.ActiveCfg = Release|iPhoneSimulator
		{2CDD45EA-A995-419D-9607-D18DFBDAEF6D}.Release|iPhoneSimulator.Build.0 = Release|iPhoneSimulator
		{2CDD45EA-A995-419D-9607-D18DFBDAEF6D}.Release|x64.ActiveCfg = Release|iPhone
		{2CDD45EA-A995-419D-9607-D18DFBDAEF6D}.Release|x86.ActiveCfg = Release|iPhone
		{8F0106D4-8618-48CA-865B-E8D35D95ED81}.Ad-Hoc|Any CPU.ActiveCfg = Release|x86
		{8F0106D4-8618-48CA-865B-E8D35D95ED81}.Ad-Hoc|Any CPU.Build.0 = Release|x86
		{8F0106D4-8618-48CA-865B-E8D35D95ED81}.Ad-Hoc|Any CPU.Deploy.0 = Release|x86
		{8F0106D4-8618-48CA-865B-E8D35D95ED81}.Ad-Hoc|ARM.ActiveCfg = Release|ARM
		{8F0106D4-8618-48CA-865B-E8D35D95ED81}.Ad-Hoc|ARM.Build.0 = Release|ARM
		{8F0106D4-8618-48CA-865B-E8D35D95ED81}.Ad-Hoc|ARM.Deploy.0 = Release|ARM
		{8F0106D4-8618-48CA-865B-E8D35D95ED81}.Ad-Hoc|iPhone.ActiveCfg = Release|x86
		{8F0106D4-8618-48CA-865B-E8D35D95ED81}.Ad-Hoc|iPhone.Build.0 = Release|x86
		{8F0106D4-8618-48CA-865B-E8D35D95ED81}.Ad-Hoc|iPhone.Deploy.0 = Release|x86
		{8F0106D4-8618-48CA-865B-E8D35D95ED81}.Ad-Hoc|iPhoneSimulator.ActiveCfg = Release|x86
		{8F0106D4-8618-48CA-865B-E8D35D95ED81}.Ad-Hoc|iPhoneSimulator.Build.0 = Release|x86
		{8F0106D4-8618-48CA-865B-E8D35D95ED81}.Ad-Hoc|iPhoneSimulator.Deploy.0 = Release|x86
		{8F0106D4-8618-48CA-865B-E8D35D95ED81}.Ad-Hoc|x64.ActiveCfg = Release|x64
		{8F0106D4-8618-48CA-865B-E8D35D95ED81}.Ad-Hoc|x64.Build.0 = Release|x64
		{8F0106D4-8618-48CA-865B-E8D35D95ED81}.Ad-Hoc|x64.Deploy.0 = Release|x64
		{8F0106D4-8618-48CA-865B-E8D35D95ED81}.Ad-Hoc|x86.ActiveCfg = Release|x86
		{8F0106D4-8618-48CA-865B-E8D35D95ED81}.Ad-Hoc|x86.Build.0 = Release|x86
		{8F0106D4-8618-48CA-865B-E8D35D95ED81}.Ad-Hoc|x86.Deploy.0 = Release|x86
		{8F0106D4-8618-48CA-865B-E8D35D95ED81}.AppStore|Any CPU.ActiveCfg = Release|x86
		{8F0106D4-8618-48CA-865B-E8D35D95ED81}.AppStore|Any CPU.Build.0 = Release|x86
		{8F0106D4-8618-48CA-865B-E8D35D95ED81}.AppStore|Any CPU.Deploy.0 = Release|x86
		{8F0106D4-8618-48CA-865B-E8D35D95ED81}.AppStore|ARM.ActiveCfg = Release|ARM
		{8F0106D4-8618-48CA-865B-E8D35D95ED81}.AppStore|ARM.Build.0 = Release|ARM
		{8F0106D4-8618-48CA-865B-E8D35D95ED81}.AppStore|ARM.Deploy.0 = Release|ARM
		{8F0106D4-8618-48CA-865B-E8D35D95ED81}.AppStore|iPhone.ActiveCfg = Release|x86
		{8F0106D4-8618-48CA-865B-E8D35D95ED81}.AppStore|iPhone.Build.0 = Release|x86
		{8F0106D4-8618-48CA-865B-E8D35D95ED81}.AppStore|iPhone.Deploy.0 = Release|x86
		{8F0106D4-8618-48CA-865B-E8D35D95ED81}.AppStore|iPhoneSimulator.ActiveCfg = Release|x86
		{8F0106D4-8618-48CA-865B-E8D35D95ED81}.AppStore|iPhoneSimulator.Build.0 = Release|x86
		{8F0106D4-8618-48CA-865B-E8D35D95ED81}.AppStore|iPhoneSimulator.Deploy.0 = Release|x86
		{8F0106D4-8618-48CA-865B-E8D35D95ED81}.AppStore|x64.ActiveCfg = Release|x64
		{8F0106D4-8618-48CA-865B-E8D35D95ED81}.AppStore|x64.Build.0 = Release|x64
		{8F0106D4-8618-48CA-865B-E8D35D95ED81}.AppStore|x64.Deploy.0 = Release|x64
		{8F0106D4-8618-48CA-865B-E8D35D95ED81}.AppStore|x86.ActiveCfg = Release|x86
		{8F0106D4-8618-48CA-865B-E8D35D95ED81}.AppStore|x86.Build.0 = Release|x86
		{8F0106D4-8618-48CA-865B-E8D35D95ED81}.AppStore|x86.Deploy.0 = Release|x86
		{8F0106D4-8618-48CA-865B-E8D35D95ED81}.Debug|Any CPU.ActiveCfg = Debug|x86
		{8F0106D4-8618-48CA-865B-E8D35D95ED81}.Debug|ARM.ActiveCfg = Debug|ARM
		{8F0106D4-8618-48CA-865B-E8D35D95ED81}.Debug|ARM.Build.0 = Debug|ARM
		{8F0106D4-8618-48CA-865B-E8D35D95ED81}.Debug|ARM.Deploy.0 = Debug|ARM
		{8F0106D4-8618-48CA-865B-E8D35D95ED81}.Debug|iPhone.ActiveCfg = Debug|x86
		{8F0106D4-8618-48CA-865B-E8D35D95ED81}.Debug|iPhoneSimulator.ActiveCfg = Debug|x86
		{8F0106D4-8618-48CA-865B-E8D35D95ED81}.Debug|x64.ActiveCfg = Debug|x64
		{8F0106D4-8618-48CA-865B-E8D35D95ED81}.Debug|x64.Build.0 = Debug|x64
		{8F0106D4-8618-48CA-865B-E8D35D95ED81}.Debug|x64.Deploy.0 = Debug|x64
		{8F0106D4-8618-48CA-865B-E8D35D95ED81}.Debug|x86.ActiveCfg = Debug|x86
		{8F0106D4-8618-48CA-865B-E8D35D95ED81}.Debug|x86.Build.0 = Debug|x86
		{8F0106D4-8618-48CA-865B-E8D35D95ED81}.Debug|x86.Deploy.0 = Debug|x86
		{8F0106D4-8618-48CA-865B-E8D35D95ED81}.Release|Any CPU.ActiveCfg = Release|x86
		{8F0106D4-8618-48CA-865B-E8D35D95ED81}.Release|ARM.ActiveCfg = Release|ARM
		{8F0106D4-8618-48CA-865B-E8D35D95ED81}.Release|ARM.Build.0 = Release|ARM
		{8F0106D4-8618-48CA-865B-E8D35D95ED81}.Release|ARM.Deploy.0 = Release|ARM
		{8F0106D4-8618-48CA-865B-E8D35D95ED81}.Release|iPhone.ActiveCfg = Release|x86
		{8F0106D4-8618-48CA-865B-E8D35D95ED81}.Release|iPhoneSimulator.ActiveCfg = Release|x86
		{8F0106D4-8618-48CA-865B-E8D35D95ED81}.Release|x64.ActiveCfg = Release|x64
		{8F0106D4-8618-48CA-865B-E8D35D95ED81}.Release|x64.Build.0 = Release|x64
		{8F0106D4-8618-48CA-865B-E8D35D95ED81}.Release|x64.Deploy.0 = Release|x64
		{8F0106D4-8618-48CA-865B-E8D35D95ED81}.Release|x86.ActiveCfg = Release|x86
		{8F0106D4-8618-48CA-865B-E8D35D95ED81}.Release|x86.Build.0 = Release|x86
		{8F0106D4-8618-48CA-865B-E8D35D95ED81}.Release|x86.Deploy.0 = Release|x86
		{37D98DE8-520A-426A-993E-FD083075222B}.Ad-Hoc|Any CPU.ActiveCfg = Debug|Any CPU
		{37D98DE8-520A-426A-993E-FD083075222B}.Ad-Hoc|Any CPU.Build.0 = Debug|Any CPU
		{37D98DE8-520A-426A-993E-FD083075222B}.Ad-Hoc|ARM.ActiveCfg = Debug|Any CPU
		{37D98DE8-520A-426A-993E-FD083075222B}.Ad-Hoc|ARM.Build.0 = Debug|Any CPU
		{37D98DE8-520A-426A-993E-FD083075222B}.Ad-Hoc|iPhone.ActiveCfg = Debug|Any CPU
		{37D98DE8-520A-426A-993E-FD083075222B}.Ad-Hoc|iPhone.Build.0 = Debug|Any CPU
		{37D98DE8-520A-426A-993E-FD083075222B}.Ad-Hoc|iPhoneSimulator.ActiveCfg = Debug|Any CPU
		{37D98DE8-520A-426A-993E-FD083075222B}.Ad-Hoc|iPhoneSimulator.Build.0 = Debug|Any CPU
		{37D98DE8-520A-426A-993E-FD083075222B}.Ad-Hoc|x64.ActiveCfg = Debug|Any CPU
		{37D98DE8-520A-426A-993E-FD083075222B}.Ad-Hoc|x64.Build.0 = Debug|Any CPU
		{37D98DE8-520A-426A-993E-FD083075222B}.Ad-Hoc|x86.ActiveCfg = Debug|Any CPU
		{37D98DE8-520A-426A-993E-FD083075222B}.Ad-Hoc|x86.Build.0 = Debug|Any CPU
		{37D98DE8-520A-426A-993E-FD083075222B}.AppStore|Any CPU.ActiveCfg = Debug|Any CPU
		{37D98DE8-520A-426A-993E-FD083075222B}.AppStore|Any CPU.Build.0 = Debug|Any CPU
		{37D98DE8-520A-426A-993E-FD083075222B}.AppStore|ARM.ActiveCfg = Debug|Any CPU
		{37D98DE8-520A-426A-993E-FD083075222B}.AppStore|ARM.Build.0 = Debug|Any CPU
		{37D98DE8-520A-426A-993E-FD083075222B}.AppStore|iPhone.ActiveCfg = Debug|Any CPU
		{37D98DE8-520A-426A-993E-FD083075222B}.AppStore|iPhone.Build.0 = Debug|Any CPU
		{37D98DE8-520A-426A-993E-FD083075222B}.AppStore|iPhoneSimulator.ActiveCfg = Debug|Any CPU
		{37D98DE8-520A-426A-993E-FD083075222B}.AppStore|iPhoneSimulator.Build.0 = Debug|Any CPU
		{37D98DE8-520A-426A-993E-FD083075222B}.AppStore|x64.ActiveCfg = Debug|Any CPU
		{37D98DE8-520A-426A-993E-FD083075222B}.AppStore|x64.Build.0 = Debug|Any CPU
		{37D98DE8-520A-426A-993E-FD083075222B}.AppStore|x86.ActiveCfg = Debug|Any CPU
		{37D98DE8-520A-426A-993E-FD083075222B}.AppStore|x86.Build.0 = Debug|Any CPU
		{37D98DE8-520A-426A-993E-FD083075222B}.Debug|Any CPU.ActiveCfg = Debug|Any CPU
		{37D98DE8-520A-426A-993E-FD083075222B}.Debug|Any CPU.Build.0 = Debug|Any CPU
		{37D98DE8-520A-426A-993E-FD083075222B}.Debug|ARM.ActiveCfg = Debug|Any CPU
		{37D98DE8-520A-426A-993E-FD083075222B}.Debug|ARM.Build.0 = Debug|Any CPU
		{37D98DE8-520A-426A-993E-FD083075222B}.Debug|iPhone.ActiveCfg = Debug|Any CPU
		{37D98DE8-520A-426A-993E-FD083075222B}.Debug|iPhone.Build.0 = Debug|Any CPU
		{37D98DE8-520A-426A-993E-FD083075222B}.Debug|iPhoneSimulator.ActiveCfg = Debug|Any CPU
		{37D98DE8-520A-426A-993E-FD083075222B}.Debug|iPhoneSimulator.Build.0 = Debug|Any CPU
		{37D98DE8-520A-426A-993E-FD083075222B}.Debug|x64.ActiveCfg = Debug|Any CPU
		{37D98DE8-520A-426A-993E-FD083075222B}.Debug|x64.Build.0 = Debug|Any CPU
		{37D98DE8-520A-426A-993E-FD083075222B}.Debug|x86.ActiveCfg = Debug|Any CPU
		{37D98DE8-520A-426A-993E-FD083075222B}.Debug|x86.Build.0 = Debug|Any CPU
		{37D98DE8-520A-426A-993E-FD083075222B}.Release|Any CPU.ActiveCfg = Release|Any CPU
		{37D98DE8-520A-426A-993E-FD083075222B}.Release|Any CPU.Build.0 = Release|Any CPU
		{37D98DE8-520A-426A-993E-FD083075222B}.Release|ARM.ActiveCfg = Release|Any CPU
		{37D98DE8-520A-426A-993E-FD083075222B}.Release|ARM.Build.0 = Release|Any CPU
		{37D98DE8-520A-426A-993E-FD083075222B}.Release|iPhone.ActiveCfg = Release|Any CPU
		{37D98DE8-520A-426A-993E-FD083075222B}.Release|iPhone.Build.0 = Release|Any CPU
		{37D98DE8-520A-426A-993E-FD083075222B}.Release|iPhoneSimulator.ActiveCfg = Release|Any CPU
		{37D98DE8-520A-426A-993E-FD083075222B}.Release|iPhoneSimulator.Build.0 = Release|Any CPU
		{37D98DE8-520A-426A-993E-FD083075222B}.Release|x64.ActiveCfg = Release|Any CPU
		{37D98DE8-520A-426A-993E-FD083075222B}.Release|x64.Build.0 = Release|Any CPU
		{37D98DE8-520A-426A-993E-FD083075222B}.Release|x86.ActiveCfg = Release|Any CPU
		{37D98DE8-520A-426A-993E-FD083075222B}.Release|x86.Build.0 = Release|Any CPU
	EndGlobalSection
	GlobalSection(SolutionProperties) = preSolution
		HideSolutionNode = FALSE
	EndGlobalSection
	GlobalSection(NestedProjects) = preSolution
		{6B6A090F-28E4-40EE-836C-24B5D7ADEEFC} = {EC26F103-EBB8-4FA5-8B57-072181DE7AED}
		{75325E67-3F84-4B65-B504-023DFEE2CBC9} = {EC26F103-EBB8-4FA5-8B57-072181DE7AED}
		{64F94AA4-505F-4228-A23C-ECA6B7C7D120} = {EC26F103-EBB8-4FA5-8B57-072181DE7AED}
		{D0112AF3-7BEF-400D-8E8B-C3A7758EAD63} = {EC26F103-EBB8-4FA5-8B57-072181DE7AED}
		{1C4FA9C9-8455-468C-A288-EB085ED2E1A5} = {AF34A885-F722-4778-A884-6229CB935BF1}
		{CA042245-5A64-4CE8-B5E5-858C24BEA2CF} = {AACA45E6-BECC-42C4-95D9-8AAB032B97B8}
		{B4115537-9DBA-4BBA-A8EA-059903C60F90} = {AACA45E6-BECC-42C4-95D9-8AAB032B97B8}
		{E15F5D11-D26F-4965-B5A4-808119F1B98B} = {AACA45E6-BECC-42C4-95D9-8AAB032B97B8}
		{1ADAF0C9-E228-40C5-99F8-5BC31EEE3F37} = {AACA45E6-BECC-42C4-95D9-8AAB032B97B8}
		{5A05ECEB-0487-4DF0-8A75-A66C841763ED} = {23957335-5A6A-4F90-813B-73339525F98F}
		{62D47910-BCC0-461D-98EE-921938EDA4B8} = {23957335-5A6A-4F90-813B-73339525F98F}
		{970698AE-4EC7-40C9-B5CB-DE3E40DB5857} = {23957335-5A6A-4F90-813B-73339525F98F}
		{DF6EA9D8-C0B9-408E-A5B5-F7E97576FDA1} = {23957335-5A6A-4F90-813B-73339525F98F}
		{C49BFB4A-1A12-4A77-BB39-4D856E1D85F6} = {27B14786-8758-4410-A307-649348049FF6}
		{0B54684D-721C-42B4-AF28-FB966086582E} = {27B14786-8758-4410-A307-649348049FF6}
		{616EDD65-337D-40A0-9DAC-CC955073F0D5} = {27B14786-8758-4410-A307-649348049FF6}
		{B57BB106-979E-4D89-86CE-050308B7AE6C} = {27B14786-8758-4410-A307-649348049FF6}
		{1747695C-6F7E-4693-A399-AA2037D9CF96} = {74A281C7-4612-4E7E-8C3B-F0DEB254C481}
		{2CDD45EA-A995-419D-9607-D18DFBDAEF6D} = {74A281C7-4612-4E7E-8C3B-F0DEB254C481}
		{8F0106D4-8618-48CA-865B-E8D35D95ED81} = {74A281C7-4612-4E7E-8C3B-F0DEB254C481}
		{37D98DE8-520A-426A-993E-FD083075222B} = {74A281C7-4612-4E7E-8C3B-F0DEB254C481}
	EndGlobalSection
	GlobalSection(ExtensibilityGlobals) = postSolution
		SolutionGuid = {09DE6A41-0A3B-45FA-8D84-8246C988C1D4}
	EndGlobalSection
EndGlobal
